
Microsoft Visual Studio Solution File, Format Version 11.00
# Visual Studio 2010
Project("{F184B08F-C81C-45F6-A57F-5ABD9991F28F}") = "AdMIPex1", "AdMIPex1.vbproj", "{8B0D3A13-E941-4ECF-9ECE-C4E1462E08CB}"
EndProject
Project("{F184B08F-C81C-45F6-A57F-5ABD9991F28F}") = "AdMIPex2", "AdMIPex2.vbproj", "{E4853A8D-1F81-4E12-ACDC-5F735D96F2D3}"
EndProject
Project("{F184B08F-C81C-45F6-A57F-5ABD9991F28F}") = "AdMIPex3", "AdMIPex3.vbproj", "{B66E4999-789B-4145-9D81-DA8EE454AB86}"
EndProject
Project("{F184B08F-C81C-45F6-A57F-5ABD9991F28F}") = "AdMIPex4", "AdMIPex4.vbproj", "{09299A5C-C58B-4A41-8643-8113FBA7C102}"
EndProject
Project("{F184B08F-C81C-45F6-A57F-5ABD9991F28F}") = "AdMIPex5", "AdMIPex5.vbproj", "{A5FE2243-0BEC-4D1D-B4AD-BAC6E646E03B}"
EndProject
Project("{F184B08F-C81C-45F6-A57F-5ABD9991F28F}") = "AdMIPex6", "AdMIPex6.vbproj", "{1B912DB6-303C-4F5E-B4C4-D8C3DFB54FCD}"
EndProject
Project("{F184B08F-C81C-45F6-A57F-5ABD9991F28F}") = "Blend", "Blend.vbproj", "{D1B47825-3917-4742-904C-97083129FC46}"
EndProject
Project("{F184B08F-C81C-45F6-A57F-5ABD9991F28F}") = "CplexServer", "CplexServer.vbproj", "{BBDC1632-1420-4803-AC1D-4002CB1DE6FC}"
EndProject
Project("{F184B08F-C81C-45F6-A57F-5ABD9991F28F}") = "CutStock", "CutStock.vbproj", "{A03B3382-58BE-4896-9E4D-38E733A39D91}"
EndProject
Project("{F184B08F-C81C-45F6-A57F-5ABD9991F28F}") = "Diet", "Diet.vbproj", "{6537B87E-F37E-45B4-B943-8EEE79398501}"
EndProject
Project("{F184B08F-C81C-45F6-A57F-5ABD9991F28F}") = "Etsp", "Etsp.vbproj", "{D6B0A847-E830-482A-AB5E-D37533C3724E}"
EndProject
Project("{F184B08F-C81C-45F6-A57F-5ABD9991F28F}") = "Facility", "Facility.vbproj", "{F54CBB16-6DC2-4799-90FD-015D5CBF68D1}"
EndProject
Project("{F184B08F-C81C-45F6-A57F-5ABD9991F28F}") = "FixCost1", "FixCost1.vbproj", "{D77FA08A-37E5-4CE4-966E-B1F5B68E52B4}"
EndProject
Project("{F184B08F-C81C-45F6-A57F-5ABD9991F28F}") = "FoodManufact", "FoodManufact.vbproj", "{B8332431-2320-48F7-AB2C-9943794B32DC}"
EndProject
Project("{F184B08F-C81C-45F6-A57F-5ABD9991F28F}") = "Goalex1", "Goalex1.vbproj", "{3C12B2AC-F1FF-450C-8B57-BB067A65FB67}"
EndProject
Project("{F184B08F-C81C-45F6-A57F-5ABD9991F28F}") = "Goalex2", "Goalex2.vbproj", "{E4744BEF-FDB4-4F56-B55A-D3914146BA49}"
EndProject
Project("{F184B08F-C81C-45F6-A57F-5ABD9991F28F}") = "Goalex3", "Goalex3.vbproj", "{0F95AA78-1934-4003-B14D-0837CC29B9EC}"
EndProject
Project("{F184B08F-C81C-45F6-A57F-5ABD9991F28F}") = "InOut1", "InOut1.vbproj", "{F3A31C53-FEA4-4923-B4BA-91952DAF5B9A}"
EndProject
Project("{F184B08F-C81C-45F6-A57F-5ABD9991F28F}") = "InOut3", "InOut3.vbproj", "{330E0300-C6A8-486B-AB8B-56F9AE480BFB}"
EndProject
Project("{F184B08F-C81C-45F6-A57F-5ABD9991F28F}") = "LPex1", "LPex1.vbproj", "{232D3E19-927F-4D02-8210-927D2C3D40C2}"
EndProject
Project("{F184B08F-C81C-45F6-A57F-5ABD9991F28F}") = "LPex2", "LPex2.vbproj", "{778039C7-5DA7-47CC-AD64-7BFAAF1EEF3D}"
EndProject
Project("{F184B08F-C81C-45F6-A57F-5ABD9991F28F}") = "LPex3", "LPex3.vbproj", "{F3705F1C-4BFB-4BE4-80BD-25AC3F2AF4D5}"
EndProject
Project("{F184B08F-C81C-45F6-A57F-5ABD9991F28F}") = "LPex4", "LPex4.vbproj", "{42B7B193-33E6-4A3A-832A-88BFBE9567C6}"
EndProject
Project("{F184B08F-C81C-45F6-A57F-5ABD9991F28F}") = "LPex6", "LPex6.vbproj", "{6C6BAD68-B7B7-40D9-998B-450AE4B05360}"
EndProject
Project("{F184B08F-C81C-45F6-A57F-5ABD9991F28F}") = "LPex7", "LPex7.vbproj", "{B705ACD9-AEE4-4BBF-A754-D8E45EF541A8}"
EndProject
Project("{F184B08F-C81C-45F6-A57F-5ABD9991F28F}") = "MIPex1", "MIPex1.vbproj", "{BC46FAA0-14D7-40BF-B6B6-CA7A4A82C0E7}"
EndProject
Project("{F184B08F-C81C-45F6-A57F-5ABD9991F28F}") = "MIPex2", "MIPex2.vbproj", "{9A4E1BBF-401F-4D5C-A37A-0068913E0E4C}"
EndProject
Project("{F184B08F-C81C-45F6-A57F-5ABD9991F28F}") = "MIPex3", "MIPex3.vbproj", "{C9CC6F80-950A-4B3A-B198-E0DF38A4D59D}"
EndProject
Project("{F184B08F-C81C-45F6-A57F-5ABD9991F28F}") = "MIPex4", "MIPex4.vbproj", "{F82AB380-4D0E-43ED-9692-4978B24A1573}"
EndProject
Project("{F184B08F-C81C-45F6-A57F-5ABD9991F28F}") = "MIQPex1", "MIQPex1.vbproj", "{0C6112E4-701C-45E5-B568-ABEA5D348E38}"
EndProject
Project("{F184B08F-C81C-45F6-A57F-5ABD9991F28F}") = "MixBlend", "MixBlend.vbproj", "{934AF0A7-502B-4303-9530-2F83268D0682}"
EndProject
Project("{F184B08F-C81C-45F6-A57F-5ABD9991F28F}") = "Populate", "Populate.vbproj", "{0CE87E93-6592-4508-96A0-9E4CAE62585B}"
EndProject
Project("{F184B08F-C81C-45F6-A57F-5ABD9991F28F}") = "QCPex1", "QCPex1.vbproj", "{00DB6454-3AB3-4C30-899C-2E3592B19DA1}"
EndProject
Project("{F184B08F-C81C-45F6-A57F-5ABD9991F28F}") = "QPex1", "QPex1.vbproj", "{17D07663-E864-4B69-BB24-B0D426E565AF}"
EndProject
Project("{F184B08F-C81C-45F6-A57F-5ABD9991F28F}") = "QPex2", "QPex2.vbproj", "{02B2A7FA-01DA-454C-BDF3-D8637FD4A69D}"
EndProject
Project("{F184B08F-C81C-45F6-A57F-5ABD9991F28F}") = "Rates", "Rates.vbproj", "{D2BC0FE0-C4BB-4C5E-A085-727DD9926FB7}"
EndProject
Project("{F184B08F-C81C-45F6-A57F-5ABD9991F28F}") = "Steel", "Steel.vbproj", "{089C98E2-549E-4229-8D98-268F085A6489}"
EndProject
Project("{F184B08F-C81C-45F6-A57F-5ABD9991F28F}") = "Transport", "Transport.vbproj", "{CB8F78FF-B8A2-4B75-B800-0AB1ACF1DF6B}"
EndProject
Project("{F184B08F-C81C-45F6-A57F-5ABD9991F28F}") = "TuneSet", "TuneSet.vbproj", "{2BAB61BB-9369-4C3D-B527-CF7DDBBE52AE}"
EndProject
Project("{F184B08F-C81C-45F6-A57F-5ABD9991F28F}") = "Warehouse", "Warehouse.vbproj", "{E6E5D4E3-E03A-4959-96AE-4392CD85FED5}"
EndProject
Project("{F184B08F-C81C-45F6-A57F-5ABD9991F28F}") = "IndefQPex1", "IndefQPex1.vbproj", "{3AF0847E-D28F-41B5-9DAD-6D0D9CA644C2}"
EndProject
Project("{F184B08F-C81C-45F6-A57F-5ABD9991F28F}") = "BendersATSP", "BendersATSP.vbproj", "{9C609560-E543-4E71-9173-3140F897FAF6}"
EndProject
Project("{F184B08F-C81C-45F6-A57F-5ABD9991F28F}") = "QPex3", "QPex3.vbproj", "{76F766F5-427E-451B-9292-C6D8496F151F}"
EndProject
Project("{F184B08F-C81C-45F6-A57F-5ABD9991F28F}") = "SocpEx1", "SocpEx1.vbproj", "{3702D138-5357-44A3-A6B0-AC43167C4346}"
EndProject
Project("{F184B08F-C81C-45F6-A57F-5ABD9991F28F}") = "GlobalQPex1", "GlobalQPex1.vbproj", "{5B484150-1E7F-43FF-A069-928818D53822}"
EndProject
Global
	GlobalSection(SolutionConfigurationPlatforms) = preSolution
		Debug|Any CPU = Debug|Any CPU
		Release|Any CPU = Release|Any CPU
	EndGlobalSection
	GlobalSection(ProjectConfigurationPlatforms) = postSolution
		{8B0D3A13-E941-4ECF-9ECE-C4E1462E08CB}.Debug|Any CPU.ActiveCfg = Debug|Any CPU
		{8B0D3A13-E941-4ECF-9ECE-C4E1462E08CB}.Debug|Any CPU.Build.0 = Debug|Any CPU
		{8B0D3A13-E941-4ECF-9ECE-C4E1462E08CB}.Release|Any CPU.ActiveCfg = Release|Any CPU
		{8B0D3A13-E941-4ECF-9ECE-C4E1462E08CB}.Release|Any CPU.Build.0 = Release|Any CPU
		{E4853A8D-1F81-4E12-ACDC-5F735D96F2D3}.Debug|Any CPU.ActiveCfg = Debug|Any CPU
		{E4853A8D-1F81-4E12-ACDC-5F735D96F2D3}.Debug|Any CPU.Build.0 = Debug|Any CPU
		{E4853A8D-1F81-4E12-ACDC-5F735D96F2D3}.Release|Any CPU.ActiveCfg = Release|Any CPU
		{E4853A8D-1F81-4E12-ACDC-5F735D96F2D3}.Release|Any CPU.Build.0 = Release|Any CPU
		{B66E4999-789B-4145-9D81-DA8EE454AB86}.Debug|Any CPU.ActiveCfg = Debug|Any CPU
		{B66E4999-789B-4145-9D81-DA8EE454AB86}.Debug|Any CPU.Build.0 = Debug|Any CPU
		{B66E4999-789B-4145-9D81-DA8EE454AB86}.Release|Any CPU.ActiveCfg = Release|Any CPU
		{B66E4999-789B-4145-9D81-DA8EE454AB86}.Release|Any CPU.Build.0 = Release|Any CPU
		{09299A5C-C58B-4A41-8643-8113FBA7C102}.Debug|Any CPU.ActiveCfg = Debug|Any CPU
		{09299A5C-C58B-4A41-8643-8113FBA7C102}.Debug|Any CPU.Build.0 = Debug|Any CPU
		{09299A5C-C58B-4A41-8643-8113FBA7C102}.Release|Any CPU.ActiveCfg = Release|Any CPU
		{09299A5C-C58B-4A41-8643-8113FBA7C102}.Release|Any CPU.Build.0 = Release|Any CPU
		{A5FE2243-0BEC-4D1D-B4AD-BAC6E646E03B}.Debug|Any CPU.ActiveCfg = Debug|Any CPU
		{A5FE2243-0BEC-4D1D-B4AD-BAC6E646E03B}.Debug|Any CPU.Build.0 = Debug|Any CPU
		{A5FE2243-0BEC-4D1D-B4AD-BAC6E646E03B}.Release|Any CPU.ActiveCfg = Release|Any CPU
		{A5FE2243-0BEC-4D1D-B4AD-BAC6E646E03B}.Release|Any CPU.Build.0 = Release|Any CPU
		{1B912DB6-303C-4F5E-B4C4-D8C3DFB54FCD}.Debug|Any CPU.ActiveCfg = Debug|Any CPU
		{1B912DB6-303C-4F5E-B4C4-D8C3DFB54FCD}.Debug|Any CPU.Build.0 = Debug|Any CPU
		{1B912DB6-303C-4F5E-B4C4-D8C3DFB54FCD}.Release|Any CPU.ActiveCfg = Release|Any CPU
		{1B912DB6-303C-4F5E-B4C4-D8C3DFB54FCD}.Release|Any CPU.Build.0 = Release|Any CPU
		{D1B47825-3917-4742-904C-97083129FC46}.Debug|Any CPU.ActiveCfg = Debug|Any CPU
		{D1B47825-3917-4742-904C-97083129FC46}.Debug|Any CPU.Build.0 = Debug|Any CPU
		{D1B47825-3917-4742-904C-97083129FC46}.Release|Any CPU.ActiveCfg = Release|Any CPU
		{D1B47825-3917-4742-904C-97083129FC46}.Release|Any CPU.Build.0 = Release|Any CPU
		{BBDC1632-1420-4803-AC1D-4002CB1DE6FC}.Debug|Any CPU.ActiveCfg = Debug|Any CPU
		{BBDC1632-1420-4803-AC1D-4002CB1DE6FC}.Debug|Any CPU.Build.0 = Debug|Any CPU
		{BBDC1632-1420-4803-AC1D-4002CB1DE6FC}.Release|Any CPU.ActiveCfg = Release|Any CPU
		{BBDC1632-1420-4803-AC1D-4002CB1DE6FC}.Release|Any CPU.Build.0 = Release|Any CPU
		{A03B3382-58BE-4896-9E4D-38E733A39D91}.Debug|Any CPU.ActiveCfg = Debug|Any CPU
		{A03B3382-58BE-4896-9E4D-38E733A39D91}.Debug|Any CPU.Build.0 = Debug|Any CPU
		{A03B3382-58BE-4896-9E4D-38E733A39D91}.Release|Any CPU.ActiveCfg = Release|Any CPU
		{A03B3382-58BE-4896-9E4D-38E733A39D91}.Release|Any CPU.Build.0 = Release|Any CPU
		{6537B87E-F37E-45B4-B943-8EEE79398501}.Debug|Any CPU.ActiveCfg = Debug|Any CPU
		{6537B87E-F37E-45B4-B943-8EEE79398501}.Debug|Any CPU.Build.0 = Debug|Any CPU
		{6537B87E-F37E-45B4-B943-8EEE79398501}.Release|Any CPU.ActiveCfg = Release|Any CPU
		{6537B87E-F37E-45B4-B943-8EEE79398501}.Release|Any CPU.Build.0 = Release|Any CPU
		{D6B0A847-E830-482A-AB5E-D37533C3724E}.Debug|Any CPU.ActiveCfg = Debug|Any CPU
		{D6B0A847-E830-482A-AB5E-D37533C3724E}.Debug|Any CPU.Build.0 = Debug|Any CPU
		{D6B0A847-E830-482A-AB5E-D37533C3724E}.Release|Any CPU.ActiveCfg = Release|Any CPU
		{D6B0A847-E830-482A-AB5E-D37533C3724E}.Release|Any CPU.Build.0 = Release|Any CPU
		{F54CBB16-6DC2-4799-90FD-015D5CBF68D1}.Debug|Any CPU.ActiveCfg = Debug|Any CPU
		{F54CBB16-6DC2-4799-90FD-015D5CBF68D1}.Debug|Any CPU.Build.0 = Debug|Any CPU
		{F54CBB16-6DC2-4799-90FD-015D5CBF68D1}.Release|Any CPU.ActiveCfg = Release|Any CPU
		{F54CBB16-6DC2-4799-90FD-015D5CBF68D1}.Release|Any CPU.Build.0 = Release|Any CPU
		{D77FA08A-37E5-4CE4-966E-B1F5B68E52B4}.Debug|Any CPU.ActiveCfg = Debug|Any CPU
		{D77FA08A-37E5-4CE4-966E-B1F5B68E52B4}.Debug|Any CPU.Build.0 = Debug|Any CPU
		{D77FA08A-37E5-4CE4-966E-B1F5B68E52B4}.Release|Any CPU.ActiveCfg = Release|Any CPU
		{D77FA08A-37E5-4CE4-966E-B1F5B68E52B4}.Release|Any CPU.Build.0 = Release|Any CPU
		{B8332431-2320-48F7-AB2C-9943794B32DC}.Debug|Any CPU.ActiveCfg = Debug|Any CPU
		{B8332431-2320-48F7-AB2C-9943794B32DC}.Debug|Any CPU.Build.0 = Debug|Any CPU
		{B8332431-2320-48F7-AB2C-9943794B32DC}.Release|Any CPU.ActiveCfg = Release|Any CPU
		{B8332431-2320-48F7-AB2C-9943794B32DC}.Release|Any CPU.Build.0 = Release|Any CPU
		{3C12B2AC-F1FF-450C-8B57-BB067A65FB67}.Debug|Any CPU.ActiveCfg = Debug|Any CPU
		{3C12B2AC-F1FF-450C-8B57-BB067A65FB67}.Debug|Any CPU.Build.0 = Debug|Any CPU
		{3C12B2AC-F1FF-450C-8B57-BB067A65FB67}.Release|Any CPU.ActiveCfg = Release|Any CPU
		{3C12B2AC-F1FF-450C-8B57-BB067A65FB67}.Release|Any CPU.Build.0 = Release|Any CPU
		{E4744BEF-FDB4-4F56-B55A-D3914146BA49}.Debug|Any CPU.ActiveCfg = Debug|Any CPU
		{E4744BEF-FDB4-4F56-B55A-D3914146BA49}.Debug|Any CPU.Build.0 = Debug|Any CPU
		{E4744BEF-FDB4-4F56-B55A-D3914146BA49}.Release|Any CPU.ActiveCfg = Release|Any CPU
		{E4744BEF-FDB4-4F56-B55A-D3914146BA49}.Release|Any CPU.Build.0 = Release|Any CPU
		{0F95AA78-1934-4003-B14D-0837CC29B9EC}.Debug|Any CPU.ActiveCfg = Debug|Any CPU
		{0F95AA78-1934-4003-B14D-0837CC29B9EC}.Debug|Any CPU.Build.0 = Debug|Any CPU
		{0F95AA78-1934-4003-B14D-0837CC29B9EC}.Release|Any CPU.ActiveCfg = Release|Any CPU
		{0F95AA78-1934-4003-B14D-0837CC29B9EC}.Release|Any CPU.Build.0 = Release|Any CPU
		{F3A31C53-FEA4-4923-B4BA-91952DAF5B9A}.Debug|Any CPU.ActiveCfg = Debug|Any CPU
		{F3A31C53-FEA4-4923-B4BA-91952DAF5B9A}.Debug|Any CPU.Build.0 = Debug|Any CPU
		{F3A31C53-FEA4-4923-B4BA-91952DAF5B9A}.Release|Any CPU.ActiveCfg = Release|Any CPU
		{F3A31C53-FEA4-4923-B4BA-91952DAF5B9A}.Release|Any CPU.Build.0 = Release|Any CPU
		{330E0300-C6A8-486B-AB8B-56F9AE480BFB}.Debug|Any CPU.ActiveCfg = Debug|Any CPU
		{330E0300-C6A8-486B-AB8B-56F9AE480BFB}.Debug|Any CPU.Build.0 = Debug|Any CPU
		{330E0300-C6A8-486B-AB8B-56F9AE480BFB}.Release|Any CPU.ActiveCfg = Release|Any CPU
		{330E0300-C6A8-486B-AB8B-56F9AE480BFB}.Release|Any CPU.Build.0 = Release|Any CPU
		{232D3E19-927F-4D02-8210-927D2C3D40C2}.Debug|Any CPU.ActiveCfg = Debug|Any CPU
		{232D3E19-927F-4D02-8210-927D2C3D40C2}.Debug|Any CPU.Build.0 = Debug|Any CPU
		{232D3E19-927F-4D02-8210-927D2C3D40C2}.Release|Any CPU.ActiveCfg = Release|Any CPU
		{232D3E19-927F-4D02-8210-927D2C3D40C2}.Release|Any CPU.Build.0 = Release|Any CPU
		{778039C7-5DA7-47CC-AD64-7BFAAF1EEF3D}.Debug|Any CPU.ActiveCfg = Debug|Any CPU
		{778039C7-5DA7-47CC-AD64-7BFAAF1EEF3D}.Debug|Any CPU.Build.0 = Debug|Any CPU
		{778039C7-5DA7-47CC-AD64-7BFAAF1EEF3D}.Release|Any CPU.ActiveCfg = Release|Any CPU
		{778039C7-5DA7-47CC-AD64-7BFAAF1EEF3D}.Release|Any CPU.Build.0 = Release|Any CPU
		{F3705F1C-4BFB-4BE4-80BD-25AC3F2AF4D5}.Debug|Any CPU.ActiveCfg = Debug|Any CPU
		{F3705F1C-4BFB-4BE4-80BD-25AC3F2AF4D5}.Debug|Any CPU.Build.0 = Debug|Any CPU
		{F3705F1C-4BFB-4BE4-80BD-25AC3F2AF4D5}.Release|Any CPU.ActiveCfg = Release|Any CPU
		{F3705F1C-4BFB-4BE4-80BD-25AC3F2AF4D5}.Release|Any CPU.Build.0 = Release|Any CPU
		{42B7B193-33E6-4A3A-832A-88BFBE9567C6}.Debug|Any CPU.ActiveCfg = Debug|Any CPU
		{42B7B193-33E6-4A3A-832A-88BFBE9567C6}.Debug|Any CPU.Build.0 = Debug|Any CPU
		{42B7B193-33E6-4A3A-832A-88BFBE9567C6}.Release|Any CPU.ActiveCfg = Release|Any CPU
		{42B7B193-33E6-4A3A-832A-88BFBE9567C6}.Release|Any CPU.Build.0 = Release|Any CPU
		{6C6BAD68-B7B7-40D9-998B-450AE4B05360}.Debug|Any CPU.ActiveCfg = Debug|Any CPU
		{6C6BAD68-B7B7-40D9-998B-450AE4B05360}.Debug|Any CPU.Build.0 = Debug|Any CPU
		{6C6BAD68-B7B7-40D9-998B-450AE4B05360}.Release|Any CPU.ActiveCfg = Release|Any CPU
		{6C6BAD68-B7B7-40D9-998B-450AE4B05360}.Release|Any CPU.Build.0 = Release|Any CPU
		{B705ACD9-AEE4-4BBF-A754-D8E45EF541A8}.Debug|Any CPU.ActiveCfg = Debug|Any CPU
		{B705ACD9-AEE4-4BBF-A754-D8E45EF541A8}.Debug|Any CPU.Build.0 = Debug|Any CPU
		{B705ACD9-AEE4-4BBF-A754-D8E45EF541A8}.Release|Any CPU.ActiveCfg = Release|Any CPU
		{B705ACD9-AEE4-4BBF-A754-D8E45EF541A8}.Release|Any CPU.Build.0 = Release|Any CPU
		{BC46FAA0-14D7-40BF-B6B6-CA7A4A82C0E7}.Debug|Any CPU.ActiveCfg = Debug|Any CPU
		{BC46FAA0-14D7-40BF-B6B6-CA7A4A82C0E7}.Debug|Any CPU.Build.0 = Debug|Any CPU
		{BC46FAA0-14D7-40BF-B6B6-CA7A4A82C0E7}.Release|Any CPU.ActiveCfg = Release|Any CPU
		{BC46FAA0-14D7-40BF-B6B6-CA7A4A82C0E7}.Release|Any CPU.Build.0 = Release|Any CPU
		{9A4E1BBF-401F-4D5C-A37A-0068913E0E4C}.Debug|Any CPU.ActiveCfg = Debug|Any CPU
		{9A4E1BBF-401F-4D5C-A37A-0068913E0E4C}.Debug|Any CPU.Build.0 = Debug|Any CPU
		{9A4E1BBF-401F-4D5C-A37A-0068913E0E4C}.Release|Any CPU.ActiveCfg = Release|Any CPU
		{9A4E1BBF-401F-4D5C-A37A-0068913E0E4C}.Release|Any CPU.Build.0 = Release|Any CPU
		{C9CC6F80-950A-4B3A-B198-E0DF38A4D59D}.Debug|Any CPU.ActiveCfg = Debug|Any CPU
		{C9CC6F80-950A-4B3A-B198-E0DF38A4D59D}.Debug|Any CPU.Build.0 = Debug|Any CPU
		{C9CC6F80-950A-4B3A-B198-E0DF38A4D59D}.Release|Any CPU.ActiveCfg = Release|Any CPU
		{C9CC6F80-950A-4B3A-B198-E0DF38A4D59D}.Release|Any CPU.Build.0 = Release|Any CPU
		{F82AB380-4D0E-43ED-9692-4978B24A1573}.Debug|Any CPU.ActiveCfg = Debug|Any CPU
		{F82AB380-4D0E-43ED-9692-4978B24A1573}.Debug|Any CPU.Build.0 = Debug|Any CPU
		{F82AB380-4D0E-43ED-9692-4978B24A1573}.Release|Any CPU.ActiveCfg = Release|Any CPU
		{F82AB380-4D0E-43ED-9692-4978B24A1573}.Release|Any CPU.Build.0 = Release|Any CPU
		{0C6112E4-701C-45E5-B568-ABEA5D348E38}.Debug|Any CPU.ActiveCfg = Debug|Any CPU
		{0C6112E4-701C-45E5-B568-ABEA5D348E38}.Debug|Any CPU.Build.0 = Debug|Any CPU
		{0C6112E4-701C-45E5-B568-ABEA5D348E38}.Release|Any CPU.ActiveCfg = Release|Any CPU
		{0C6112E4-701C-45E5-B568-ABEA5D348E38}.Release|Any CPU.Build.0 = Release|Any CPU
		{934AF0A7-502B-4303-9530-2F83268D0682}.Debug|Any CPU.ActiveCfg = Debug|Any CPU
		{934AF0A7-502B-4303-9530-2F83268D0682}.Debug|Any CPU.Build.0 = Debug|Any CPU
		{934AF0A7-502B-4303-9530-2F83268D0682}.Release|Any CPU.ActiveCfg = Release|Any CPU
		{934AF0A7-502B-4303-9530-2F83268D0682}.Release|Any CPU.Build.0 = Release|Any CPU
		{0CE87E93-6592-4508-96A0-9E4CAE62585B}.Debug|Any CPU.ActiveCfg = Debug|Any CPU
		{0CE87E93-6592-4508-96A0-9E4CAE62585B}.Debug|Any CPU.Build.0 = Debug|Any CPU
		{0CE87E93-6592-4508-96A0-9E4CAE62585B}.Release|Any CPU.ActiveCfg = Release|Any CPU
		{0CE87E93-6592-4508-96A0-9E4CAE62585B}.Release|Any CPU.Build.0 = Release|Any CPU
		{00DB6454-3AB3-4C30-899C-2E3592B19DA1}.Debug|Any CPU.ActiveCfg = Debug|Any CPU
		{00DB6454-3AB3-4C30-899C-2E3592B19DA1}.Debug|Any CPU.Build.0 = Debug|Any CPU
		{00DB6454-3AB3-4C30-899C-2E3592B19DA1}.Release|Any CPU.ActiveCfg = Release|Any CPU
		{00DB6454-3AB3-4C30-899C-2E3592B19DA1}.Release|Any CPU.Build.0 = Release|Any CPU
		{17D07663-E864-4B69-BB24-B0D426E565AF}.Debug|Any CPU.ActiveCfg = Debug|Any CPU
		{17D07663-E864-4B69-BB24-B0D426E565AF}.Debug|Any CPU.Build.0 = Debug|Any CPU
		{17D07663-E864-4B69-BB24-B0D426E565AF}.Release|Any CPU.ActiveCfg = Release|Any CPU
		{17D07663-E864-4B69-BB24-B0D426E565AF}.Release|Any CPU.Build.0 = Release|Any CPU
		{02B2A7FA-01DA-454C-BDF3-D8637FD4A69D}.Debug|Any CPU.ActiveCfg = Debug|Any CPU
		{02B2A7FA-01DA-454C-BDF3-D8637FD4A69D}.Debug|Any CPU.Build.0 = Debug|Any CPU
		{02B2A7FA-01DA-454C-BDF3-D8637FD4A69D}.Release|Any CPU.ActiveCfg = Release|Any CPU
		{02B2A7FA-01DA-454C-BDF3-D8637FD4A69D}.Release|Any CPU.Build.0 = Release|Any CPU
		{D2BC0FE0-C4BB-4C5E-A085-727DD9926FB7}.Debug|Any CPU.ActiveCfg = Debug|Any CPU
		{D2BC0FE0-C4BB-4C5E-A085-727DD9926FB7}.Debug|Any CPU.Build.0 = Debug|Any CPU
		{D2BC0FE0-C4BB-4C5E-A085-727DD9926FB7}.Release|Any CPU.ActiveCfg = Release|Any CPU
		{D2BC0FE0-C4BB-4C5E-A085-727DD9926FB7}.Release|Any CPU.Build.0 = Release|Any CPU
		{089C98E2-549E-4229-8D98-268F085A6489}.Debug|Any CPU.ActiveCfg = Debug|Any CPU
		{089C98E2-549E-4229-8D98-268F085A6489}.Debug|Any CPU.Build.0 = Debug|Any CPU
		{089C98E2-549E-4229-8D98-268F085A6489}.Release|Any CPU.ActiveCfg = Release|Any CPU
		{089C98E2-549E-4229-8D98-268F085A6489}.Release|Any CPU.Build.0 = Release|Any CPU
		{CB8F78FF-B8A2-4B75-B800-0AB1ACF1DF6B}.Debug|Any CPU.ActiveCfg = Debug|Any CPU
		{CB8F78FF-B8A2-4B75-B800-0AB1ACF1DF6B}.Debug|Any CPU.Build.0 = Debug|Any CPU
		{CB8F78FF-B8A2-4B75-B800-0AB1ACF1DF6B}.Release|Any CPU.ActiveCfg = Release|Any CPU
		{CB8F78FF-B8A2-4B75-B800-0AB1ACF1DF6B}.Release|Any CPU.Build.0 = Release|Any CPU
		{2BAB61BB-9369-4C3D-B527-CF7DDBBE52AE}.Debug|Any CPU.ActiveCfg = Debug|Any CPU
		{2BAB61BB-9369-4C3D-B527-CF7DDBBE52AE}.Debug|Any CPU.Build.0 = Debug|Any CPU
		{2BAB61BB-9369-4C3D-B527-CF7DDBBE52AE}.Release|Any CPU.ActiveCfg = Release|Any CPU
		{2BAB61BB-9369-4C3D-B527-CF7DDBBE52AE}.Release|Any CPU.Build.0 = Release|Any CPU
		{E6E5D4E3-E03A-4959-96AE-4392CD85FED5}.Debug|Any CPU.ActiveCfg = Debug|Any CPU
		{E6E5D4E3-E03A-4959-96AE-4392CD85FED5}.Debug|Any CPU.Build.0 = Debug|Any CPU
		{E6E5D4E3-E03A-4959-96AE-4392CD85FED5}.Release|Any CPU.ActiveCfg = Release|Any CPU
		{E6E5D4E3-E03A-4959-96AE-4392CD85FED5}.Release|Any CPU.Build.0 = Release|Any CPU
		{3AF0847E-D28F-41B5-9DAD-6D0D9CA644C2}.Debug|Any CPU.ActiveCfg = Debug|Any CPU
		{3AF0847E-D28F-41B5-9DAD-6D0D9CA644C2}.Debug|Any CPU.Build.0 = Debug|Any CPU
		{3AF0847E-D28F-41B5-9DAD-6D0D9CA644C2}.Release|Any CPU.ActiveCfg = Release|Any CPU
		{3AF0847E-D28F-41B5-9DAD-6D0D9CA644C2}.Release|Any CPU.Build.0 = Release|Any CPU
		{9C609560-E543-4E71-9173-3140F897FAF6}.Debug|Any CPU.ActiveCfg = Debug|Any CPU
		{9C609560-E543-4E71-9173-3140F897FAF6}.Debug|Any CPU.Build.0 = Debug|Any CPU
		{9C609560-E543-4E71-9173-3140F897FAF6}.Release|Any CPU.ActiveCfg = Release|Any CPU
		{9C609560-E543-4E71-9173-3140F897FAF6}.Release|Any CPU.Build.0 = Release|Any CPU
		{76F766F5-427E-451B-9292-C6D8496F151F}.Debug|Any CPU.ActiveCfg = Debug|Any CPU
		{76F766F5-427E-451B-9292-C6D8496F151F}.Debug|Any CPU.Build.0 = Debug|Any CPU
		{76F766F5-427E-451B-9292-C6D8496F151F}.Release|Any CPU.ActiveCfg = Release|Any CPU
		{76F766F5-427E-451B-9292-C6D8496F151F}.Release|Any CPU.Build.0 = Release|Any CPU
		{3702D138-5357-44A3-A6B0-AC43167C4346}.Debug|Any CPU.ActiveCfg = Debug|Any CPU
		{3702D138-5357-44A3-A6B0-AC43167C4346}.Debug|Any CPU.Build.0 = Debug|Any CPU
		{3702D138-5357-44A3-A6B0-AC43167C4346}.Release|Any CPU.ActiveCfg = Release|Any CPU
		{3702D138-5357-44A3-A6B0-AC43167C4346}.Release|Any CPU.Build.0 = Release|Any CPU
		{5B484150-1E7F-43FF-A069-928818D53822}.Debug|Any CPU.ActiveCfg = Debug|Any CPU
		{5B484150-1E7F-43FF-A069-928818D53822}.Debug|Any CPU.Build.0 = Debug|Any CPU
		{5B484150-1E7F-43FF-A069-928818D53822}.Release|Any CPU.ActiveCfg = Release|Any CPU
		{5B484150-1E7F-43FF-A069-928818D53822}.Release|Any CPU.Build.0 = Release|Any CPU
	EndGlobalSection
	GlobalSection(SolutionProperties) = preSolution
		HideSolutionNode = FALSE
	EndGlobalSection
EndGlobal
