
Microsoft Visual Studio Solution File, Format Version 11.00
# Visual Studio 2010
Project("{8BC9CEB8-8B4A-11D0-8D11-00A0C91BC942}") = "xdistmipex1", "xdistmipex1.vcxproj", "{EB80C735-766C-4AF7-A61F-C7D7C9BEAB9E}"
EndProject
Project("{8BC9CEB8-8B4A-11D0-8D11-00A0C91BC942}") = "xdistmipex1.tcpip", "xdistmipex1.tcpip.vcxproj", "{22617C1D-E8DD-4A9A-9157-76B7DF1A1E9A}"
EndProject
Project("{8BC9CEB8-8B4A-11D0-8D11-00A0C91BC942}") = "xdistmipex2", "xdistmipex2.vcxproj", "{4AC1EF57-9FBD-4BD7-AC14-1D175A67DEC7}"
EndProject
Project("{8BC9CEB8-8B4A-11D0-8D11-00A0C91BC942}") = "xdistmipex2.tcpip", "xdistmipex2.tcpip.vcxproj", "{679490C8-6429-43F2-A552-34827EC19BC4}"
EndProject
Project("{8BC9CEB8-8B4A-11D0-8D11-00A0C91BC942}") = "ilodistmipex1", "ilodistmipex1.vcxproj", "{DF85000B-6D1C-4428-8100-C3DC0B28E98F}"
EndProject
Project("{8BC9CEB8-8B4A-11D0-8D11-00A0C91BC942}") = "ilodistmipex1.tcpip", "ilodistmipex1.tcpip.vcxproj", "{996C6404-BD57-46A1-9153-6480C2EF7101}"
EndProject
Project("{8BC9CEB8-8B4A-11D0-8D11-00A0C91BC942}") = "ilodistmipex2", "ilodistmipex2.vcxproj", "{22E932B2-BECD-4C5A-BBF4-2CAAD18328E2}"
EndProject
Project("{8BC9CEB8-8B4A-11D0-8D11-00A0C91BC942}") = "ilodistmipex2.tcpip", "ilodistmipex2.tcpip.vcxproj", "{A9F3C425-33F2-4B48-A800-37E831DED375}"
EndProject
Global
	GlobalSection(SolutionConfigurationPlatforms) = preSolution
		Debug|x64 = Debug|x64
		Release|x64 = Release|x64
	EndGlobalSection
	GlobalSection(ProjectConfigurationPlatforms) = postSolution
		{EB80C735-766C-4AF7-A61F-C7D7C9BEAB9E}.Debug|x64.ActiveCfg = Debug|x64
		{EB80C735-766C-4AF7-A61F-C7D7C9BEAB9E}.Debug|x64.Build.0 = Debug|x64
		{EB80C735-766C-4AF7-A61F-C7D7C9BEAB9E}.Release|x64.ActiveCfg = Release|x64
		{EB80C735-766C-4AF7-A61F-C7D7C9BEAB9E}.Release|x64.Build.0 = Release|x64
		{22617C1D-E8DD-4A9A-9157-76B7DF1A1E9A}.Debug|x64.ActiveCfg = Debug|x64
		{22617C1D-E8DD-4A9A-9157-76B7DF1A1E9A}.Debug|x64.Build.0 = Debug|x64
		{22617C1D-E8DD-4A9A-9157-76B7DF1A1E9A}.Release|x64.ActiveCfg = Release|x64
		{22617C1D-E8DD-4A9A-9157-76B7DF1A1E9A}.Release|x64.Build.0 = Release|x64
		{4AC1EF57-9FBD-4BD7-AC14-1D175A67DEC7}.Debug|x64.ActiveCfg = Debug|x64
		{4AC1EF57-9FBD-4BD7-AC14-1D175A67DEC7}.Debug|x64.Build.0 = Debug|x64
		{4AC1EF57-9FBD-4BD7-AC14-1D175A67DEC7}.Release|x64.ActiveCfg = Release|x64
		{4AC1EF57-9FBD-4BD7-AC14-1D175A67DEC7}.Release|x64.Build.0 = Release|x64
		{679490C8-6429-43F2-A552-34827EC19BC4}.Debug|x64.ActiveCfg = Debug|x64
		{679490C8-6429-43F2-A552-34827EC19BC4}.Debug|x64.Build.0 = Debug|x64
		{679490C8-6429-43F2-A552-34827EC19BC4}.Release|x64.ActiveCfg = Release|x64
		{679490C8-6429-43F2-A552-34827EC19BC4}.Release|x64.Build.0 = Release|x64
		{DF85000B-6D1C-4428-8100-C3DC0B28E98F}.Debug|x64.ActiveCfg = Debug|x64
		{DF85000B-6D1C-4428-8100-C3DC0B28E98F}.Debug|x64.Build.0 = Debug|x64
		{DF85000B-6D1C-4428-8100-C3DC0B28E98F}.Release|x64.ActiveCfg = Release|x64
		{DF85000B-6D1C-4428-8100-C3DC0B28E98F}.Release|x64.Build.0 = Release|x64
		{996C6404-BD57-46A1-9153-6480C2EF7101}.Debug|x64.ActiveCfg = Debug|x64
		{996C6404-BD57-46A1-9153-6480C2EF7101}.Debug|x64.Build.0 = Debug|x64
		{996C6404-BD57-46A1-9153-6480C2EF7101}.Release|x64.ActiveCfg = Release|x64
		{996C6404-BD57-46A1-9153-6480C2EF7101}.Release|x64.Build.0 = Release|x64
		{22E932B2-BECD-4C5A-BBF4-2CAAD18328E2}.Debug|x64.ActiveCfg = Debug|x64
		{22E932B2-BECD-4C5A-BBF4-2CAAD18328E2}.Debug|x64.Build.0 = Debug|x64
		{22E932B2-BECD-4C5A-BBF4-2CAAD18328E2}.Release|x64.ActiveCfg = Release|x64
		{22E932B2-BECD-4C5A-BBF4-2CAAD18328E2}.Release|x64.Build.0 = Release|x64
		{A9F3C425-33F2-4B48-A800-37E831DED375}.Debug|x64.ActiveCfg = Debug|x64
		{A9F3C425-33F2-4B48-A800-37E831DED375}.Debug|x64.Build.0 = Debug|x64
		{A9F3C425-33F2-4B48-A800-37E831DED375}.Release|x64.ActiveCfg = Release|x64
		{A9F3C425-33F2-4B48-A800-37E831DED375}.Release|x64.Build.0 = Release|x64
	EndGlobalSection
	GlobalSection(SolutionProperties) = preSolution
		HideSolutionNode = FALSE
	EndGlobalSection
EndGlobal
