
Microsoft Visual Studio Solution File, Format Version 12.00
# Visual Studio 2013
Project("{8BC9CEB8-8B4A-11D0-8D11-00A0C91BC942}") = "admipex1", "admipex1.vcxproj", "{B3034167-53E4-45AD-A93E-8ABBECF38FBC}"
EndProject
Project("{8BC9CEB8-8B4A-11D0-8D11-00A0C91BC942}") = "admipex2", "admipex2.vcxproj", "{47808EA5-349A-4072-9D50-788CBD2BAE31}"
EndProject
Project("{8BC9CEB8-8B4A-11D0-8D11-00A0C91BC942}") = "admipex3", "admipex3.vcxproj", "{AAE0C202-9684-4FD6-A045-B49E0351E797}"
EndProject
Project("{8BC9CEB8-8B4A-11D0-8D11-00A0C91BC942}") = "admipex4", "admipex4.vcxproj", "{43AFF666-C42E-4940-B973-2D30D873747E}"
EndProject
Project("{8BC9CEB8-8B4A-11D0-8D11-00A0C91BC942}") = "admipex5", "admipex5.vcxproj", "{10BA5731-E524-4E49-A795-047CF70FD713}"
EndProject
Project("{8BC9CEB8-8B4A-11D0-8D11-00A0C91BC942}") = "admipex6", "admipex6.vcxproj", "{51663F31-7E58-4632-89EC-318B274DBE1D}"
EndProject
Project("{8BC9CEB8-8B4A-11D0-8D11-00A0C91BC942}") = "admipex7", "admipex7.vcxproj", "{DDE1158B-9BD9-4FE1-98FB-FB0E692BD183}"
EndProject
Project("{8BC9CEB8-8B4A-11D0-8D11-00A0C91BC942}") = "adpreex1", "adpreex1.vcxproj", "{D407C695-0F0B-41B1-9B57-D36824A865B2}"
EndProject
Project("{8BC9CEB8-8B4A-11D0-8D11-00A0C91BC942}") = "bendersatsp", "bendersatsp.vcxproj", "{C41D9E0B-3362-462B-AE83-7A21034C024F}"
EndProject
Project("{8BC9CEB8-8B4A-11D0-8D11-00A0C91BC942}") = "blend", "blend.vcxproj", "{4D5B2D7F-AB9B-4BEC-8877-908544EC9F2F}"
EndProject
Project("{8BC9CEB8-8B4A-11D0-8D11-00A0C91BC942}") = "cutstock", "cutstock.vcxproj", "{A3053798-7F71-431E-895C-AE32E1F46895}"
EndProject
Project("{8BC9CEB8-8B4A-11D0-8D11-00A0C91BC942}") = "diet", "diet.vcxproj", "{FF59EC3D-DA1D-4A32-9617-35F16037B393}"
EndProject
Project("{8BC9CEB8-8B4A-11D0-8D11-00A0C91BC942}") = "etsp", "etsp.vcxproj", "{B99B0004-5282-4D7A-B4CF-F00D4C620E24}"
EndProject
Project("{8BC9CEB8-8B4A-11D0-8D11-00A0C91BC942}") = "facility", "facility.vcxproj", "{077069D7-904D-48C0-9320-0409AE193498}"
EndProject
Project("{8BC9CEB8-8B4A-11D0-8D11-00A0C91BC942}") = "fixcost1", "fixcost1.vcxproj", "{9F43F7E7-FB75-4D71-9425-B93EDD9172B6}"
EndProject
Project("{8BC9CEB8-8B4A-11D0-8D11-00A0C91BC942}") = "fixnet", "fixnet.vcxproj", "{CAE65782-AB53-4056-8D07-C30C69B36394}"
EndProject
Project("{8BC9CEB8-8B4A-11D0-8D11-00A0C91BC942}") = "foodmanu", "foodmanu.vcxproj", "{F0AA7858-46CD-447D-A779-235960AED613}"
EndProject
Project("{8BC9CEB8-8B4A-11D0-8D11-00A0C91BC942}") = "foodmanufact", "foodmanufact.vcxproj", "{47EDD127-E3D0-4EDC-A94B-73D91084DBF2}"
EndProject
Project("{8BC9CEB8-8B4A-11D0-8D11-00A0C91BC942}") = "iloadmipex1", "iloadmipex1.vcxproj", "{CDE00DEB-5784-4113-915E-C3E0C6E47E89}"
EndProject
Project("{8BC9CEB8-8B4A-11D0-8D11-00A0C91BC942}") = "iloadmipex2", "iloadmipex2.vcxproj", "{B13E3411-85B5-43EE-86CC-99C876F38D03}"
EndProject
Project("{8BC9CEB8-8B4A-11D0-8D11-00A0C91BC942}") = "iloadmipex3", "iloadmipex3.vcxproj", "{00A1292D-18CA-480E-981F-16C1FC2EDEC1}"
EndProject
Project("{8BC9CEB8-8B4A-11D0-8D11-00A0C91BC942}") = "iloadmipex4", "iloadmipex4.vcxproj", "{586672CF-6995-492D-9757-61DB85FEFA6D}"
EndProject
Project("{8BC9CEB8-8B4A-11D0-8D11-00A0C91BC942}") = "iloadmipex5", "iloadmipex5.vcxproj", "{80C25660-E6D1-418D-8290-DD0ED0457A85}"
EndProject
Project("{8BC9CEB8-8B4A-11D0-8D11-00A0C91BC942}") = "iloadmipex6", "iloadmipex6.vcxproj", "{5EB93D0C-4A84-4829-831B-99206B2F06E6}"
EndProject
Project("{8BC9CEB8-8B4A-11D0-8D11-00A0C91BC942}") = "ilobendersatsp", "ilobendersatsp.vcxproj", "{046C9761-4816-411C-ABE5-23E097DE4A75}"
EndProject
Project("{8BC9CEB8-8B4A-11D0-8D11-00A0C91BC942}") = "ilodiet", "ilodiet.vcxproj", "{45AAFCD3-FB98-470F-8499-2AC847EE70E6}"
EndProject
Project("{8BC9CEB8-8B4A-11D0-8D11-00A0C91BC942}") = "ilogoalex1", "ilogoalex1.vcxproj", "{39806D3B-1CC7-4FD0-B49F-C1821D5B4C50}"
EndProject
Project("{8BC9CEB8-8B4A-11D0-8D11-00A0C91BC942}") = "ilogoalex2", "ilogoalex2.vcxproj", "{403F7BEB-8A6E-469A-B0A3-9C3351A0CCE6}"
EndProject
Project("{8BC9CEB8-8B4A-11D0-8D11-00A0C91BC942}") = "ilogoalex3", "ilogoalex3.vcxproj", "{E01D79F0-4DE7-4AB3-8D41-F6F83E5A55FD}"
EndProject
Project("{8BC9CEB8-8B4A-11D0-8D11-00A0C91BC942}") = "iloindefqpex1", "iloindefqpex1.vcxproj", "{F08F9C14-63AC-40AD-9E6C-21E0FA78A902}"
EndProject
Project("{8BC9CEB8-8B4A-11D0-8D11-00A0C91BC942}") = "ilolpex1", "ilolpex1.vcxproj", "{A5334DE3-5DEE-4223-9634-3468597998BB}"
EndProject
Project("{8BC9CEB8-8B4A-11D0-8D11-00A0C91BC942}") = "ilolpex2", "ilolpex2.vcxproj", "{03A95487-B603-46D7-B691-31765A31D382}"
EndProject
Project("{8BC9CEB8-8B4A-11D0-8D11-00A0C91BC942}") = "ilolpex3", "ilolpex3.vcxproj", "{6E79DEB0-C0E6-40CF-A354-B03CA1DEB15D}"
EndProject
Project("{8BC9CEB8-8B4A-11D0-8D11-00A0C91BC942}") = "ilolpex4", "ilolpex4.vcxproj", "{73B98695-B733-4575-9D1B-73DCFE74A2AA}"
EndProject
Project("{8BC9CEB8-8B4A-11D0-8D11-00A0C91BC942}") = "ilolpex6", "ilolpex6.vcxproj", "{319B4C0E-CACF-475C-BF57-FD0E39B32C2F}"
EndProject
Project("{8BC9CEB8-8B4A-11D0-8D11-00A0C91BC942}") = "ilolpex7", "ilolpex7.vcxproj", "{EE571199-4D7D-415E-A84F-9E259BECFE63}"
EndProject
Project("{8BC9CEB8-8B4A-11D0-8D11-00A0C91BC942}") = "ilomipex1", "ilomipex1.vcxproj", "{D3011365-2261-4B94-8D10-770EF2762CBF}"
EndProject
Project("{8BC9CEB8-8B4A-11D0-8D11-00A0C91BC942}") = "ilomipex2", "ilomipex2.vcxproj", "{A54104B0-09B1-4010-9F73-E1A10583EC16}"
EndProject
Project("{8BC9CEB8-8B4A-11D0-8D11-00A0C91BC942}") = "ilomipex3", "ilomipex3.vcxproj", "{263DB24F-34D4-4198-96F7-E2596882FAA0}"
EndProject
Project("{8BC9CEB8-8B4A-11D0-8D11-00A0C91BC942}") = "ilomipex4", "ilomipex4.vcxproj", "{314338B7-737A-4DF6-AB04-C03FEA9D87EA}"
EndProject
Project("{8BC9CEB8-8B4A-11D0-8D11-00A0C91BC942}") = "ilomiqpex1", "ilomiqpex1.vcxproj", "{96A124D5-6E81-4894-9E59-84C9127B0106}"
EndProject
Project("{8BC9CEB8-8B4A-11D0-8D11-00A0C91BC942}") = "ilopopulate", "ilopopulate.vcxproj", "{7F116676-CD19-4D6B-8243-A0638DA392C5}"
EndProject
Project("{8BC9CEB8-8B4A-11D0-8D11-00A0C91BC942}") = "iloqcpdual", "iloqcpdual.vcxproj", "{5E54E446-A516-4A3D-AA98-C87FC62909A0}"
EndProject
Project("{8BC9CEB8-8B4A-11D0-8D11-00A0C91BC942}") = "iloqcpex1", "iloqcpex1.vcxproj", "{D7DFBF69-0E82-4840-AA1B-1F88A94B1D42}"
EndProject
Project("{8BC9CEB8-8B4A-11D0-8D11-00A0C91BC942}") = "iloqpex1", "iloqpex1.vcxproj", "{6BA930AF-BCEB-48DC-87F9-0F77D98E9096}"
EndProject
Project("{8BC9CEB8-8B4A-11D0-8D11-00A0C91BC942}") = "iloqpex2", "iloqpex2.vcxproj", "{EFE91844-51FD-4DDB-B273-BE7DAD57750C}"
EndProject
Project("{8BC9CEB8-8B4A-11D0-8D11-00A0C91BC942}") = "iloqpex3", "iloqpex3.vcxproj", "{B048F100-349E-47BB-9EB3-59D5BE989A00}"
EndProject
Project("{8BC9CEB8-8B4A-11D0-8D11-00A0C91BC942}") = "ilosocpex1", "ilosocpex1.vcxproj", "{34E26480-226F-4B4E-82BE-F1334C60F805}"
EndProject
Project("{8BC9CEB8-8B4A-11D0-8D11-00A0C91BC942}") = "ilosteel", "ilosteel.vcxproj", "{F43C5140-BFC2-4D5E-AB23-EBDCDBB242E9}"
EndProject
Project("{8BC9CEB8-8B4A-11D0-8D11-00A0C91BC942}") = "ilotuneset", "ilotuneset.vcxproj", "{CEC23322-896D-4C88-A588-D0F4A2A6A3EA}"
EndProject
Project("{8BC9CEB8-8B4A-11D0-8D11-00A0C91BC942}") = "indefqpex1", "indefqpex1.vcxproj", "{67ED9623-4BF1-4C21-9749-2A5699D3C694}"
EndProject
Project("{8BC9CEB8-8B4A-11D0-8D11-00A0C91BC942}") = "inout1", "inout1.vcxproj", "{47BFFF8B-37CC-4C47-A11F-9AB2B997BB4A}"
EndProject
Project("{8BC9CEB8-8B4A-11D0-8D11-00A0C91BC942}") = "inout3", "inout3.vcxproj", "{1BDA8C82-D88E-4167-83D5-B51F6AFA0918}"
EndProject
Project("{8BC9CEB8-8B4A-11D0-8D11-00A0C91BC942}") = "lpex1", "lpex1.vcxproj", "{1C90E47F-1CA0-4E15-B614-BC951CA5F13B}"
EndProject
Project("{8BC9CEB8-8B4A-11D0-8D11-00A0C91BC942}") = "lpex2", "lpex2.vcxproj", "{DC0506E1-A1DB-488B-926B-977F74572F83}"
EndProject
Project("{8BC9CEB8-8B4A-11D0-8D11-00A0C91BC942}") = "lpex3", "lpex3.vcxproj", "{914751CA-BCF2-4659-B640-DCA8B53ACD59}"
EndProject
Project("{8BC9CEB8-8B4A-11D0-8D11-00A0C91BC942}") = "lpex4", "lpex4.vcxproj", "{20CDE570-C3C1-4BEC-8B16-440774A876C3}"
EndProject
Project("{8BC9CEB8-8B4A-11D0-8D11-00A0C91BC942}") = "lpex5", "lpex5.vcxproj", "{F0C67568-2A63-49E1-9BF3-5BECAF6A7F98}"
EndProject
Project("{8BC9CEB8-8B4A-11D0-8D11-00A0C91BC942}") = "lpex6", "lpex6.vcxproj", "{78216085-73C0-47C3-B24E-FDEA23C2354F}"
EndProject
Project("{8BC9CEB8-8B4A-11D0-8D11-00A0C91BC942}") = "lpex7", "lpex7.vcxproj", "{7758751A-3C65-4377-948F-ADB111652C37}"
EndProject
Project("{8BC9CEB8-8B4A-11D0-8D11-00A0C91BC942}") = "lpex8", "lpex8.vcxproj", "{29FF4BAA-4E02-432E-BAD8-73E50DDF7D10}"
EndProject
Project("{8BC9CEB8-8B4A-11D0-8D11-00A0C91BC942}") = "mipex1", "mipex1.vcxproj", "{50A158CB-AF2D-428E-9028-11E93D63A5DC}"
EndProject
Project("{8BC9CEB8-8B4A-11D0-8D11-00A0C91BC942}") = "mipex2", "mipex2.vcxproj", "{9DDA2881-0F0D-4DBD-8C94-8C9B5CD68A77}"
EndProject
Project("{8BC9CEB8-8B4A-11D0-8D11-00A0C91BC942}") = "mipex3", "mipex3.vcxproj", "{34C4DB09-474F-4E52-86B5-E071A591DB4E}"
EndProject
Project("{8BC9CEB8-8B4A-11D0-8D11-00A0C91BC942}") = "mipex4", "mipex4.vcxproj", "{06B0D065-B483-4300-9E18-6E08BE8C1B5C}"
EndProject
Project("{8BC9CEB8-8B4A-11D0-8D11-00A0C91BC942}") = "miqpex1", "miqpex1.vcxproj", "{A6893849-CCFA-47E6-B7C0-68BC2145C3D1}"
EndProject
Project("{8BC9CEB8-8B4A-11D0-8D11-00A0C91BC942}") = "mixblend", "mixblend.vcxproj", "{5ED333DF-85B8-4F91-867D-64FA90A02EAB}"
EndProject
Project("{8BC9CEB8-8B4A-11D0-8D11-00A0C91BC942}") = "netex1", "netex1.vcxproj", "{BD3B63FF-17BF-493D-9A67-5AB38FE69E72}"
EndProject
Project("{8BC9CEB8-8B4A-11D0-8D11-00A0C91BC942}") = "netex2", "netex2.vcxproj", "{BDD7ED2A-92FE-4289-B364-95FC9025E935}"
EndProject
Project("{8BC9CEB8-8B4A-11D0-8D11-00A0C91BC942}") = "populate", "populate.vcxproj", "{A9DFE2C4-2A63-4257-8B84-A20EFF1D3DE0}"
EndProject
Project("{8BC9CEB8-8B4A-11D0-8D11-00A0C91BC942}") = "qcpdual", "qcpdual.vcxproj", "{8AA40F88-687A-4662-9F86-AECE0957EDE4}"
EndProject
Project("{8BC9CEB8-8B4A-11D0-8D11-00A0C91BC942}") = "qcpex1", "qcpex1.vcxproj", "{66B9704D-E1EA-4DE4-8CA3-0EF132C9D7B1}"
EndProject
Project("{8BC9CEB8-8B4A-11D0-8D11-00A0C91BC942}") = "qpex1", "qpex1.vcxproj", "{C44482DF-660C-4824-9A39-101F63461DE2}"
EndProject
Project("{8BC9CEB8-8B4A-11D0-8D11-00A0C91BC942}") = "qpex2", "qpex2.vcxproj", "{FD9458D3-B895-4C65-854A-A21E3E614F23}"
EndProject
Project("{8BC9CEB8-8B4A-11D0-8D11-00A0C91BC942}") = "rates", "rates.vcxproj", "{000BEF97-ADB3-443D-B707-F1847EEBC4E0}"
EndProject
Project("{8BC9CEB8-8B4A-11D0-8D11-00A0C91BC942}") = "socpex1", "socpex1.vcxproj", "{4E8EA775-228A-49D2-B2D6-7666352E6FF1}"
EndProject
Project("{8BC9CEB8-8B4A-11D0-8D11-00A0C91BC942}") = "steel", "steel.vcxproj", "{67E1E9DC-1A44-4BFD-BDE8-3A6CABE51B62}"
EndProject
Project("{8BC9CEB8-8B4A-11D0-8D11-00A0C91BC942}") = "transport", "transport.vcxproj", "{18D11B98-FE6E-4189-A3C4-BAEA9950331B}"
EndProject
Project("{8BC9CEB8-8B4A-11D0-8D11-00A0C91BC942}") = "tuneset", "tuneset.vcxproj", "{265E2437-8465-4371-8E19-CB4AF193C3D5}"
EndProject
Project("{8BC9CEB8-8B4A-11D0-8D11-00A0C91BC942}") = "warehouse", "warehouse.vcxproj", "{061D5401-8C40-4A01-87A8-7E2BE5C75462}"
EndProject
Project("{8BC9CEB8-8B4A-11D0-8D11-00A0C91BC942}") = "xadmipex1", "xadmipex1.vcxproj", "{DBAF6849-8CD6-4B62-9699-E2803BA6FF15}"
EndProject
Project("{8BC9CEB8-8B4A-11D0-8D11-00A0C91BC942}") = "xadmipex2", "xadmipex2.vcxproj", "{963D1690-F2FF-4695-8BFF-C3FD3973C23B}"
EndProject
Project("{8BC9CEB8-8B4A-11D0-8D11-00A0C91BC942}") = "xadmipex3", "xadmipex3.vcxproj", "{3D1CFA48-3D0C-4F82-B8B1-606D913F4D38}"
EndProject
Project("{8BC9CEB8-8B4A-11D0-8D11-00A0C91BC942}") = "xadmipex4", "xadmipex4.vcxproj", "{26A601E0-4431-4B57-B565-E5B62786AF82}"
EndProject
Project("{8BC9CEB8-8B4A-11D0-8D11-00A0C91BC942}") = "xadmipex5", "xadmipex5.vcxproj", "{F48A43BA-7549-442F-AC33-9A6F9A49E691}"
EndProject
Project("{8BC9CEB8-8B4A-11D0-8D11-00A0C91BC942}") = "xadmipex6", "xadmipex6.vcxproj", "{113226F6-0A49-4317-9FA7-20AF2742F59B}"
EndProject
Project("{8BC9CEB8-8B4A-11D0-8D11-00A0C91BC942}") = "xadmipex7", "xadmipex7.vcxproj", "{A9D886C8-01AA-42C3-A5F9-512984E70E12}"
EndProject
Project("{8BC9CEB8-8B4A-11D0-8D11-00A0C91BC942}") = "xadpreex1", "xadpreex1.vcxproj", "{82F8B94D-9435-41FD-A6CE-402947465777}"
EndProject
Project("{8BC9CEB8-8B4A-11D0-8D11-00A0C91BC942}") = "xbendersatsp", "xbendersatsp.vcxproj", "{BD706D09-886A-46F0-AF78-D2CD0D9AB2B3}"
EndProject
Project("{8BC9CEB8-8B4A-11D0-8D11-00A0C91BC942}") = "xdiet", "xdiet.vcxproj", "{D08C532B-1583-4795-8E92-D310C9806411}"
EndProject
Project("{8BC9CEB8-8B4A-11D0-8D11-00A0C91BC942}") = "xfixnet", "xfixnet.vcxproj", "{E0D7BD36-0ED5-49DB-956D-36CA6ABCF0D7}"
EndProject
Project("{8BC9CEB8-8B4A-11D0-8D11-00A0C91BC942}") = "xfoodmanu", "xfoodmanu.vcxproj", "{7A4D5928-ECA3-4CF3-94F9-0EF3D827D1BC}"
EndProject
Project("{8BC9CEB8-8B4A-11D0-8D11-00A0C91BC942}") = "xindefqpex1", "xindefqpex1.vcxproj", "{398ED49E-AEC9-4310-8B77-76CE9B2AEAEB}"
EndProject
Project("{8BC9CEB8-8B4A-11D0-8D11-00A0C91BC942}") = "xlpex1", "xlpex1.vcxproj", "{12A73526-CCE0-4446-89F2-619128E15BCD}"
EndProject
Project("{8BC9CEB8-8B4A-11D0-8D11-00A0C91BC942}") = "xlpex2", "xlpex2.vcxproj", "{FC16C4AC-F8FF-48B3-BA80-244C9B19ACB4}"
EndProject
Project("{8BC9CEB8-8B4A-11D0-8D11-00A0C91BC942}") = "xlpex3", "xlpex3.vcxproj", "{F704B175-DB8F-43C0-9596-B0396A94D9CE}"
EndProject
Project("{8BC9CEB8-8B4A-11D0-8D11-00A0C91BC942}") = "xlpex4", "xlpex4.vcxproj", "{F3BA9A6E-0812-4A9F-852C-3937B466D7C6}"
EndProject
Project("{8BC9CEB8-8B4A-11D0-8D11-00A0C91BC942}") = "xlpex5", "xlpex5.vcxproj", "{41C14868-FC0A-44EE-9CD3-4EE05563B47F}"
EndProject
Project("{8BC9CEB8-8B4A-11D0-8D11-00A0C91BC942}") = "xlpex6", "xlpex6.vcxproj", "{66F41B46-A298-4FBF-8CA7-BEC33313B232}"
EndProject
Project("{8BC9CEB8-8B4A-11D0-8D11-00A0C91BC942}") = "xlpex7", "xlpex7.vcxproj", "{8115B6A9-707C-485E-867A-51941F4B3C9E}"
EndProject
Project("{8BC9CEB8-8B4A-11D0-8D11-00A0C91BC942}") = "xlpex8", "xlpex8.vcxproj", "{A007F896-6AEE-40BB-89BB-5D88533B5140}"
EndProject
Project("{8BC9CEB8-8B4A-11D0-8D11-00A0C91BC942}") = "xmipex1", "xmipex1.vcxproj", "{B173BED1-991B-42E7-90CF-8CD8169541F9}"
EndProject
Project("{8BC9CEB8-8B4A-11D0-8D11-00A0C91BC942}") = "xmipex2", "xmipex2.vcxproj", "{BF27DB9A-2FB6-4777-9DF3-991FD64AF79F}"
EndProject
Project("{8BC9CEB8-8B4A-11D0-8D11-00A0C91BC942}") = "xmipex3", "xmipex3.vcxproj", "{4E8B6A06-758B-4A35-B3EA-D81C52C6DC0E}"
EndProject
Project("{8BC9CEB8-8B4A-11D0-8D11-00A0C91BC942}") = "xmipex4", "xmipex4.vcxproj", "{5EE6755B-305A-4941-A6C9-DE6CA29358B4}"
EndProject
Project("{8BC9CEB8-8B4A-11D0-8D11-00A0C91BC942}") = "xmiqpex1", "xmiqpex1.vcxproj", "{83ADABC3-8159-4275-9005-9F7CAB602333}"
EndProject
Project("{8BC9CEB8-8B4A-11D0-8D11-00A0C91BC942}") = "xnetex1", "xnetex1.vcxproj", "{2D5D0282-96F9-48CE-A3CA-90D9405921A2}"
EndProject
Project("{8BC9CEB8-8B4A-11D0-8D11-00A0C91BC942}") = "xnetex2", "xnetex2.vcxproj", "{FBE09C4C-C60C-4D07-A4CD-B32884DD30DD}"
EndProject
Project("{8BC9CEB8-8B4A-11D0-8D11-00A0C91BC942}") = "xpopulate", "xpopulate.vcxproj", "{05ED7AC5-733E-4761-91BE-789AE933DE1F}"
EndProject
Project("{8BC9CEB8-8B4A-11D0-8D11-00A0C91BC942}") = "xqcpdual", "xqcpdual.vcxproj", "{40E9D299-6C33-49DA-A7A1-22B63CB7A119}"
EndProject
Project("{8BC9CEB8-8B4A-11D0-8D11-00A0C91BC942}") = "xqcpex1", "xqcpex1.vcxproj", "{43E6B31C-6218-4FEF-812B-F9B982F8B847}"
EndProject
Project("{8BC9CEB8-8B4A-11D0-8D11-00A0C91BC942}") = "xqpex1", "xqpex1.vcxproj", "{CE97B618-10E9-417F-B410-ADCD0C167F38}"
EndProject
Project("{8BC9CEB8-8B4A-11D0-8D11-00A0C91BC942}") = "xqpex2", "xqpex2.vcxproj", "{08E7E6B0-8CAF-43C0-8A81-C680017EE479}"
EndProject
Project("{8BC9CEB8-8B4A-11D0-8D11-00A0C91BC942}") = "xsocpex1", "xsocpex1.vcxproj", "{268032E8-727C-4956-8A5C-07B7F4538862}"
EndProject
Project("{8BC9CEB8-8B4A-11D0-8D11-00A0C91BC942}") = "xsteel", "xsteel.vcxproj", "{A161DDDB-E021-46D7-85D4-F007A5FE32B7}"
EndProject
Project("{8BC9CEB8-8B4A-11D0-8D11-00A0C91BC942}") = "xtuneset", "xtuneset.vcxproj", "{777A37F3-3348-454A-AAD8-CAE24530F5EA}"
EndProject
Project("{8BC9CEB8-8B4A-11D0-8D11-00A0C91BC942}") = "globalqpex1", "globalqpex1.vcxproj", "{FA801C71-BACA-4EFB-812C-C986F014F518}"
EndProject
Project("{8BC9CEB8-8B4A-11D0-8D11-00A0C91BC942}") = "globalmiqpex1", "globalmiqpex1.vcxproj", "{A665EFBA-0D11-4D60-8E79-A0E66B178236}"
EndProject
Project("{8BC9CEB8-8B4A-11D0-8D11-00A0C91BC942}") = "xglobalmiqpex1", "xglobalmiqpex1.vcxproj", "{1E2F1EF0-5E4F-40AA-BAFE-F4A3AA5EFE11}"
EndProject
Project("{8BC9CEB8-8B4A-11D0-8D11-00A0C91BC942}") = "xglobalqpex1", "xglobalqpex1.vcxproj", "{5E281A3E-EE87-462A-99CA-AC8ED746C8F9}"
EndProject
Project("{8BC9CEB8-8B4A-11D0-8D11-00A0C91BC942}") = "iloglobalqpex1", "iloglobalqpex1.vcxproj", "{ADB81151-77E7-478D-84F5-7D6239E62F51}"
EndProject
Global
	GlobalSection(SolutionConfigurationPlatforms) = preSolution
		Debug|x64 = Debug|x64
		Release|x64 = Release|x64
	EndGlobalSection
	GlobalSection(ProjectConfigurationPlatforms) = postSolution
		{B3034167-53E4-45AD-A93E-8ABBECF38FBC}.Debug|x64.ActiveCfg = Debug|x64
		{B3034167-53E4-45AD-A93E-8ABBECF38FBC}.Debug|x64.Build.0 = Debug|x64
		{B3034167-53E4-45AD-A93E-8ABBECF38FBC}.Release|x64.ActiveCfg = Release|x64
		{B3034167-53E4-45AD-A93E-8ABBECF38FBC}.Release|x64.Build.0 = Release|x64
		{47808EA5-349A-4072-9D50-788CBD2BAE31}.Debug|x64.ActiveCfg = Debug|x64
		{47808EA5-349A-4072-9D50-788CBD2BAE31}.Debug|x64.Build.0 = Debug|x64
		{47808EA5-349A-4072-9D50-788CBD2BAE31}.Release|x64.ActiveCfg = Release|x64
		{47808EA5-349A-4072-9D50-788CBD2BAE31}.Release|x64.Build.0 = Release|x64
		{AAE0C202-9684-4FD6-A045-B49E0351E797}.Debug|x64.ActiveCfg = Debug|x64
		{AAE0C202-9684-4FD6-A045-B49E0351E797}.Debug|x64.Build.0 = Debug|x64
		{AAE0C202-9684-4FD6-A045-B49E0351E797}.Release|x64.ActiveCfg = Release|x64
		{AAE0C202-9684-4FD6-A045-B49E0351E797}.Release|x64.Build.0 = Release|x64
		{43AFF666-C42E-4940-B973-2D30D873747E}.Debug|x64.ActiveCfg = Debug|x64
		{43AFF666-C42E-4940-B973-2D30D873747E}.Debug|x64.Build.0 = Debug|x64
		{43AFF666-C42E-4940-B973-2D30D873747E}.Release|x64.ActiveCfg = Release|x64
		{43AFF666-C42E-4940-B973-2D30D873747E}.Release|x64.Build.0 = Release|x64
		{10BA5731-E524-4E49-A795-047CF70FD713}.Debug|x64.ActiveCfg = Debug|x64
		{10BA5731-E524-4E49-A795-047CF70FD713}.Debug|x64.Build.0 = Debug|x64
		{10BA5731-E524-4E49-A795-047CF70FD713}.Release|x64.ActiveCfg = Release|x64
		{10BA5731-E524-4E49-A795-047CF70FD713}.Release|x64.Build.0 = Release|x64
		{51663F31-7E58-4632-89EC-318B274DBE1D}.Debug|x64.ActiveCfg = Debug|x64
		{51663F31-7E58-4632-89EC-318B274DBE1D}.Debug|x64.Build.0 = Debug|x64
		{51663F31-7E58-4632-89EC-318B274DBE1D}.Release|x64.ActiveCfg = Release|x64
		{51663F31-7E58-4632-89EC-318B274DBE1D}.Release|x64.Build.0 = Release|x64
		{DDE1158B-9BD9-4FE1-98FB-FB0E692BD183}.Debug|x64.ActiveCfg = Debug|x64
		{DDE1158B-9BD9-4FE1-98FB-FB0E692BD183}.Debug|x64.Build.0 = Debug|x64
		{DDE1158B-9BD9-4FE1-98FB-FB0E692BD183}.Release|x64.ActiveCfg = Release|x64
		{DDE1158B-9BD9-4FE1-98FB-FB0E692BD183}.Release|x64.Build.0 = Release|x64
		{D407C695-0F0B-41B1-9B57-D36824A865B2}.Debug|x64.ActiveCfg = Debug|x64
		{D407C695-0F0B-41B1-9B57-D36824A865B2}.Debug|x64.Build.0 = Debug|x64
		{D407C695-0F0B-41B1-9B57-D36824A865B2}.Release|x64.ActiveCfg = Release|x64
		{D407C695-0F0B-41B1-9B57-D36824A865B2}.Release|x64.Build.0 = Release|x64
		{C41D9E0B-3362-462B-AE83-7A21034C024F}.Debug|x64.ActiveCfg = Debug|x64
		{C41D9E0B-3362-462B-AE83-7A21034C024F}.Debug|x64.Build.0 = Debug|x64
		{C41D9E0B-3362-462B-AE83-7A21034C024F}.Release|x64.ActiveCfg = Release|x64
		{C41D9E0B-3362-462B-AE83-7A21034C024F}.Release|x64.Build.0 = Release|x64
		{4D5B2D7F-AB9B-4BEC-8877-908544EC9F2F}.Debug|x64.ActiveCfg = Debug|x64
		{4D5B2D7F-AB9B-4BEC-8877-908544EC9F2F}.Debug|x64.Build.0 = Debug|x64
		{4D5B2D7F-AB9B-4BEC-8877-908544EC9F2F}.Release|x64.ActiveCfg = Release|x64
		{4D5B2D7F-AB9B-4BEC-8877-908544EC9F2F}.Release|x64.Build.0 = Release|x64
		{A3053798-7F71-431E-895C-AE32E1F46895}.Debug|x64.ActiveCfg = Debug|x64
		{A3053798-7F71-431E-895C-AE32E1F46895}.Debug|x64.Build.0 = Debug|x64
		{A3053798-7F71-431E-895C-AE32E1F46895}.Release|x64.ActiveCfg = Release|x64
		{A3053798-7F71-431E-895C-AE32E1F46895}.Release|x64.Build.0 = Release|x64
		{FF59EC3D-DA1D-4A32-9617-35F16037B393}.Debug|x64.ActiveCfg = Debug|x64
		{FF59EC3D-DA1D-4A32-9617-35F16037B393}.Debug|x64.Build.0 = Debug|x64
		{FF59EC3D-DA1D-4A32-9617-35F16037B393}.Release|x64.ActiveCfg = Release|x64
		{FF59EC3D-DA1D-4A32-9617-35F16037B393}.Release|x64.Build.0 = Release|x64
		{B99B0004-5282-4D7A-B4CF-F00D4C620E24}.Debug|x64.ActiveCfg = Debug|x64
		{B99B0004-5282-4D7A-B4CF-F00D4C620E24}.Debug|x64.Build.0 = Debug|x64
		{B99B0004-5282-4D7A-B4CF-F00D4C620E24}.Release|x64.ActiveCfg = Release|x64
		{B99B0004-5282-4D7A-B4CF-F00D4C620E24}.Release|x64.Build.0 = Release|x64
		{077069D7-904D-48C0-9320-0409AE193498}.Debug|x64.ActiveCfg = Debug|x64
		{077069D7-904D-48C0-9320-0409AE193498}.Debug|x64.Build.0 = Debug|x64
		{077069D7-904D-48C0-9320-0409AE193498}.Release|x64.ActiveCfg = Release|x64
		{077069D7-904D-48C0-9320-0409AE193498}.Release|x64.Build.0 = Release|x64
		{9F43F7E7-FB75-4D71-9425-B93EDD9172B6}.Debug|x64.ActiveCfg = Debug|x64
		{9F43F7E7-FB75-4D71-9425-B93EDD9172B6}.Debug|x64.Build.0 = Debug|x64
		{9F43F7E7-FB75-4D71-9425-B93EDD9172B6}.Release|x64.ActiveCfg = Release|x64
		{9F43F7E7-FB75-4D71-9425-B93EDD9172B6}.Release|x64.Build.0 = Release|x64
		{CAE65782-AB53-4056-8D07-C30C69B36394}.Debug|x64.ActiveCfg = Debug|x64
		{CAE65782-AB53-4056-8D07-C30C69B36394}.Debug|x64.Build.0 = Debug|x64
		{CAE65782-AB53-4056-8D07-C30C69B36394}.Release|x64.ActiveCfg = Release|x64
		{CAE65782-AB53-4056-8D07-C30C69B36394}.Release|x64.Build.0 = Release|x64
		{F0AA7858-46CD-447D-A779-235960AED613}.Debug|x64.ActiveCfg = Debug|x64
		{F0AA7858-46CD-447D-A779-235960AED613}.Debug|x64.Build.0 = Debug|x64
		{F0AA7858-46CD-447D-A779-235960AED613}.Release|x64.ActiveCfg = Release|x64
		{F0AA7858-46CD-447D-A779-235960AED613}.Release|x64.Build.0 = Release|x64
		{47EDD127-E3D0-4EDC-A94B-73D91084DBF2}.Debug|x64.ActiveCfg = Debug|x64
		{47EDD127-E3D0-4EDC-A94B-73D91084DBF2}.Debug|x64.Build.0 = Debug|x64
		{47EDD127-E3D0-4EDC-A94B-73D91084DBF2}.Release|x64.ActiveCfg = Release|x64
		{47EDD127-E3D0-4EDC-A94B-73D91084DBF2}.Release|x64.Build.0 = Release|x64
		{CDE00DEB-5784-4113-915E-C3E0C6E47E89}.Debug|x64.ActiveCfg = Debug|x64
		{CDE00DEB-5784-4113-915E-C3E0C6E47E89}.Debug|x64.Build.0 = Debug|x64
		{CDE00DEB-5784-4113-915E-C3E0C6E47E89}.Release|x64.ActiveCfg = Release|x64
		{CDE00DEB-5784-4113-915E-C3E0C6E47E89}.Release|x64.Build.0 = Release|x64
		{B13E3411-85B5-43EE-86CC-99C876F38D03}.Debug|x64.ActiveCfg = Debug|x64
		{B13E3411-85B5-43EE-86CC-99C876F38D03}.Debug|x64.Build.0 = Debug|x64
		{B13E3411-85B5-43EE-86CC-99C876F38D03}.Release|x64.ActiveCfg = Release|x64
		{B13E3411-85B5-43EE-86CC-99C876F38D03}.Release|x64.Build.0 = Release|x64
		{00A1292D-18CA-480E-981F-16C1FC2EDEC1}.Debug|x64.ActiveCfg = Debug|x64
		{00A1292D-18CA-480E-981F-16C1FC2EDEC1}.Debug|x64.Build.0 = Debug|x64
		{00A1292D-18CA-480E-981F-16C1FC2EDEC1}.Release|x64.ActiveCfg = Release|x64
		{00A1292D-18CA-480E-981F-16C1FC2EDEC1}.Release|x64.Build.0 = Release|x64
		{586672CF-6995-492D-9757-61DB85FEFA6D}.Debug|x64.ActiveCfg = Debug|x64
		{586672CF-6995-492D-9757-61DB85FEFA6D}.Debug|x64.Build.0 = Debug|x64
		{586672CF-6995-492D-9757-61DB85FEFA6D}.Release|x64.ActiveCfg = Release|x64
		{586672CF-6995-492D-9757-61DB85FEFA6D}.Release|x64.Build.0 = Release|x64
		{80C25660-E6D1-418D-8290-DD0ED0457A85}.Debug|x64.ActiveCfg = Debug|x64
		{80C25660-E6D1-418D-8290-DD0ED0457A85}.Debug|x64.Build.0 = Debug|x64
		{80C25660-E6D1-418D-8290-DD0ED0457A85}.Release|x64.ActiveCfg = Release|x64
		{80C25660-E6D1-418D-8290-DD0ED0457A85}.Release|x64.Build.0 = Release|x64
		{5EB93D0C-4A84-4829-831B-99206B2F06E6}.Debug|x64.ActiveCfg = Debug|x64
		{5EB93D0C-4A84-4829-831B-99206B2F06E6}.Debug|x64.Build.0 = Debug|x64
		{5EB93D0C-4A84-4829-831B-99206B2F06E6}.Release|x64.ActiveCfg = Release|x64
		{5EB93D0C-4A84-4829-831B-99206B2F06E6}.Release|x64.Build.0 = Release|x64
		{046C9761-4816-411C-ABE5-23E097DE4A75}.Debug|x64.ActiveCfg = Debug|x64
		{046C9761-4816-411C-ABE5-23E097DE4A75}.Debug|x64.Build.0 = Debug|x64
		{046C9761-4816-411C-ABE5-23E097DE4A75}.Release|x64.ActiveCfg = Release|x64
		{046C9761-4816-411C-ABE5-23E097DE4A75}.Release|x64.Build.0 = Release|x64
		{45AAFCD3-FB98-470F-8499-2AC847EE70E6}.Debug|x64.ActiveCfg = Debug|x64
		{45AAFCD3-FB98-470F-8499-2AC847EE70E6}.Debug|x64.Build.0 = Debug|x64
		{45AAFCD3-FB98-470F-8499-2AC847EE70E6}.Release|x64.ActiveCfg = Release|x64
		{45AAFCD3-FB98-470F-8499-2AC847EE70E6}.Release|x64.Build.0 = Release|x64
		{39806D3B-1CC7-4FD0-B49F-C1821D5B4C50}.Debug|x64.ActiveCfg = Debug|x64
		{39806D3B-1CC7-4FD0-B49F-C1821D5B4C50}.Debug|x64.Build.0 = Debug|x64
		{39806D3B-1CC7-4FD0-B49F-C1821D5B4C50}.Release|x64.ActiveCfg = Release|x64
		{39806D3B-1CC7-4FD0-B49F-C1821D5B4C50}.Release|x64.Build.0 = Release|x64
		{403F7BEB-8A6E-469A-B0A3-9C3351A0CCE6}.Debug|x64.ActiveCfg = Debug|x64
		{403F7BEB-8A6E-469A-B0A3-9C3351A0CCE6}.Debug|x64.Build.0 = Debug|x64
		{403F7BEB-8A6E-469A-B0A3-9C3351A0CCE6}.Release|x64.ActiveCfg = Release|x64
		{403F7BEB-8A6E-469A-B0A3-9C3351A0CCE6}.Release|x64.Build.0 = Release|x64
		{E01D79F0-4DE7-4AB3-8D41-F6F83E5A55FD}.Debug|x64.ActiveCfg = Debug|x64
		{E01D79F0-4DE7-4AB3-8D41-F6F83E5A55FD}.Debug|x64.Build.0 = Debug|x64
		{E01D79F0-4DE7-4AB3-8D41-F6F83E5A55FD}.Release|x64.ActiveCfg = Release|x64
		{E01D79F0-4DE7-4AB3-8D41-F6F83E5A55FD}.Release|x64.Build.0 = Release|x64
		{F08F9C14-63AC-40AD-9E6C-21E0FA78A902}.Debug|x64.ActiveCfg = Debug|x64
		{F08F9C14-63AC-40AD-9E6C-21E0FA78A902}.Debug|x64.Build.0 = Debug|x64
		{F08F9C14-63AC-40AD-9E6C-21E0FA78A902}.Release|x64.ActiveCfg = Release|x64
		{F08F9C14-63AC-40AD-9E6C-21E0FA78A902}.Release|x64.Build.0 = Release|x64
		{A5334DE3-5DEE-4223-9634-3468597998BB}.Debug|x64.ActiveCfg = Debug|x64
		{A5334DE3-5DEE-4223-9634-3468597998BB}.Debug|x64.Build.0 = Debug|x64
		{A5334DE3-5DEE-4223-9634-3468597998BB}.Release|x64.ActiveCfg = Release|x64
		{A5334DE3-5DEE-4223-9634-3468597998BB}.Release|x64.Build.0 = Release|x64
		{03A95487-B603-46D7-B691-31765A31D382}.Debug|x64.ActiveCfg = Debug|x64
		{03A95487-B603-46D7-B691-31765A31D382}.Debug|x64.Build.0 = Debug|x64
		{03A95487-B603-46D7-B691-31765A31D382}.Release|x64.ActiveCfg = Release|x64
		{03A95487-B603-46D7-B691-31765A31D382}.Release|x64.Build.0 = Release|x64
		{6E79DEB0-C0E6-40CF-A354-B03CA1DEB15D}.Debug|x64.ActiveCfg = Debug|x64
		{6E79DEB0-C0E6-40CF-A354-B03CA1DEB15D}.Debug|x64.Build.0 = Debug|x64
		{6E79DEB0-C0E6-40CF-A354-B03CA1DEB15D}.Release|x64.ActiveCfg = Release|x64
		{6E79DEB0-C0E6-40CF-A354-B03CA1DEB15D}.Release|x64.Build.0 = Release|x64
		{73B98695-B733-4575-9D1B-73DCFE74A2AA}.Debug|x64.ActiveCfg = Debug|x64
		{73B98695-B733-4575-9D1B-73DCFE74A2AA}.Debug|x64.Build.0 = Debug|x64
		{73B98695-B733-4575-9D1B-73DCFE74A2AA}.Release|x64.ActiveCfg = Release|x64
		{73B98695-B733-4575-9D1B-73DCFE74A2AA}.Release|x64.Build.0 = Release|x64
		{319B4C0E-CACF-475C-BF57-FD0E39B32C2F}.Debug|x64.ActiveCfg = Debug|x64
		{319B4C0E-CACF-475C-BF57-FD0E39B32C2F}.Debug|x64.Build.0 = Debug|x64
		{319B4C0E-CACF-475C-BF57-FD0E39B32C2F}.Release|x64.ActiveCfg = Release|x64
		{319B4C0E-CACF-475C-BF57-FD0E39B32C2F}.Release|x64.Build.0 = Release|x64
		{EE571199-4D7D-415E-A84F-9E259BECFE63}.Debug|x64.ActiveCfg = Debug|x64
		{EE571199-4D7D-415E-A84F-9E259BECFE63}.Debug|x64.Build.0 = Debug|x64
		{EE571199-4D7D-415E-A84F-9E259BECFE63}.Release|x64.ActiveCfg = Release|x64
		{EE571199-4D7D-415E-A84F-9E259BECFE63}.Release|x64.Build.0 = Release|x64
		{D3011365-2261-4B94-8D10-770EF2762CBF}.Debug|x64.ActiveCfg = Debug|x64
		{D3011365-2261-4B94-8D10-770EF2762CBF}.Debug|x64.Build.0 = Debug|x64
		{D3011365-2261-4B94-8D10-770EF2762CBF}.Release|x64.ActiveCfg = Release|x64
		{D3011365-2261-4B94-8D10-770EF2762CBF}.Release|x64.Build.0 = Release|x64
		{A54104B0-09B1-4010-9F73-E1A10583EC16}.Debug|x64.ActiveCfg = Debug|x64
		{A54104B0-09B1-4010-9F73-E1A10583EC16}.Debug|x64.Build.0 = Debug|x64
		{A54104B0-09B1-4010-9F73-E1A10583EC16}.Release|x64.ActiveCfg = Release|x64
		{A54104B0-09B1-4010-9F73-E1A10583EC16}.Release|x64.Build.0 = Release|x64
		{263DB24F-34D4-4198-96F7-E2596882FAA0}.Debug|x64.ActiveCfg = Debug|x64
		{263DB24F-34D4-4198-96F7-E2596882FAA0}.Debug|x64.Build.0 = Debug|x64
		{263DB24F-34D4-4198-96F7-E2596882FAA0}.Release|x64.ActiveCfg = Release|x64
		{263DB24F-34D4-4198-96F7-E2596882FAA0}.Release|x64.Build.0 = Release|x64
		{314338B7-737A-4DF6-AB04-C03FEA9D87EA}.Debug|x64.ActiveCfg = Debug|x64
		{314338B7-737A-4DF6-AB04-C03FEA9D87EA}.Debug|x64.Build.0 = Debug|x64
		{314338B7-737A-4DF6-AB04-C03FEA9D87EA}.Release|x64.ActiveCfg = Release|x64
		{314338B7-737A-4DF6-AB04-C03FEA9D87EA}.Release|x64.Build.0 = Release|x64
		{96A124D5-6E81-4894-9E59-84C9127B0106}.Debug|x64.ActiveCfg = Debug|x64
		{96A124D5-6E81-4894-9E59-84C9127B0106}.Debug|x64.Build.0 = Debug|x64
		{96A124D5-6E81-4894-9E59-84C9127B0106}.Release|x64.ActiveCfg = Release|x64
		{96A124D5-6E81-4894-9E59-84C9127B0106}.Release|x64.Build.0 = Release|x64
		{7F116676-CD19-4D6B-8243-A0638DA392C5}.Debug|x64.ActiveCfg = Debug|x64
		{7F116676-CD19-4D6B-8243-A0638DA392C5}.Debug|x64.Build.0 = Debug|x64
		{7F116676-CD19-4D6B-8243-A0638DA392C5}.Release|x64.ActiveCfg = Release|x64
		{7F116676-CD19-4D6B-8243-A0638DA392C5}.Release|x64.Build.0 = Release|x64
		{5E54E446-A516-4A3D-AA98-C87FC62909A0}.Debug|x64.ActiveCfg = Debug|x64
		{5E54E446-A516-4A3D-AA98-C87FC62909A0}.Debug|x64.Build.0 = Debug|x64
		{5E54E446-A516-4A3D-AA98-C87FC62909A0}.Release|x64.ActiveCfg = Release|x64
		{5E54E446-A516-4A3D-AA98-C87FC62909A0}.Release|x64.Build.0 = Release|x64
		{D7DFBF69-0E82-4840-AA1B-1F88A94B1D42}.Debug|x64.ActiveCfg = Debug|x64
		{D7DFBF69-0E82-4840-AA1B-1F88A94B1D42}.Debug|x64.Build.0 = Debug|x64
		{D7DFBF69-0E82-4840-AA1B-1F88A94B1D42}.Release|x64.ActiveCfg = Release|x64
		{D7DFBF69-0E82-4840-AA1B-1F88A94B1D42}.Release|x64.Build.0 = Release|x64
		{6BA930AF-BCEB-48DC-87F9-0F77D98E9096}.Debug|x64.ActiveCfg = Debug|x64
		{6BA930AF-BCEB-48DC-87F9-0F77D98E9096}.Debug|x64.Build.0 = Debug|x64
		{6BA930AF-BCEB-48DC-87F9-0F77D98E9096}.Release|x64.ActiveCfg = Release|x64
		{6BA930AF-BCEB-48DC-87F9-0F77D98E9096}.Release|x64.Build.0 = Release|x64
		{EFE91844-51FD-4DDB-B273-BE7DAD57750C}.Debug|x64.ActiveCfg = Debug|x64
		{EFE91844-51FD-4DDB-B273-BE7DAD57750C}.Debug|x64.Build.0 = Debug|x64
		{EFE91844-51FD-4DDB-B273-BE7DAD57750C}.Release|x64.ActiveCfg = Release|x64
		{EFE91844-51FD-4DDB-B273-BE7DAD57750C}.Release|x64.Build.0 = Release|x64
		{B048F100-349E-47BB-9EB3-59D5BE989A00}.Debug|x64.ActiveCfg = Debug|x64
		{B048F100-349E-47BB-9EB3-59D5BE989A00}.Debug|x64.Build.0 = Debug|x64
		{B048F100-349E-47BB-9EB3-59D5BE989A00}.Release|x64.ActiveCfg = Release|x64
		{B048F100-349E-47BB-9EB3-59D5BE989A00}.Release|x64.Build.0 = Release|x64
		{34E26480-226F-4B4E-82BE-F1334C60F805}.Debug|x64.ActiveCfg = Debug|x64
		{34E26480-226F-4B4E-82BE-F1334C60F805}.Debug|x64.Build.0 = Debug|x64
		{34E26480-226F-4B4E-82BE-F1334C60F805}.Release|x64.ActiveCfg = Release|x64
		{34E26480-226F-4B4E-82BE-F1334C60F805}.Release|x64.Build.0 = Release|x64
		{F43C5140-BFC2-4D5E-AB23-EBDCDBB242E9}.Debug|x64.ActiveCfg = Debug|x64
		{F43C5140-BFC2-4D5E-AB23-EBDCDBB242E9}.Debug|x64.Build.0 = Debug|x64
		{F43C5140-BFC2-4D5E-AB23-EBDCDBB242E9}.Release|x64.ActiveCfg = Release|x64
		{F43C5140-BFC2-4D5E-AB23-EBDCDBB242E9}.Release|x64.Build.0 = Release|x64
		{CEC23322-896D-4C88-A588-D0F4A2A6A3EA}.Debug|x64.ActiveCfg = Debug|x64
		{CEC23322-896D-4C88-A588-D0F4A2A6A3EA}.Debug|x64.Build.0 = Debug|x64
		{CEC23322-896D-4C88-A588-D0F4A2A6A3EA}.Release|x64.ActiveCfg = Release|x64
		{CEC23322-896D-4C88-A588-D0F4A2A6A3EA}.Release|x64.Build.0 = Release|x64
		{67ED9623-4BF1-4C21-9749-2A5699D3C694}.Debug|x64.ActiveCfg = Debug|x64
		{67ED9623-4BF1-4C21-9749-2A5699D3C694}.Debug|x64.Build.0 = Debug|x64
		{67ED9623-4BF1-4C21-9749-2A5699D3C694}.Release|x64.ActiveCfg = Release|x64
		{67ED9623-4BF1-4C21-9749-2A5699D3C694}.Release|x64.Build.0 = Release|x64
		{47BFFF8B-37CC-4C47-A11F-9AB2B997BB4A}.Debug|x64.ActiveCfg = Debug|x64
		{47BFFF8B-37CC-4C47-A11F-9AB2B997BB4A}.Debug|x64.Build.0 = Debug|x64
		{47BFFF8B-37CC-4C47-A11F-9AB2B997BB4A}.Release|x64.ActiveCfg = Release|x64
		{47BFFF8B-37CC-4C47-A11F-9AB2B997BB4A}.Release|x64.Build.0 = Release|x64
		{1BDA8C82-D88E-4167-83D5-B51F6AFA0918}.Debug|x64.ActiveCfg = Debug|x64
		{1BDA8C82-D88E-4167-83D5-B51F6AFA0918}.Debug|x64.Build.0 = Debug|x64
		{1BDA8C82-D88E-4167-83D5-B51F6AFA0918}.Release|x64.ActiveCfg = Release|x64
		{1BDA8C82-D88E-4167-83D5-B51F6AFA0918}.Release|x64.Build.0 = Release|x64
		{1C90E47F-1CA0-4E15-B614-BC951CA5F13B}.Debug|x64.ActiveCfg = Debug|x64
		{1C90E47F-1CA0-4E15-B614-BC951CA5F13B}.Debug|x64.Build.0 = Debug|x64
		{1C90E47F-1CA0-4E15-B614-BC951CA5F13B}.Release|x64.ActiveCfg = Release|x64
		{1C90E47F-1CA0-4E15-B614-BC951CA5F13B}.Release|x64.Build.0 = Release|x64
		{DC0506E1-A1DB-488B-926B-977F74572F83}.Debug|x64.ActiveCfg = Debug|x64
		{DC0506E1-A1DB-488B-926B-977F74572F83}.Debug|x64.Build.0 = Debug|x64
		{DC0506E1-A1DB-488B-926B-977F74572F83}.Release|x64.ActiveCfg = Release|x64
		{DC0506E1-A1DB-488B-926B-977F74572F83}.Release|x64.Build.0 = Release|x64
		{914751CA-BCF2-4659-B640-DCA8B53ACD59}.Debug|x64.ActiveCfg = Debug|x64
		{914751CA-BCF2-4659-B640-DCA8B53ACD59}.Debug|x64.Build.0 = Debug|x64
		{914751CA-BCF2-4659-B640-DCA8B53ACD59}.Release|x64.ActiveCfg = Release|x64
		{914751CA-BCF2-4659-B640-DCA8B53ACD59}.Release|x64.Build.0 = Release|x64
		{20CDE570-C3C1-4BEC-8B16-440774A876C3}.Debug|x64.ActiveCfg = Debug|x64
		{20CDE570-C3C1-4BEC-8B16-440774A876C3}.Debug|x64.Build.0 = Debug|x64
		{20CDE570-C3C1-4BEC-8B16-440774A876C3}.Release|x64.ActiveCfg = Release|x64
		{20CDE570-C3C1-4BEC-8B16-440774A876C3}.Release|x64.Build.0 = Release|x64
		{F0C67568-2A63-49E1-9BF3-5BECAF6A7F98}.Debug|x64.ActiveCfg = Debug|x64
		{F0C67568-2A63-49E1-9BF3-5BECAF6A7F98}.Debug|x64.Build.0 = Debug|x64
		{F0C67568-2A63-49E1-9BF3-5BECAF6A7F98}.Release|x64.ActiveCfg = Release|x64
		{F0C67568-2A63-49E1-9BF3-5BECAF6A7F98}.Release|x64.Build.0 = Release|x64
		{78216085-73C0-47C3-B24E-FDEA23C2354F}.Debug|x64.ActiveCfg = Debug|x64
		{78216085-73C0-47C3-B24E-FDEA23C2354F}.Debug|x64.Build.0 = Debug|x64
		{78216085-73C0-47C3-B24E-FDEA23C2354F}.Release|x64.ActiveCfg = Release|x64
		{78216085-73C0-47C3-B24E-FDEA23C2354F}.Release|x64.Build.0 = Release|x64
		{7758751A-3C65-4377-948F-ADB111652C37}.Debug|x64.ActiveCfg = Debug|x64
		{7758751A-3C65-4377-948F-ADB111652C37}.Debug|x64.Build.0 = Debug|x64
		{7758751A-3C65-4377-948F-ADB111652C37}.Release|x64.ActiveCfg = Release|x64
		{7758751A-3C65-4377-948F-ADB111652C37}.Release|x64.Build.0 = Release|x64
		{29FF4BAA-4E02-432E-BAD8-73E50DDF7D10}.Debug|x64.ActiveCfg = Debug|x64
		{29FF4BAA-4E02-432E-BAD8-73E50DDF7D10}.Debug|x64.Build.0 = Debug|x64
		{29FF4BAA-4E02-432E-BAD8-73E50DDF7D10}.Release|x64.ActiveCfg = Release|x64
		{29FF4BAA-4E02-432E-BAD8-73E50DDF7D10}.Release|x64.Build.0 = Release|x64
		{50A158CB-AF2D-428E-9028-11E93D63A5DC}.Debug|x64.ActiveCfg = Debug|x64
		{50A158CB-AF2D-428E-9028-11E93D63A5DC}.Debug|x64.Build.0 = Debug|x64
		{50A158CB-AF2D-428E-9028-11E93D63A5DC}.Release|x64.ActiveCfg = Release|x64
		{50A158CB-AF2D-428E-9028-11E93D63A5DC}.Release|x64.Build.0 = Release|x64
		{9DDA2881-0F0D-4DBD-8C94-8C9B5CD68A77}.Debug|x64.ActiveCfg = Debug|x64
		{9DDA2881-0F0D-4DBD-8C94-8C9B5CD68A77}.Debug|x64.Build.0 = Debug|x64
		{9DDA2881-0F0D-4DBD-8C94-8C9B5CD68A77}.Release|x64.ActiveCfg = Release|x64
		{9DDA2881-0F0D-4DBD-8C94-8C9B5CD68A77}.Release|x64.Build.0 = Release|x64
		{34C4DB09-474F-4E52-86B5-E071A591DB4E}.Debug|x64.ActiveCfg = Debug|x64
		{34C4DB09-474F-4E52-86B5-E071A591DB4E}.Debug|x64.Build.0 = Debug|x64
		{34C4DB09-474F-4E52-86B5-E071A591DB4E}.Release|x64.ActiveCfg = Release|x64
		{34C4DB09-474F-4E52-86B5-E071A591DB4E}.Release|x64.Build.0 = Release|x64
		{06B0D065-B483-4300-9E18-6E08BE8C1B5C}.Debug|x64.ActiveCfg = Debug|x64
		{06B0D065-B483-4300-9E18-6E08BE8C1B5C}.Debug|x64.Build.0 = Debug|x64
		{06B0D065-B483-4300-9E18-6E08BE8C1B5C}.Release|x64.ActiveCfg = Release|x64
		{06B0D065-B483-4300-9E18-6E08BE8C1B5C}.Release|x64.Build.0 = Release|x64
		{A6893849-CCFA-47E6-B7C0-68BC2145C3D1}.Debug|x64.ActiveCfg = Debug|x64
		{A6893849-CCFA-47E6-B7C0-68BC2145C3D1}.Debug|x64.Build.0 = Debug|x64
		{A6893849-CCFA-47E6-B7C0-68BC2145C3D1}.Release|x64.ActiveCfg = Release|x64
		{A6893849-CCFA-47E6-B7C0-68BC2145C3D1}.Release|x64.Build.0 = Release|x64
		{5ED333DF-85B8-4F91-867D-64FA90A02EAB}.Debug|x64.ActiveCfg = Debug|x64
		{5ED333DF-85B8-4F91-867D-64FA90A02EAB}.Debug|x64.Build.0 = Debug|x64
		{5ED333DF-85B8-4F91-867D-64FA90A02EAB}.Release|x64.ActiveCfg = Release|x64
		{5ED333DF-85B8-4F91-867D-64FA90A02EAB}.Release|x64.Build.0 = Release|x64
		{BD3B63FF-17BF-493D-9A67-5AB38FE69E72}.Debug|x64.ActiveCfg = Debug|x64
		{BD3B63FF-17BF-493D-9A67-5AB38FE69E72}.Debug|x64.Build.0 = Debug|x64
		{BD3B63FF-17BF-493D-9A67-5AB38FE69E72}.Release|x64.ActiveCfg = Release|x64
		{BD3B63FF-17BF-493D-9A67-5AB38FE69E72}.Release|x64.Build.0 = Release|x64
		{BDD7ED2A-92FE-4289-B364-95FC9025E935}.Debug|x64.ActiveCfg = Debug|x64
		{BDD7ED2A-92FE-4289-B364-95FC9025E935}.Debug|x64.Build.0 = Debug|x64
		{BDD7ED2A-92FE-4289-B364-95FC9025E935}.Release|x64.ActiveCfg = Release|x64
		{BDD7ED2A-92FE-4289-B364-95FC9025E935}.Release|x64.Build.0 = Release|x64
		{A9DFE2C4-2A63-4257-8B84-A20EFF1D3DE0}.Debug|x64.ActiveCfg = Debug|x64
		{A9DFE2C4-2A63-4257-8B84-A20EFF1D3DE0}.Debug|x64.Build.0 = Debug|x64
		{A9DFE2C4-2A63-4257-8B84-A20EFF1D3DE0}.Release|x64.ActiveCfg = Release|x64
		{A9DFE2C4-2A63-4257-8B84-A20EFF1D3DE0}.Release|x64.Build.0 = Release|x64
		{8AA40F88-687A-4662-9F86-AECE0957EDE4}.Debug|x64.ActiveCfg = Debug|x64
		{8AA40F88-687A-4662-9F86-AECE0957EDE4}.Debug|x64.Build.0 = Debug|x64
		{8AA40F88-687A-4662-9F86-AECE0957EDE4}.Release|x64.ActiveCfg = Release|x64
		{8AA40F88-687A-4662-9F86-AECE0957EDE4}.Release|x64.Build.0 = Release|x64
		{66B9704D-E1EA-4DE4-8CA3-0EF132C9D7B1}.Debug|x64.ActiveCfg = Debug|x64
		{66B9704D-E1EA-4DE4-8CA3-0EF132C9D7B1}.Debug|x64.Build.0 = Debug|x64
		{66B9704D-E1EA-4DE4-8CA3-0EF132C9D7B1}.Release|x64.ActiveCfg = Release|x64
		{66B9704D-E1EA-4DE4-8CA3-0EF132C9D7B1}.Release|x64.Build.0 = Release|x64
		{C44482DF-660C-4824-9A39-101F63461DE2}.Debug|x64.ActiveCfg = Debug|x64
		{C44482DF-660C-4824-9A39-101F63461DE2}.Debug|x64.Build.0 = Debug|x64
		{C44482DF-660C-4824-9A39-101F63461DE2}.Release|x64.ActiveCfg = Release|x64
		{C44482DF-660C-4824-9A39-101F63461DE2}.Release|x64.Build.0 = Release|x64
		{FD9458D3-B895-4C65-854A-A21E3E614F23}.Debug|x64.ActiveCfg = Debug|x64
		{FD9458D3-B895-4C65-854A-A21E3E614F23}.Debug|x64.Build.0 = Debug|x64
		{FD9458D3-B895-4C65-854A-A21E3E614F23}.Release|x64.ActiveCfg = Release|x64
		{FD9458D3-B895-4C65-854A-A21E3E614F23}.Release|x64.Build.0 = Release|x64
		{000BEF97-ADB3-443D-B707-F1847EEBC4E0}.Debug|x64.ActiveCfg = Debug|x64
		{000BEF97-ADB3-443D-B707-F1847EEBC4E0}.Debug|x64.Build.0 = Debug|x64
		{000BEF97-ADB3-443D-B707-F1847EEBC4E0}.Release|x64.ActiveCfg = Release|x64
		{000BEF97-ADB3-443D-B707-F1847EEBC4E0}.Release|x64.Build.0 = Release|x64
		{4E8EA775-228A-49D2-B2D6-7666352E6FF1}.Debug|x64.ActiveCfg = Debug|x64
		{4E8EA775-228A-49D2-B2D6-7666352E6FF1}.Debug|x64.Build.0 = Debug|x64
		{4E8EA775-228A-49D2-B2D6-7666352E6FF1}.Release|x64.ActiveCfg = Release|x64
		{4E8EA775-228A-49D2-B2D6-7666352E6FF1}.Release|x64.Build.0 = Release|x64
		{67E1E9DC-1A44-4BFD-BDE8-3A6CABE51B62}.Debug|x64.ActiveCfg = Debug|x64
		{67E1E9DC-1A44-4BFD-BDE8-3A6CABE51B62}.Debug|x64.Build.0 = Debug|x64
		{67E1E9DC-1A44-4BFD-BDE8-3A6CABE51B62}.Release|x64.ActiveCfg = Release|x64
		{67E1E9DC-1A44-4BFD-BDE8-3A6CABE51B62}.Release|x64.Build.0 = Release|x64
		{18D11B98-FE6E-4189-A3C4-BAEA9950331B}.Debug|x64.ActiveCfg = Debug|x64
		{18D11B98-FE6E-4189-A3C4-BAEA9950331B}.Debug|x64.Build.0 = Debug|x64
		{18D11B98-FE6E-4189-A3C4-BAEA9950331B}.Release|x64.ActiveCfg = Release|x64
		{18D11B98-FE6E-4189-A3C4-BAEA9950331B}.Release|x64.Build.0 = Release|x64
		{265E2437-8465-4371-8E19-CB4AF193C3D5}.Debug|x64.ActiveCfg = Debug|x64
		{265E2437-8465-4371-8E19-CB4AF193C3D5}.Debug|x64.Build.0 = Debug|x64
		{265E2437-8465-4371-8E19-CB4AF193C3D5}.Release|x64.ActiveCfg = Release|x64
		{265E2437-8465-4371-8E19-CB4AF193C3D5}.Release|x64.Build.0 = Release|x64
		{061D5401-8C40-4A01-87A8-7E2BE5C75462}.Debug|x64.ActiveCfg = Debug|x64
		{061D5401-8C40-4A01-87A8-7E2BE5C75462}.Debug|x64.Build.0 = Debug|x64
		{061D5401-8C40-4A01-87A8-7E2BE5C75462}.Release|x64.ActiveCfg = Release|x64
		{061D5401-8C40-4A01-87A8-7E2BE5C75462}.Release|x64.Build.0 = Release|x64
		{DBAF6849-8CD6-4B62-9699-E2803BA6FF15}.Debug|x64.ActiveCfg = Debug|x64
		{DBAF6849-8CD6-4B62-9699-E2803BA6FF15}.Debug|x64.Build.0 = Debug|x64
		{DBAF6849-8CD6-4B62-9699-E2803BA6FF15}.Release|x64.ActiveCfg = Release|x64
		{DBAF6849-8CD6-4B62-9699-E2803BA6FF15}.Release|x64.Build.0 = Release|x64
		{963D1690-F2FF-4695-8BFF-C3FD3973C23B}.Debug|x64.ActiveCfg = Debug|x64
		{963D1690-F2FF-4695-8BFF-C3FD3973C23B}.Debug|x64.Build.0 = Debug|x64
		{963D1690-F2FF-4695-8BFF-C3FD3973C23B}.Release|x64.ActiveCfg = Release|x64
		{963D1690-F2FF-4695-8BFF-C3FD3973C23B}.Release|x64.Build.0 = Release|x64
		{3D1CFA48-3D0C-4F82-B8B1-606D913F4D38}.Debug|x64.ActiveCfg = Debug|x64
		{3D1CFA48-3D0C-4F82-B8B1-606D913F4D38}.Debug|x64.Build.0 = Debug|x64
		{3D1CFA48-3D0C-4F82-B8B1-606D913F4D38}.Release|x64.ActiveCfg = Release|x64
		{3D1CFA48-3D0C-4F82-B8B1-606D913F4D38}.Release|x64.Build.0 = Release|x64
		{26A601E0-4431-4B57-B565-E5B62786AF82}.Debug|x64.ActiveCfg = Debug|x64
		{26A601E0-4431-4B57-B565-E5B62786AF82}.Debug|x64.Build.0 = Debug|x64
		{26A601E0-4431-4B57-B565-E5B62786AF82}.Release|x64.ActiveCfg = Release|x64
		{26A601E0-4431-4B57-B565-E5B62786AF82}.Release|x64.Build.0 = Release|x64
		{F48A43BA-7549-442F-AC33-9A6F9A49E691}.Debug|x64.ActiveCfg = Debug|x64
		{F48A43BA-7549-442F-AC33-9A6F9A49E691}.Debug|x64.Build.0 = Debug|x64
		{F48A43BA-7549-442F-AC33-9A6F9A49E691}.Release|x64.ActiveCfg = Release|x64
		{F48A43BA-7549-442F-AC33-9A6F9A49E691}.Release|x64.Build.0 = Release|x64
		{113226F6-0A49-4317-9FA7-20AF2742F59B}.Debug|x64.ActiveCfg = Debug|x64
		{113226F6-0A49-4317-9FA7-20AF2742F59B}.Debug|x64.Build.0 = Debug|x64
		{113226F6-0A49-4317-9FA7-20AF2742F59B}.Release|x64.ActiveCfg = Release|x64
		{113226F6-0A49-4317-9FA7-20AF2742F59B}.Release|x64.Build.0 = Release|x64
		{A9D886C8-01AA-42C3-A5F9-512984E70E12}.Debug|x64.ActiveCfg = Debug|x64
		{A9D886C8-01AA-42C3-A5F9-512984E70E12}.Debug|x64.Build.0 = Debug|x64
		{A9D886C8-01AA-42C3-A5F9-512984E70E12}.Release|x64.ActiveCfg = Release|x64
		{A9D886C8-01AA-42C3-A5F9-512984E70E12}.Release|x64.Build.0 = Release|x64
		{82F8B94D-9435-41FD-A6CE-402947465777}.Debug|x64.ActiveCfg = Debug|x64
		{82F8B94D-9435-41FD-A6CE-402947465777}.Debug|x64.Build.0 = Debug|x64
		{82F8B94D-9435-41FD-A6CE-402947465777}.Release|x64.ActiveCfg = Release|x64
		{82F8B94D-9435-41FD-A6CE-402947465777}.Release|x64.Build.0 = Release|x64
		{BD706D09-886A-46F0-AF78-D2CD0D9AB2B3}.Debug|x64.ActiveCfg = Debug|x64
		{BD706D09-886A-46F0-AF78-D2CD0D9AB2B3}.Debug|x64.Build.0 = Debug|x64
		{BD706D09-886A-46F0-AF78-D2CD0D9AB2B3}.Release|x64.ActiveCfg = Release|x64
		{BD706D09-886A-46F0-AF78-D2CD0D9AB2B3}.Release|x64.Build.0 = Release|x64
		{D08C532B-1583-4795-8E92-D310C9806411}.Debug|x64.ActiveCfg = Debug|x64
		{D08C532B-1583-4795-8E92-D310C9806411}.Debug|x64.Build.0 = Debug|x64
		{D08C532B-1583-4795-8E92-D310C9806411}.Release|x64.ActiveCfg = Release|x64
		{D08C532B-1583-4795-8E92-D310C9806411}.Release|x64.Build.0 = Release|x64
		{E0D7BD36-0ED5-49DB-956D-36CA6ABCF0D7}.Debug|x64.ActiveCfg = Debug|x64
		{E0D7BD36-0ED5-49DB-956D-36CA6ABCF0D7}.Debug|x64.Build.0 = Debug|x64
		{E0D7BD36-0ED5-49DB-956D-36CA6ABCF0D7}.Release|x64.ActiveCfg = Release|x64
		{E0D7BD36-0ED5-49DB-956D-36CA6ABCF0D7}.Release|x64.Build.0 = Release|x64
		{7A4D5928-ECA3-4CF3-94F9-0EF3D827D1BC}.Debug|x64.ActiveCfg = Debug|x64
		{7A4D5928-ECA3-4CF3-94F9-0EF3D827D1BC}.Debug|x64.Build.0 = Debug|x64
		{7A4D5928-ECA3-4CF3-94F9-0EF3D827D1BC}.Release|x64.ActiveCfg = Release|x64
		{7A4D5928-ECA3-4CF3-94F9-0EF3D827D1BC}.Release|x64.Build.0 = Release|x64
		{398ED49E-AEC9-4310-8B77-76CE9B2AEAEB}.Debug|x64.ActiveCfg = Debug|x64
		{398ED49E-AEC9-4310-8B77-76CE9B2AEAEB}.Debug|x64.Build.0 = Debug|x64
		{398ED49E-AEC9-4310-8B77-76CE9B2AEAEB}.Release|x64.ActiveCfg = Release|x64
		{398ED49E-AEC9-4310-8B77-76CE9B2AEAEB}.Release|x64.Build.0 = Release|x64
		{12A73526-CCE0-4446-89F2-619128E15BCD}.Debug|x64.ActiveCfg = Debug|x64
		{12A73526-CCE0-4446-89F2-619128E15BCD}.Debug|x64.Build.0 = Debug|x64
		{12A73526-CCE0-4446-89F2-619128E15BCD}.Release|x64.ActiveCfg = Release|x64
		{12A73526-CCE0-4446-89F2-619128E15BCD}.Release|x64.Build.0 = Release|x64
		{FC16C4AC-F8FF-48B3-BA80-244C9B19ACB4}.Debug|x64.ActiveCfg = Debug|x64
		{FC16C4AC-F8FF-48B3-BA80-244C9B19ACB4}.Debug|x64.Build.0 = Debug|x64
		{FC16C4AC-F8FF-48B3-BA80-244C9B19ACB4}.Release|x64.ActiveCfg = Release|x64
		{FC16C4AC-F8FF-48B3-BA80-244C9B19ACB4}.Release|x64.Build.0 = Release|x64
		{F704B175-DB8F-43C0-9596-B0396A94D9CE}.Debug|x64.ActiveCfg = Debug|x64
		{F704B175-DB8F-43C0-9596-B0396A94D9CE}.Debug|x64.Build.0 = Debug|x64
		{F704B175-DB8F-43C0-9596-B0396A94D9CE}.Release|x64.ActiveCfg = Release|x64
		{F704B175-DB8F-43C0-9596-B0396A94D9CE}.Release|x64.Build.0 = Release|x64
		{F3BA9A6E-0812-4A9F-852C-3937B466D7C6}.Debug|x64.ActiveCfg = Debug|x64
		{F3BA9A6E-0812-4A9F-852C-3937B466D7C6}.Debug|x64.Build.0 = Debug|x64
		{F3BA9A6E-0812-4A9F-852C-3937B466D7C6}.Release|x64.ActiveCfg = Release|x64
		{F3BA9A6E-0812-4A9F-852C-3937B466D7C6}.Release|x64.Build.0 = Release|x64
		{41C14868-FC0A-44EE-9CD3-4EE05563B47F}.Debug|x64.ActiveCfg = Debug|x64
		{41C14868-FC0A-44EE-9CD3-4EE05563B47F}.Debug|x64.Build.0 = Debug|x64
		{41C14868-FC0A-44EE-9CD3-4EE05563B47F}.Release|x64.ActiveCfg = Release|x64
		{41C14868-FC0A-44EE-9CD3-4EE05563B47F}.Release|x64.Build.0 = Release|x64
		{66F41B46-A298-4FBF-8CA7-BEC33313B232}.Debug|x64.ActiveCfg = Debug|x64
		{66F41B46-A298-4FBF-8CA7-BEC33313B232}.Debug|x64.Build.0 = Debug|x64
		{66F41B46-A298-4FBF-8CA7-BEC33313B232}.Release|x64.ActiveCfg = Release|x64
		{66F41B46-A298-4FBF-8CA7-BEC33313B232}.Release|x64.Build.0 = Release|x64
		{8115B6A9-707C-485E-867A-51941F4B3C9E}.Debug|x64.ActiveCfg = Debug|x64
		{8115B6A9-707C-485E-867A-51941F4B3C9E}.Debug|x64.Build.0 = Debug|x64
		{8115B6A9-707C-485E-867A-51941F4B3C9E}.Release|x64.ActiveCfg = Release|x64
		{8115B6A9-707C-485E-867A-51941F4B3C9E}.Release|x64.Build.0 = Release|x64
		{A007F896-6AEE-40BB-89BB-5D88533B5140}.Debug|x64.ActiveCfg = Debug|x64
		{A007F896-6AEE-40BB-89BB-5D88533B5140}.Debug|x64.Build.0 = Debug|x64
		{A007F896-6AEE-40BB-89BB-5D88533B5140}.Release|x64.ActiveCfg = Release|x64
		{A007F896-6AEE-40BB-89BB-5D88533B5140}.Release|x64.Build.0 = Release|x64
		{B173BED1-991B-42E7-90CF-8CD8169541F9}.Debug|x64.ActiveCfg = Debug|x64
		{B173BED1-991B-42E7-90CF-8CD8169541F9}.Debug|x64.Build.0 = Debug|x64
		{B173BED1-991B-42E7-90CF-8CD8169541F9}.Release|x64.ActiveCfg = Release|x64
		{B173BED1-991B-42E7-90CF-8CD8169541F9}.Release|x64.Build.0 = Release|x64
		{BF27DB9A-2FB6-4777-9DF3-991FD64AF79F}.Debug|x64.ActiveCfg = Debug|x64
		{BF27DB9A-2FB6-4777-9DF3-991FD64AF79F}.Debug|x64.Build.0 = Debug|x64
		{BF27DB9A-2FB6-4777-9DF3-991FD64AF79F}.Release|x64.ActiveCfg = Release|x64
		{BF27DB9A-2FB6-4777-9DF3-991FD64AF79F}.Release|x64.Build.0 = Release|x64
		{4E8B6A06-758B-4A35-B3EA-D81C52C6DC0E}.Debug|x64.ActiveCfg = Debug|x64
		{4E8B6A06-758B-4A35-B3EA-D81C52C6DC0E}.Debug|x64.Build.0 = Debug|x64
		{4E8B6A06-758B-4A35-B3EA-D81C52C6DC0E}.Release|x64.ActiveCfg = Release|x64
		{4E8B6A06-758B-4A35-B3EA-D81C52C6DC0E}.Release|x64.Build.0 = Release|x64
		{5EE6755B-305A-4941-A6C9-DE6CA29358B4}.Debug|x64.ActiveCfg = Debug|x64
		{5EE6755B-305A-4941-A6C9-DE6CA29358B4}.Debug|x64.Build.0 = Debug|x64
		{5EE6755B-305A-4941-A6C9-DE6CA29358B4}.Release|x64.ActiveCfg = Release|x64
		{5EE6755B-305A-4941-A6C9-DE6CA29358B4}.Release|x64.Build.0 = Release|x64
		{83ADABC3-8159-4275-9005-9F7CAB602333}.Debug|x64.ActiveCfg = Debug|x64
		{83ADABC3-8159-4275-9005-9F7CAB602333}.Debug|x64.Build.0 = Debug|x64
		{83ADABC3-8159-4275-9005-9F7CAB602333}.Release|x64.ActiveCfg = Release|x64
		{83ADABC3-8159-4275-9005-9F7CAB602333}.Release|x64.Build.0 = Release|x64
		{2D5D0282-96F9-48CE-A3CA-90D9405921A2}.Debug|x64.ActiveCfg = Debug|x64
		{2D5D0282-96F9-48CE-A3CA-90D9405921A2}.Debug|x64.Build.0 = Debug|x64
		{2D5D0282-96F9-48CE-A3CA-90D9405921A2}.Release|x64.ActiveCfg = Release|x64
		{2D5D0282-96F9-48CE-A3CA-90D9405921A2}.Release|x64.Build.0 = Release|x64
		{FBE09C4C-C60C-4D07-A4CD-B32884DD30DD}.Debug|x64.ActiveCfg = Debug|x64
		{FBE09C4C-C60C-4D07-A4CD-B32884DD30DD}.Debug|x64.Build.0 = Debug|x64
		{FBE09C4C-C60C-4D07-A4CD-B32884DD30DD}.Release|x64.ActiveCfg = Release|x64
		{FBE09C4C-C60C-4D07-A4CD-B32884DD30DD}.Release|x64.Build.0 = Release|x64
		{05ED7AC5-733E-4761-91BE-789AE933DE1F}.Debug|x64.ActiveCfg = Debug|x64
		{05ED7AC5-733E-4761-91BE-789AE933DE1F}.Debug|x64.Build.0 = Debug|x64
		{05ED7AC5-733E-4761-91BE-789AE933DE1F}.Release|x64.ActiveCfg = Release|x64
		{05ED7AC5-733E-4761-91BE-789AE933DE1F}.Release|x64.Build.0 = Release|x64
		{40E9D299-6C33-49DA-A7A1-22B63CB7A119}.Debug|x64.ActiveCfg = Debug|x64
		{40E9D299-6C33-49DA-A7A1-22B63CB7A119}.Debug|x64.Build.0 = Debug|x64
		{40E9D299-6C33-49DA-A7A1-22B63CB7A119}.Release|x64.ActiveCfg = Release|x64
		{40E9D299-6C33-49DA-A7A1-22B63CB7A119}.Release|x64.Build.0 = Release|x64
		{43E6B31C-6218-4FEF-812B-F9B982F8B847}.Debug|x64.ActiveCfg = Debug|x64
		{43E6B31C-6218-4FEF-812B-F9B982F8B847}.Debug|x64.Build.0 = Debug|x64
		{43E6B31C-6218-4FEF-812B-F9B982F8B847}.Release|x64.ActiveCfg = Release|x64
		{43E6B31C-6218-4FEF-812B-F9B982F8B847}.Release|x64.Build.0 = Release|x64
		{CE97B618-10E9-417F-B410-ADCD0C167F38}.Debug|x64.ActiveCfg = Debug|x64
		{CE97B618-10E9-417F-B410-ADCD0C167F38}.Debug|x64.Build.0 = Debug|x64
		{CE97B618-10E9-417F-B410-ADCD0C167F38}.Release|x64.ActiveCfg = Release|x64
		{CE97B618-10E9-417F-B410-ADCD0C167F38}.Release|x64.Build.0 = Release|x64
		{08E7E6B0-8CAF-43C0-8A81-C680017EE479}.Debug|x64.ActiveCfg = Debug|x64
		{08E7E6B0-8CAF-43C0-8A81-C680017EE479}.Debug|x64.Build.0 = Debug|x64
		{08E7E6B0-8CAF-43C0-8A81-C680017EE479}.Release|x64.ActiveCfg = Release|x64
		{08E7E6B0-8CAF-43C0-8A81-C680017EE479}.Release|x64.Build.0 = Release|x64
		{268032E8-727C-4956-8A5C-07B7F4538862}.Debug|x64.ActiveCfg = Debug|x64
		{268032E8-727C-4956-8A5C-07B7F4538862}.Debug|x64.Build.0 = Debug|x64
		{268032E8-727C-4956-8A5C-07B7F4538862}.Release|x64.ActiveCfg = Release|x64
		{268032E8-727C-4956-8A5C-07B7F4538862}.Release|x64.Build.0 = Release|x64
		{A161DDDB-E021-46D7-85D4-F007A5FE32B7}.Debug|x64.ActiveCfg = Debug|x64
		{A161DDDB-E021-46D7-85D4-F007A5FE32B7}.Debug|x64.Build.0 = Debug|x64
		{A161DDDB-E021-46D7-85D4-F007A5FE32B7}.Release|x64.ActiveCfg = Release|x64
		{A161DDDB-E021-46D7-85D4-F007A5FE32B7}.Release|x64.Build.0 = Release|x64
		{777A37F3-3348-454A-AAD8-CAE24530F5EA}.Debug|x64.ActiveCfg = Debug|x64
		{777A37F3-3348-454A-AAD8-CAE24530F5EA}.Debug|x64.Build.0 = Debug|x64
		{777A37F3-3348-454A-AAD8-CAE24530F5EA}.Release|x64.ActiveCfg = Release|x64
		{777A37F3-3348-454A-AAD8-CAE24530F5EA}.Release|x64.Build.0 = Release|x64
		{FA801C71-BACA-4EFB-812C-C986F014F518}.Debug|x64.ActiveCfg = Debug|x64
		{FA801C71-BACA-4EFB-812C-C986F014F518}.Debug|x64.Build.0 = Debug|x64
		{FA801C71-BACA-4EFB-812C-C986F014F518}.Release|x64.ActiveCfg = Release|x64
		{FA801C71-BACA-4EFB-812C-C986F014F518}.Release|x64.Build.0 = Release|x64
		{A665EFBA-0D11-4D60-8E79-A0E66B178236}.Debug|x64.ActiveCfg = Debug|x64
		{A665EFBA-0D11-4D60-8E79-A0E66B178236}.Debug|x64.Build.0 = Debug|x64
		{A665EFBA-0D11-4D60-8E79-A0E66B178236}.Release|x64.ActiveCfg = Release|x64
		{A665EFBA-0D11-4D60-8E79-A0E66B178236}.Release|x64.Build.0 = Release|x64
		{1E2F1EF0-5E4F-40AA-BAFE-F4A3AA5EFE11}.Debug|x64.ActiveCfg = Debug|x64
		{1E2F1EF0-5E4F-40AA-BAFE-F4A3AA5EFE11}.Debug|x64.Build.0 = Debug|x64
		{1E2F1EF0-5E4F-40AA-BAFE-F4A3AA5EFE11}.Release|x64.ActiveCfg = Release|x64
		{1E2F1EF0-5E4F-40AA-BAFE-F4A3AA5EFE11}.Release|x64.Build.0 = Release|x64
		{5E281A3E-EE87-462A-99CA-AC8ED746C8F9}.Debug|x64.ActiveCfg = Debug|x64
		{5E281A3E-EE87-462A-99CA-AC8ED746C8F9}.Debug|x64.Build.0 = Debug|x64
		{5E281A3E-EE87-462A-99CA-AC8ED746C8F9}.Release|x64.ActiveCfg = Release|x64
		{5E281A3E-EE87-462A-99CA-AC8ED746C8F9}.Release|x64.Build.0 = Release|x64
		{ADB81151-77E7-478D-84F5-7D6239E62F51}.Debug|x64.ActiveCfg = Debug|x64
		{ADB81151-77E7-478D-84F5-7D6239E62F51}.Debug|x64.Build.0 = Debug|x64
		{ADB81151-77E7-478D-84F5-7D6239E62F51}.Release|x64.ActiveCfg = Release|x64
		{ADB81151-77E7-478D-84F5-7D6239E62F51}.Release|x64.Build.0 = Release|x64
	EndGlobalSection
	GlobalSection(SolutionProperties) = preSolution
		HideSolutionNode = FALSE
	EndGlobalSection
EndGlobal
