
Microsoft Visual Studio Solution File, Format Version 11.00
# Visual Studio 2010
Project("{8BC9CEB8-8B4A-11D0-8D11-00A0C91BC942}") = "admipex1", "admipex1.vcxproj", "{32371102-5EDE-47DA-B53C-490762F72C2D}"
EndProject
Project("{8BC9CEB8-8B4A-11D0-8D11-00A0C91BC942}") = "admipex2", "admipex2.vcxproj", "{A1B5FCFD-398E-47D7-A8C6-9B8DC9B8D66B}"
EndProject
Project("{8BC9CEB8-8B4A-11D0-8D11-00A0C91BC942}") = "admipex3", "admipex3.vcxproj", "{2695BF4F-EBD5-4E47-8890-ECF7C1AB2371}"
EndProject
Project("{8BC9CEB8-8B4A-11D0-8D11-00A0C91BC942}") = "admipex4", "admipex4.vcxproj", "{A138C42B-C532-4DB2-A59D-9EA88CB008A5}"
EndProject
Project("{8BC9CEB8-8B4A-11D0-8D11-00A0C91BC942}") = "admipex5", "admipex5.vcxproj", "{AC8D8B35-4E84-45ED-85EA-05D3D9BC59C9}"
EndProject
Project("{8BC9CEB8-8B4A-11D0-8D11-00A0C91BC942}") = "admipex6", "admipex6.vcxproj", "{78AF4E69-69C0-41FD-B2DF-6C631A1A3C0A}"
EndProject
Project("{8BC9CEB8-8B4A-11D0-8D11-00A0C91BC942}") = "admipex7", "admipex7.vcxproj", "{E4C66F38-6830-4E2C-8BCC-1FAA81888A72}"
EndProject
Project("{8BC9CEB8-8B4A-11D0-8D11-00A0C91BC942}") = "adpreex1", "adpreex1.vcxproj", "{75C74B7F-13BE-4A7C-AD72-EC5F841DC088}"
EndProject
Project("{8BC9CEB8-8B4A-11D0-8D11-00A0C91BC942}") = "diet", "diet.vcxproj", "{7E0CB978-44BE-43DF-A2BB-A06C95940E5A}"
EndProject
Project("{8BC9CEB8-8B4A-11D0-8D11-00A0C91BC942}") = "fixnet", "fixnet.vcxproj", "{CA7DC0C2-59DF-4D7E-8C2B-35299C0C74D8}"
EndProject
Project("{8BC9CEB8-8B4A-11D0-8D11-00A0C91BC942}") = "foodmanu", "foodmanu.vcxproj", "{CF4264F8-F91C-4132-B969-B4231403B528}"
EndProject
Project("{8BC9CEB8-8B4A-11D0-8D11-00A0C91BC942}") = "lpex1", "lpex1.vcxproj", "{7537BC49-9FDF-4B22-BEF5-8FFF70D6AD14}"
EndProject
Project("{8BC9CEB8-8B4A-11D0-8D11-00A0C91BC942}") = "lpex2", "lpex2.vcxproj", "{52C82EFD-D756-4491-9BD4-5B3B4A8E78F3}"
EndProject
Project("{8BC9CEB8-8B4A-11D0-8D11-00A0C91BC942}") = "lpex3", "lpex3.vcxproj", "{89E0FA5A-78A4-423F-847F-E2906CCB1743}"
EndProject
Project("{8BC9CEB8-8B4A-11D0-8D11-00A0C91BC942}") = "lpex4", "lpex4.vcxproj", "{71970600-6A9E-46A8-B158-5ED959BEAFE3}"
EndProject
Project("{8BC9CEB8-8B4A-11D0-8D11-00A0C91BC942}") = "lpex5", "lpex5.vcxproj", "{29BEA4E6-A0F7-4348-B822-23B5AFB71F08}"
EndProject
Project("{8BC9CEB8-8B4A-11D0-8D11-00A0C91BC942}") = "lpex6", "lpex6.vcxproj", "{12DFA68D-5BA8-4656-934E-42E8417D24DA}"
EndProject
Project("{8BC9CEB8-8B4A-11D0-8D11-00A0C91BC942}") = "lpex7", "lpex7.vcxproj", "{4D90BE55-6FA3-49CE-82B0-AC2A3AEAA2DC}"
EndProject
Project("{8BC9CEB8-8B4A-11D0-8D11-00A0C91BC942}") = "lpex8", "lpex8.vcxproj", "{032F3C97-8BA9-49C0-9617-E4256FADDC6D}"
EndProject
Project("{8BC9CEB8-8B4A-11D0-8D11-00A0C91BC942}") = "mipex1", "mipex1.vcxproj", "{76A84B80-43EC-45BA-9736-A9B10A5A7E69}"
EndProject
Project("{8BC9CEB8-8B4A-11D0-8D11-00A0C91BC942}") = "mipex2", "mipex2.vcxproj", "{227F4454-29D8-4D6C-A919-E9662F5BD7E1}"
EndProject
Project("{8BC9CEB8-8B4A-11D0-8D11-00A0C91BC942}") = "mipex3", "mipex3.vcxproj", "{4E58E0C9-6264-4D76-B27E-AB64617F7C06}"
EndProject
Project("{8BC9CEB8-8B4A-11D0-8D11-00A0C91BC942}") = "mipex4", "mipex4.vcxproj", "{5AAF7F8A-9810-42C4-ADCB-7BC4B69E18F9}"
EndProject
Project("{8BC9CEB8-8B4A-11D0-8D11-00A0C91BC942}") = "miqpex1", "miqpex1.vcxproj", "{A12B4707-A623-4EC7-B6C9-071F6A906C9C}"
EndProject
Project("{8BC9CEB8-8B4A-11D0-8D11-00A0C91BC942}") = "netex1", "netex1.vcxproj", "{D62CD2FA-B04A-48E4-88AA-866B1CEB56E5}"
EndProject
Project("{8BC9CEB8-8B4A-11D0-8D11-00A0C91BC942}") = "netex2", "netex2.vcxproj", "{8BFF8E9D-A4F4-4EC0-855F-450773F6579A}"
EndProject
Project("{8BC9CEB8-8B4A-11D0-8D11-00A0C91BC942}") = "populate", "populate.vcxproj", "{875302DE-BF26-4C5D-95A3-15117DE012E8}"
EndProject
Project("{8BC9CEB8-8B4A-11D0-8D11-00A0C91BC942}") = "qcpex1", "qcpex1.vcxproj", "{700E6E74-DB8E-4496-902A-005264955937}"
EndProject
Project("{8BC9CEB8-8B4A-11D0-8D11-00A0C91BC942}") = "qpex1", "qpex1.vcxproj", "{C8768A4F-29A1-45E4-BD8E-2ED4442C0ECC}"
EndProject
Project("{8BC9CEB8-8B4A-11D0-8D11-00A0C91BC942}") = "qpex2", "qpex2.vcxproj", "{7F27D2CD-F3B0-450D-A3BC-C14AD5B6FA3D}"
EndProject
Project("{8BC9CEB8-8B4A-11D0-8D11-00A0C91BC942}") = "steel", "steel.vcxproj", "{9F50CEA9-9153-4EC6-A7BE-15E97B3077CB}"
EndProject
Project("{8BC9CEB8-8B4A-11D0-8D11-00A0C91BC942}") = "tuneset", "tuneset.vcxproj", "{7515A961-BDAC-46F8-B5B2-D38EDD429EC5}"
EndProject
Project("{8BC9CEB8-8B4A-11D0-8D11-00A0C91BC942}") = "blend", "blend.vcxproj", "{3D1C703D-1CFA-4358-9268-1B9D383718F9}"
EndProject
Project("{8BC9CEB8-8B4A-11D0-8D11-00A0C91BC942}") = "cutstock", "cutstock.vcxproj", "{09DD14D4-5E9F-41F9-BB63-E750DDDC196B}"
EndProject
Project("{8BC9CEB8-8B4A-11D0-8D11-00A0C91BC942}") = "etsp", "etsp.vcxproj", "{25CD77DB-793C-48A5-8195-773182356742}"
EndProject
Project("{8BC9CEB8-8B4A-11D0-8D11-00A0C91BC942}") = "facility", "facility.vcxproj", "{9B07EC0F-A97D-4CD3-AE29-8E2FDF0024CD}"
EndProject
Project("{8BC9CEB8-8B4A-11D0-8D11-00A0C91BC942}") = "fixcost1", "fixcost1.vcxproj", "{8007EF26-8CF5-4AFC-B8AA-55217581705E}"
EndProject
Project("{8BC9CEB8-8B4A-11D0-8D11-00A0C91BC942}") = "foodmanufact", "foodmanufact.vcxproj", "{39FBA353-33DB-4B44-A2B6-F518CA2AB7E8}"
EndProject
Project("{8BC9CEB8-8B4A-11D0-8D11-00A0C91BC942}") = "iloadmipex1", "iloadmipex1.vcxproj", "{1A47B5F4-0FE1-4B90-9073-2DD207CD4863}"
EndProject
Project("{8BC9CEB8-8B4A-11D0-8D11-00A0C91BC942}") = "iloadmipex2", "iloadmipex2.vcxproj", "{F0DA6C4A-033E-4EF9-AD0E-C3D87D5350E8}"
EndProject
Project("{8BC9CEB8-8B4A-11D0-8D11-00A0C91BC942}") = "iloadmipex3", "iloadmipex3.vcxproj", "{E585E63E-79EF-488E-8597-23A1AF32709E}"
EndProject
Project("{8BC9CEB8-8B4A-11D0-8D11-00A0C91BC942}") = "iloadmipex4", "iloadmipex4.vcxproj", "{76637C5B-71F5-48F0-9DB1-0140138C4C20}"
EndProject
Project("{8BC9CEB8-8B4A-11D0-8D11-00A0C91BC942}") = "iloadmipex5", "iloadmipex5.vcxproj", "{9C619072-7144-4137-983C-C93202AF924E}"
EndProject
Project("{8BC9CEB8-8B4A-11D0-8D11-00A0C91BC942}") = "iloadmipex6", "iloadmipex6.vcxproj", "{1EE80926-99DD-4102-B65F-E9A91470DDA2}"
EndProject
Project("{8BC9CEB8-8B4A-11D0-8D11-00A0C91BC942}") = "ilodiet", "ilodiet.vcxproj", "{40280C29-CDB5-4B87-8514-51CABCD7E73D}"
EndProject
Project("{8BC9CEB8-8B4A-11D0-8D11-00A0C91BC942}") = "ilogoalex1", "ilogoalex1.vcxproj", "{6CDCC7C3-D9CC-4BB1-8874-6B64A2CB6CE7}"
EndProject
Project("{8BC9CEB8-8B4A-11D0-8D11-00A0C91BC942}") = "ilogoalex2", "ilogoalex2.vcxproj", "{4BE25999-26BA-402F-A1B4-7A39928744B0}"
EndProject
Project("{8BC9CEB8-8B4A-11D0-8D11-00A0C91BC942}") = "ilogoalex3", "ilogoalex3.vcxproj", "{62B915A7-9681-4BB8-9CB3-303B49AB7F66}"
EndProject
Project("{8BC9CEB8-8B4A-11D0-8D11-00A0C91BC942}") = "ilolpex1", "ilolpex1.vcxproj", "{449A8436-31E6-4F3B-B5CD-8451E68C2DF7}"
EndProject
Project("{8BC9CEB8-8B4A-11D0-8D11-00A0C91BC942}") = "ilolpex2", "ilolpex2.vcxproj", "{74D73CAE-C98E-4C20-BDED-B84E0AF34974}"
EndProject
Project("{8BC9CEB8-8B4A-11D0-8D11-00A0C91BC942}") = "ilolpex3", "ilolpex3.vcxproj", "{AFDA1BEA-C6FC-40B9-A725-440FDEEA6A08}"
EndProject
Project("{8BC9CEB8-8B4A-11D0-8D11-00A0C91BC942}") = "ilolpex4", "ilolpex4.vcxproj", "{B1327692-29E9-46D0-B41B-C1431042BA18}"
EndProject
Project("{8BC9CEB8-8B4A-11D0-8D11-00A0C91BC942}") = "ilolpex6", "ilolpex6.vcxproj", "{2ECB25A2-42FD-420B-99B1-114CAC9CFA3C}"
EndProject
Project("{8BC9CEB8-8B4A-11D0-8D11-00A0C91BC942}") = "ilolpex7", "ilolpex7.vcxproj", "{CC63F35A-D1D5-4F96-AC94-E958B4B67D49}"
EndProject
Project("{8BC9CEB8-8B4A-11D0-8D11-00A0C91BC942}") = "ilomipex1", "ilomipex1.vcxproj", "{1F42A517-2CF3-416D-B996-4A4008DDFBE4}"
EndProject
Project("{8BC9CEB8-8B4A-11D0-8D11-00A0C91BC942}") = "ilomipex2", "ilomipex2.vcxproj", "{9C9FD98D-66AE-4846-9D20-1471510E967C}"
EndProject
Project("{8BC9CEB8-8B4A-11D0-8D11-00A0C91BC942}") = "ilomipex3", "ilomipex3.vcxproj", "{E4434D1E-6A3E-4BBB-BB33-50D35F207283}"
EndProject
Project("{8BC9CEB8-8B4A-11D0-8D11-00A0C91BC942}") = "ilomipex4", "ilomipex4.vcxproj", "{DC7BADB6-7F36-4E40-B6BB-58D9F6EB1073}"
EndProject
Project("{8BC9CEB8-8B4A-11D0-8D11-00A0C91BC942}") = "ilomiqpex1", "ilomiqpex1.vcxproj", "{18EFD272-327D-4303-9D86-1A48CCE8BAF9}"
EndProject
Project("{8BC9CEB8-8B4A-11D0-8D11-00A0C91BC942}") = "ilopopulate", "ilopopulate.vcxproj", "{2917CAB8-7128-484E-B477-D5FE2FB279A9}"
EndProject
Project("{8BC9CEB8-8B4A-11D0-8D11-00A0C91BC942}") = "iloqcpex1", "iloqcpex1.vcxproj", "{04EDFD2D-F747-4100-BE23-24A1FA98D55F}"
EndProject
Project("{8BC9CEB8-8B4A-11D0-8D11-00A0C91BC942}") = "iloqpex1", "iloqpex1.vcxproj", "{D96D0454-6A77-49F4-9FD7-958FD41B218F}"
EndProject
Project("{8BC9CEB8-8B4A-11D0-8D11-00A0C91BC942}") = "iloqpex2", "iloqpex2.vcxproj", "{B8F3DBD5-B160-477C-83D2-6629091496D6}"
EndProject
Project("{8BC9CEB8-8B4A-11D0-8D11-00A0C91BC942}") = "ilosteel", "ilosteel.vcxproj", "{55C5B609-E784-432C-B6E9-32D5B8A8BB2C}"
EndProject
Project("{8BC9CEB8-8B4A-11D0-8D11-00A0C91BC942}") = "ilotuneset", "ilotuneset.vcxproj", "{35C6C877-DBF4-42A1-BDD1-88F86A6878D0}"
EndProject
Project("{8BC9CEB8-8B4A-11D0-8D11-00A0C91BC942}") = "inout1", "inout1.vcxproj", "{7AEAC193-B6B6-486B-B3C5-811415102254}"
EndProject
Project("{8BC9CEB8-8B4A-11D0-8D11-00A0C91BC942}") = "inout3", "inout3.vcxproj", "{965EFAA0-B2F6-417C-A962-7A57D9165AC4}"
EndProject
Project("{8BC9CEB8-8B4A-11D0-8D11-00A0C91BC942}") = "mixblend", "mixblend.vcxproj", "{488750BB-0D7F-4A26-9441-4A0778E5BC13}"
EndProject
Project("{8BC9CEB8-8B4A-11D0-8D11-00A0C91BC942}") = "rates", "rates.vcxproj", "{17C7A2A3-913E-4FFF-9F5E-063328EA8804}"
EndProject
Project("{8BC9CEB8-8B4A-11D0-8D11-00A0C91BC942}") = "transport", "transport.vcxproj", "{E00DDD49-7BE4-4B22-BE70-56DCC16112F2}"
EndProject
Project("{8BC9CEB8-8B4A-11D0-8D11-00A0C91BC942}") = "warehouse", "warehouse.vcxproj", "{C30B1C62-7050-44BC-8C9D-4B0B3EEEEAEA}"
EndProject
Project("{8BC9CEB8-8B4A-11D0-8D11-00A0C91BC942}") = "xadmipex1", "xadmipex1.vcxproj", "{B559F353-3A88-4AA8-8742-62D4A9BD82FA}"
EndProject
Project("{8BC9CEB8-8B4A-11D0-8D11-00A0C91BC942}") = "xadmipex2", "xadmipex2.vcxproj", "{334218B9-5EB8-449F-AD98-1827A98E47B9}"
EndProject
Project("{8BC9CEB8-8B4A-11D0-8D11-00A0C91BC942}") = "xadmipex3", "xadmipex3.vcxproj", "{B022B70A-2571-4F4D-AD6A-35873C17A475}"
EndProject
Project("{8BC9CEB8-8B4A-11D0-8D11-00A0C91BC942}") = "xadmipex4", "xadmipex4.vcxproj", "{D7F6E651-33E0-49AC-B0E6-B32B03337531}"
EndProject
Project("{8BC9CEB8-8B4A-11D0-8D11-00A0C91BC942}") = "xadmipex5", "xadmipex5.vcxproj", "{CD124FF2-BAD1-45B6-9933-D628F9CE84EF}"
EndProject
Project("{8BC9CEB8-8B4A-11D0-8D11-00A0C91BC942}") = "xadmipex6", "xadmipex6.vcxproj", "{D762EF17-A40E-42EE-9170-5CD9F66D6977}"
EndProject
Project("{8BC9CEB8-8B4A-11D0-8D11-00A0C91BC942}") = "xadmipex7", "xadmipex7.vcxproj", "{3863C5EA-9390-42A6-BA7B-29C61F6F5B8E}"
EndProject
Project("{8BC9CEB8-8B4A-11D0-8D11-00A0C91BC942}") = "xadpreex1", "xadpreex1.vcxproj", "{A8645E92-A8CD-42D6-B5FA-38E136B03F97}"
EndProject
Project("{8BC9CEB8-8B4A-11D0-8D11-00A0C91BC942}") = "xdiet", "xdiet.vcxproj", "{1E700820-A9B6-48A1-A088-732D7C87B3D6}"
EndProject
Project("{8BC9CEB8-8B4A-11D0-8D11-00A0C91BC942}") = "xfixnet", "xfixnet.vcxproj", "{5DFFA393-E3E2-45AE-9C1F-7BBE741656B1}"
EndProject
Project("{8BC9CEB8-8B4A-11D0-8D11-00A0C91BC942}") = "xfoodmanu", "xfoodmanu.vcxproj", "{22B244E6-6502-4C9A-BE64-0071AC0D1EE2}"
EndProject
Project("{8BC9CEB8-8B4A-11D0-8D11-00A0C91BC942}") = "xlpex1", "xlpex1.vcxproj", "{A97C5854-FE8D-478E-9591-0FD92F4F7C16}"
EndProject
Project("{8BC9CEB8-8B4A-11D0-8D11-00A0C91BC942}") = "xlpex2", "xlpex2.vcxproj", "{15797740-78D0-47A6-BF24-D9337CF08428}"
EndProject
Project("{8BC9CEB8-8B4A-11D0-8D11-00A0C91BC942}") = "xlpex3", "xlpex3.vcxproj", "{DC06972A-8C93-487F-8D24-12DB1ACC574D}"
EndProject
Project("{8BC9CEB8-8B4A-11D0-8D11-00A0C91BC942}") = "xlpex4", "xlpex4.vcxproj", "{E6AD283D-37F0-4D4D-BAB2-FCBC2113C382}"
EndProject
Project("{8BC9CEB8-8B4A-11D0-8D11-00A0C91BC942}") = "xlpex5", "xlpex5.vcxproj", "{13AEA492-ADE7-4D74-8F3C-9CEC4760664F}"
EndProject
Project("{8BC9CEB8-8B4A-11D0-8D11-00A0C91BC942}") = "xlpex6", "xlpex6.vcxproj", "{F8EA40EA-12B4-4DBA-A6A9-0AD916C7328B}"
EndProject
Project("{8BC9CEB8-8B4A-11D0-8D11-00A0C91BC942}") = "xlpex7", "xlpex7.vcxproj", "{FBF234EC-D57D-4A6B-8753-F679A308F4B8}"
EndProject
Project("{8BC9CEB8-8B4A-11D0-8D11-00A0C91BC942}") = "xlpex8", "xlpex8.vcxproj", "{236BACEB-1E43-4C28-A770-3FB22F0D0398}"
EndProject
Project("{8BC9CEB8-8B4A-11D0-8D11-00A0C91BC942}") = "xmipex1", "xmipex1.vcxproj", "{FF2F861F-EAD5-4D4D-BC4E-B8CF6035A86A}"
EndProject
Project("{8BC9CEB8-8B4A-11D0-8D11-00A0C91BC942}") = "xmipex2", "xmipex2.vcxproj", "{B8D80BB6-6ECD-4614-8DE0-E1B17851D237}"
EndProject
Project("{8BC9CEB8-8B4A-11D0-8D11-00A0C91BC942}") = "xmipex3", "xmipex3.vcxproj", "{E4210E4F-0F0B-4230-BD6F-46449ED9E042}"
EndProject
Project("{8BC9CEB8-8B4A-11D0-8D11-00A0C91BC942}") = "xmipex4", "xmipex4.vcxproj", "{11F2EBD1-C25F-4AFB-A587-1FDDE30F72F3}"
EndProject
Project("{8BC9CEB8-8B4A-11D0-8D11-00A0C91BC942}") = "xmiqpex1", "xmiqpex1.vcxproj", "{9887CE67-4063-4D88-8030-E8CC32BFEE53}"
EndProject
Project("{8BC9CEB8-8B4A-11D0-8D11-00A0C91BC942}") = "xnetex1", "xnetex1.vcxproj", "{46DE0358-E638-45C4-B2C8-70B7BB38D6FB}"
EndProject
Project("{8BC9CEB8-8B4A-11D0-8D11-00A0C91BC942}") = "xnetex2", "xnetex2.vcxproj", "{6B152430-8807-477A-ADFD-6AFFCF3DDF54}"
EndProject
Project("{8BC9CEB8-8B4A-11D0-8D11-00A0C91BC942}") = "xpopulate", "xpopulate.vcxproj", "{5A854883-43AA-4262-BDB0-39A6FE8D755C}"
EndProject
Project("{8BC9CEB8-8B4A-11D0-8D11-00A0C91BC942}") = "xqcpex1", "xqcpex1.vcxproj", "{9F05309B-1675-43A0-BB2B-5F859B23EB98}"
EndProject
Project("{8BC9CEB8-8B4A-11D0-8D11-00A0C91BC942}") = "xqpex1", "xqpex1.vcxproj", "{B6F40834-F940-4C8E-AB5D-A7020BE5B02E}"
EndProject
Project("{8BC9CEB8-8B4A-11D0-8D11-00A0C91BC942}") = "xqpex2", "xqpex2.vcxproj", "{5CD0415A-BB12-4FE2-9BBB-7F6DD0283C47}"
EndProject
Project("{8BC9CEB8-8B4A-11D0-8D11-00A0C91BC942}") = "xsteel", "xsteel.vcxproj", "{5844D485-99D8-4CCD-9C51-E7A515D19426}"
EndProject
Project("{8BC9CEB8-8B4A-11D0-8D11-00A0C91BC942}") = "xtuneset", "xtuneset.vcxproj", "{6F370868-F14E-4959-B08F-1085F4B5C721}"
EndProject
Project("{8BC9CEB8-8B4A-11D0-8D11-00A0C91BC942}") = "bendersatsp", "bendersatsp.vcxproj", "{55DC0B50-AF18-4ED1-97DD-A1366C908BC6}"
EndProject
Project("{8BC9CEB8-8B4A-11D0-8D11-00A0C91BC942}") = "xbendersatsp", "xbendersatsp.vcxproj", "{6DDEBF66-FFEC-4CC8-B8D1-CFB4E867FF01}"
EndProject
Project("{8BC9CEB8-8B4A-11D0-8D11-00A0C91BC942}") = "ilobendersatsp", "ilobendersatsp.vcxproj", "{069118B5-DC5F-4C40-9D19-679C109B2B41}"
EndProject
Project("{8BC9CEB8-8B4A-11D0-8D11-00A0C91BC942}") = "iloindefqpex1", "iloindefqpex1.vcxproj", "{943E78D2-EA23-4974-AB77-010BAC63F009}"
EndProject
Project("{8BC9CEB8-8B4A-11D0-8D11-00A0C91BC942}") = "indefqpex1", "indefqpex1.vcxproj", "{4217533F-0C5F-4200-B4F8-32122DE7598A}"
EndProject
Project("{8BC9CEB8-8B4A-11D0-8D11-00A0C91BC942}") = "xindefqpex1", "xindefqpex1.vcxproj", "{4911AFF4-BD9F-4D11-AB1F-86D5C76CE526}"
EndProject
Project("{8BC9CEB8-8B4A-11D0-8D11-00A0C91BC942}") = "socpex1", "socpex1.vcxproj", "{B6759E16-E90C-4BB7-B308-C1880B048778}"
EndProject
Project("{8BC9CEB8-8B4A-11D0-8D11-00A0C91BC942}") = "xsocpex1", "xsocpex1.vcxproj", "{956E6647-45A1-4929-99DC-3EFC82BAE6AC}"
EndProject
Project("{8BC9CEB8-8B4A-11D0-8D11-00A0C91BC942}") = "ilosocpex1", "ilosocpex1.vcxproj", "{3FA4AB9A-4C1B-47D6-AD5A-3F10A1D88FDF}"
EndProject
Project("{8BC9CEB8-8B4A-11D0-8D11-00A0C91BC942}") = "iloqpex3", "iloqpex3.vcxproj", "{180E868B-9842-46E8-91B3-BB565106B4BB}"
EndProject
Project("{8BC9CEB8-8B4A-11D0-8D11-00A0C91BC942}") = "iloqcpdual", "iloqcpdual.vcxproj", "{5F8497BE-95A2-4418-BEA8-CB8BA4CAD523}"
EndProject
Project("{8BC9CEB8-8B4A-11D0-8D11-00A0C91BC942}") = "qcpdual", "qcpdual.vcxproj", "{8E28885C-8BAF-4832-864F-BAC86237F658}"
EndProject
Project("{8BC9CEB8-8B4A-11D0-8D11-00A0C91BC942}") = "xqcpdual", "xqcpdual.vcxproj", "{57B1C596-4876-44FE-AE13-3B9903BD9E97}"
EndProject
Project("{8BC9CEB8-8B4A-11D0-8D11-00A0C91BC942}") = "globalqpex1", "globalqpex1.vcxproj", "{0E4F3A98-2310-4502-AD42-4A6514C223D1}"
EndProject
Project("{8BC9CEB8-8B4A-11D0-8D11-00A0C91BC942}") = "globalmiqpex1", "globalmiqpex1.vcxproj", "{81144927-2AD4-4492-93A1-60288B433A32}"
EndProject
Project("{8BC9CEB8-8B4A-11D0-8D11-00A0C91BC942}") = "xglobalqpex1", "xglobalqpex1.vcxproj", "{2BBD1D03-D678-48EC-80FD-DA829E79AC8D}"
EndProject
Project("{8BC9CEB8-8B4A-11D0-8D11-00A0C91BC942}") = "xglobalmiqpex1", "xglobalmiqpex1.vcxproj", "{7E414F30-60DC-4DE6-BE38-94194EE6E3FE}"
EndProject
Project("{8BC9CEB8-8B4A-11D0-8D11-00A0C91BC942}") = "iloglobalqpex1", "iloglobalqpex1.vcxproj", "{5E73C6CC-CFE0-4998-82C6-3745AA5FF411}"
EndProject
Global
	GlobalSection(SolutionConfigurationPlatforms) = preSolution
		Debug|x64 = Debug|x64
		Release|x64 = Release|x64
	EndGlobalSection
	GlobalSection(ProjectConfigurationPlatforms) = postSolution
		{32371102-5EDE-47DA-B53C-490762F72C2D}.Debug|x64.ActiveCfg = Debug|x64
		{32371102-5EDE-47DA-B53C-490762F72C2D}.Debug|x64.Build.0 = Debug|x64
		{32371102-5EDE-47DA-B53C-490762F72C2D}.Release|x64.ActiveCfg = Release|x64
		{32371102-5EDE-47DA-B53C-490762F72C2D}.Release|x64.Build.0 = Release|x64
		{A1B5FCFD-398E-47D7-A8C6-9B8DC9B8D66B}.Debug|x64.ActiveCfg = Debug|x64
		{A1B5FCFD-398E-47D7-A8C6-9B8DC9B8D66B}.Debug|x64.Build.0 = Debug|x64
		{A1B5FCFD-398E-47D7-A8C6-9B8DC9B8D66B}.Release|x64.ActiveCfg = Release|x64
		{A1B5FCFD-398E-47D7-A8C6-9B8DC9B8D66B}.Release|x64.Build.0 = Release|x64
		{2695BF4F-EBD5-4E47-8890-ECF7C1AB2371}.Debug|x64.ActiveCfg = Debug|x64
		{2695BF4F-EBD5-4E47-8890-ECF7C1AB2371}.Debug|x64.Build.0 = Debug|x64
		{2695BF4F-EBD5-4E47-8890-ECF7C1AB2371}.Release|x64.ActiveCfg = Release|x64
		{2695BF4F-EBD5-4E47-8890-ECF7C1AB2371}.Release|x64.Build.0 = Release|x64
		{A138C42B-C532-4DB2-A59D-9EA88CB008A5}.Debug|x64.ActiveCfg = Debug|x64
		{A138C42B-C532-4DB2-A59D-9EA88CB008A5}.Debug|x64.Build.0 = Debug|x64
		{A138C42B-C532-4DB2-A59D-9EA88CB008A5}.Release|x64.ActiveCfg = Release|x64
		{A138C42B-C532-4DB2-A59D-9EA88CB008A5}.Release|x64.Build.0 = Release|x64
		{AC8D8B35-4E84-45ED-85EA-05D3D9BC59C9}.Debug|x64.ActiveCfg = Debug|x64
		{AC8D8B35-4E84-45ED-85EA-05D3D9BC59C9}.Debug|x64.Build.0 = Debug|x64
		{AC8D8B35-4E84-45ED-85EA-05D3D9BC59C9}.Release|x64.ActiveCfg = Release|x64
		{AC8D8B35-4E84-45ED-85EA-05D3D9BC59C9}.Release|x64.Build.0 = Release|x64
		{78AF4E69-69C0-41FD-B2DF-6C631A1A3C0A}.Debug|x64.ActiveCfg = Debug|x64
		{78AF4E69-69C0-41FD-B2DF-6C631A1A3C0A}.Debug|x64.Build.0 = Debug|x64
		{78AF4E69-69C0-41FD-B2DF-6C631A1A3C0A}.Release|x64.ActiveCfg = Release|x64
		{78AF4E69-69C0-41FD-B2DF-6C631A1A3C0A}.Release|x64.Build.0 = Release|x64
		{E4C66F38-6830-4E2C-8BCC-1FAA81888A72}.Debug|x64.ActiveCfg = Debug|x64
		{E4C66F38-6830-4E2C-8BCC-1FAA81888A72}.Debug|x64.Build.0 = Debug|x64
		{E4C66F38-6830-4E2C-8BCC-1FAA81888A72}.Release|x64.ActiveCfg = Release|x64
		{E4C66F38-6830-4E2C-8BCC-1FAA81888A72}.Release|x64.Build.0 = Release|x64
		{75C74B7F-13BE-4A7C-AD72-EC5F841DC088}.Debug|x64.ActiveCfg = Debug|x64
		{75C74B7F-13BE-4A7C-AD72-EC5F841DC088}.Debug|x64.Build.0 = Debug|x64
		{75C74B7F-13BE-4A7C-AD72-EC5F841DC088}.Release|x64.ActiveCfg = Release|x64
		{75C74B7F-13BE-4A7C-AD72-EC5F841DC088}.Release|x64.Build.0 = Release|x64
		{7E0CB978-44BE-43DF-A2BB-A06C95940E5A}.Debug|x64.ActiveCfg = Debug|x64
		{7E0CB978-44BE-43DF-A2BB-A06C95940E5A}.Debug|x64.Build.0 = Debug|x64
		{7E0CB978-44BE-43DF-A2BB-A06C95940E5A}.Release|x64.ActiveCfg = Release|x64
		{7E0CB978-44BE-43DF-A2BB-A06C95940E5A}.Release|x64.Build.0 = Release|x64
		{CA7DC0C2-59DF-4D7E-8C2B-35299C0C74D8}.Debug|x64.ActiveCfg = Debug|x64
		{CA7DC0C2-59DF-4D7E-8C2B-35299C0C74D8}.Debug|x64.Build.0 = Debug|x64
		{CA7DC0C2-59DF-4D7E-8C2B-35299C0C74D8}.Release|x64.ActiveCfg = Release|x64
		{CA7DC0C2-59DF-4D7E-8C2B-35299C0C74D8}.Release|x64.Build.0 = Release|x64
		{CF4264F8-F91C-4132-B969-B4231403B528}.Debug|x64.ActiveCfg = Debug|x64
		{CF4264F8-F91C-4132-B969-B4231403B528}.Debug|x64.Build.0 = Debug|x64
		{CF4264F8-F91C-4132-B969-B4231403B528}.Release|x64.ActiveCfg = Release|x64
		{CF4264F8-F91C-4132-B969-B4231403B528}.Release|x64.Build.0 = Release|x64
		{7537BC49-9FDF-4B22-BEF5-8FFF70D6AD14}.Debug|x64.ActiveCfg = Debug|x64
		{7537BC49-9FDF-4B22-BEF5-8FFF70D6AD14}.Debug|x64.Build.0 = Debug|x64
		{7537BC49-9FDF-4B22-BEF5-8FFF70D6AD14}.Release|x64.ActiveCfg = Release|x64
		{7537BC49-9FDF-4B22-BEF5-8FFF70D6AD14}.Release|x64.Build.0 = Release|x64
		{52C82EFD-D756-4491-9BD4-5B3B4A8E78F3}.Debug|x64.ActiveCfg = Debug|x64
		{52C82EFD-D756-4491-9BD4-5B3B4A8E78F3}.Debug|x64.Build.0 = Debug|x64
		{52C82EFD-D756-4491-9BD4-5B3B4A8E78F3}.Release|x64.ActiveCfg = Release|x64
		{52C82EFD-D756-4491-9BD4-5B3B4A8E78F3}.Release|x64.Build.0 = Release|x64
		{89E0FA5A-78A4-423F-847F-E2906CCB1743}.Debug|x64.ActiveCfg = Debug|x64
		{89E0FA5A-78A4-423F-847F-E2906CCB1743}.Debug|x64.Build.0 = Debug|x64
		{89E0FA5A-78A4-423F-847F-E2906CCB1743}.Release|x64.ActiveCfg = Release|x64
		{89E0FA5A-78A4-423F-847F-E2906CCB1743}.Release|x64.Build.0 = Release|x64
		{71970600-6A9E-46A8-B158-5ED959BEAFE3}.Debug|x64.ActiveCfg = Debug|x64
		{71970600-6A9E-46A8-B158-5ED959BEAFE3}.Debug|x64.Build.0 = Debug|x64
		{71970600-6A9E-46A8-B158-5ED959BEAFE3}.Release|x64.ActiveCfg = Release|x64
		{71970600-6A9E-46A8-B158-5ED959BEAFE3}.Release|x64.Build.0 = Release|x64
		{29BEA4E6-A0F7-4348-B822-23B5AFB71F08}.Debug|x64.ActiveCfg = Debug|x64
		{29BEA4E6-A0F7-4348-B822-23B5AFB71F08}.Debug|x64.Build.0 = Debug|x64
		{29BEA4E6-A0F7-4348-B822-23B5AFB71F08}.Release|x64.ActiveCfg = Release|x64
		{29BEA4E6-A0F7-4348-B822-23B5AFB71F08}.Release|x64.Build.0 = Release|x64
		{12DFA68D-5BA8-4656-934E-42E8417D24DA}.Debug|x64.ActiveCfg = Debug|x64
		{12DFA68D-5BA8-4656-934E-42E8417D24DA}.Debug|x64.Build.0 = Debug|x64
		{12DFA68D-5BA8-4656-934E-42E8417D24DA}.Release|x64.ActiveCfg = Release|x64
		{12DFA68D-5BA8-4656-934E-42E8417D24DA}.Release|x64.Build.0 = Release|x64
		{4D90BE55-6FA3-49CE-82B0-AC2A3AEAA2DC}.Debug|x64.ActiveCfg = Debug|x64
		{4D90BE55-6FA3-49CE-82B0-AC2A3AEAA2DC}.Debug|x64.Build.0 = Debug|x64
		{4D90BE55-6FA3-49CE-82B0-AC2A3AEAA2DC}.Release|x64.ActiveCfg = Release|x64
		{4D90BE55-6FA3-49CE-82B0-AC2A3AEAA2DC}.Release|x64.Build.0 = Release|x64
		{032F3C97-8BA9-49C0-9617-E4256FADDC6D}.Debug|x64.ActiveCfg = Debug|x64
		{032F3C97-8BA9-49C0-9617-E4256FADDC6D}.Debug|x64.Build.0 = Debug|x64
		{032F3C97-8BA9-49C0-9617-E4256FADDC6D}.Release|x64.ActiveCfg = Release|x64
		{032F3C97-8BA9-49C0-9617-E4256FADDC6D}.Release|x64.Build.0 = Release|x64
		{76A84B80-43EC-45BA-9736-A9B10A5A7E69}.Debug|x64.ActiveCfg = Debug|x64
		{76A84B80-43EC-45BA-9736-A9B10A5A7E69}.Debug|x64.Build.0 = Debug|x64
		{76A84B80-43EC-45BA-9736-A9B10A5A7E69}.Release|x64.ActiveCfg = Release|x64
		{76A84B80-43EC-45BA-9736-A9B10A5A7E69}.Release|x64.Build.0 = Release|x64
		{227F4454-29D8-4D6C-A919-E9662F5BD7E1}.Debug|x64.ActiveCfg = Debug|x64
		{227F4454-29D8-4D6C-A919-E9662F5BD7E1}.Debug|x64.Build.0 = Debug|x64
		{227F4454-29D8-4D6C-A919-E9662F5BD7E1}.Release|x64.ActiveCfg = Release|x64
		{227F4454-29D8-4D6C-A919-E9662F5BD7E1}.Release|x64.Build.0 = Release|x64
		{4E58E0C9-6264-4D76-B27E-AB64617F7C06}.Debug|x64.ActiveCfg = Debug|x64
		{4E58E0C9-6264-4D76-B27E-AB64617F7C06}.Debug|x64.Build.0 = Debug|x64
		{4E58E0C9-6264-4D76-B27E-AB64617F7C06}.Release|x64.ActiveCfg = Release|x64
		{4E58E0C9-6264-4D76-B27E-AB64617F7C06}.Release|x64.Build.0 = Release|x64
		{5AAF7F8A-9810-42C4-ADCB-7BC4B69E18F9}.Debug|x64.ActiveCfg = Debug|x64
		{5AAF7F8A-9810-42C4-ADCB-7BC4B69E18F9}.Debug|x64.Build.0 = Debug|x64
		{5AAF7F8A-9810-42C4-ADCB-7BC4B69E18F9}.Release|x64.ActiveCfg = Release|x64
		{5AAF7F8A-9810-42C4-ADCB-7BC4B69E18F9}.Release|x64.Build.0 = Release|x64
		{A12B4707-A623-4EC7-B6C9-071F6A906C9C}.Debug|x64.ActiveCfg = Debug|x64
		{A12B4707-A623-4EC7-B6C9-071F6A906C9C}.Debug|x64.Build.0 = Debug|x64
		{A12B4707-A623-4EC7-B6C9-071F6A906C9C}.Release|x64.ActiveCfg = Release|x64
		{A12B4707-A623-4EC7-B6C9-071F6A906C9C}.Release|x64.Build.0 = Release|x64
		{D62CD2FA-B04A-48E4-88AA-866B1CEB56E5}.Debug|x64.ActiveCfg = Debug|x64
		{D62CD2FA-B04A-48E4-88AA-866B1CEB56E5}.Debug|x64.Build.0 = Debug|x64
		{D62CD2FA-B04A-48E4-88AA-866B1CEB56E5}.Release|x64.ActiveCfg = Release|x64
		{D62CD2FA-B04A-48E4-88AA-866B1CEB56E5}.Release|x64.Build.0 = Release|x64
		{8BFF8E9D-A4F4-4EC0-855F-450773F6579A}.Debug|x64.ActiveCfg = Debug|x64
		{8BFF8E9D-A4F4-4EC0-855F-450773F6579A}.Debug|x64.Build.0 = Debug|x64
		{8BFF8E9D-A4F4-4EC0-855F-450773F6579A}.Release|x64.ActiveCfg = Release|x64
		{8BFF8E9D-A4F4-4EC0-855F-450773F6579A}.Release|x64.Build.0 = Release|x64
		{875302DE-BF26-4C5D-95A3-15117DE012E8}.Debug|x64.ActiveCfg = Debug|x64
		{875302DE-BF26-4C5D-95A3-15117DE012E8}.Debug|x64.Build.0 = Debug|x64
		{875302DE-BF26-4C5D-95A3-15117DE012E8}.Release|x64.ActiveCfg = Release|x64
		{875302DE-BF26-4C5D-95A3-15117DE012E8}.Release|x64.Build.0 = Release|x64
		{700E6E74-DB8E-4496-902A-005264955937}.Debug|x64.ActiveCfg = Debug|x64
		{700E6E74-DB8E-4496-902A-005264955937}.Debug|x64.Build.0 = Debug|x64
		{700E6E74-DB8E-4496-902A-005264955937}.Release|x64.ActiveCfg = Release|x64
		{700E6E74-DB8E-4496-902A-005264955937}.Release|x64.Build.0 = Release|x64
		{C8768A4F-29A1-45E4-BD8E-2ED4442C0ECC}.Debug|x64.ActiveCfg = Debug|x64
		{C8768A4F-29A1-45E4-BD8E-2ED4442C0ECC}.Debug|x64.Build.0 = Debug|x64
		{C8768A4F-29A1-45E4-BD8E-2ED4442C0ECC}.Release|x64.ActiveCfg = Release|x64
		{C8768A4F-29A1-45E4-BD8E-2ED4442C0ECC}.Release|x64.Build.0 = Release|x64
		{7F27D2CD-F3B0-450D-A3BC-C14AD5B6FA3D}.Debug|x64.ActiveCfg = Debug|x64
		{7F27D2CD-F3B0-450D-A3BC-C14AD5B6FA3D}.Debug|x64.Build.0 = Debug|x64
		{7F27D2CD-F3B0-450D-A3BC-C14AD5B6FA3D}.Release|x64.ActiveCfg = Release|x64
		{7F27D2CD-F3B0-450D-A3BC-C14AD5B6FA3D}.Release|x64.Build.0 = Release|x64
		{9F50CEA9-9153-4EC6-A7BE-15E97B3077CB}.Debug|x64.ActiveCfg = Debug|x64
		{9F50CEA9-9153-4EC6-A7BE-15E97B3077CB}.Debug|x64.Build.0 = Debug|x64
		{9F50CEA9-9153-4EC6-A7BE-15E97B3077CB}.Release|x64.ActiveCfg = Release|x64
		{9F50CEA9-9153-4EC6-A7BE-15E97B3077CB}.Release|x64.Build.0 = Release|x64
		{7515A961-BDAC-46F8-B5B2-D38EDD429EC5}.Debug|x64.ActiveCfg = Debug|x64
		{7515A961-BDAC-46F8-B5B2-D38EDD429EC5}.Debug|x64.Build.0 = Debug|x64
		{7515A961-BDAC-46F8-B5B2-D38EDD429EC5}.Release|x64.ActiveCfg = Release|x64
		{7515A961-BDAC-46F8-B5B2-D38EDD429EC5}.Release|x64.Build.0 = Release|x64
		{3D1C703D-1CFA-4358-9268-1B9D383718F9}.Debug|x64.ActiveCfg = Debug|x64
		{3D1C703D-1CFA-4358-9268-1B9D383718F9}.Debug|x64.Build.0 = Debug|x64
		{3D1C703D-1CFA-4358-9268-1B9D383718F9}.Release|x64.ActiveCfg = Release|x64
		{3D1C703D-1CFA-4358-9268-1B9D383718F9}.Release|x64.Build.0 = Release|x64
		{09DD14D4-5E9F-41F9-BB63-E750DDDC196B}.Debug|x64.ActiveCfg = Debug|x64
		{09DD14D4-5E9F-41F9-BB63-E750DDDC196B}.Debug|x64.Build.0 = Debug|x64
		{09DD14D4-5E9F-41F9-BB63-E750DDDC196B}.Release|x64.ActiveCfg = Release|x64
		{09DD14D4-5E9F-41F9-BB63-E750DDDC196B}.Release|x64.Build.0 = Release|x64
		{25CD77DB-793C-48A5-8195-773182356742}.Debug|x64.ActiveCfg = Debug|x64
		{25CD77DB-793C-48A5-8195-773182356742}.Debug|x64.Build.0 = Debug|x64
		{25CD77DB-793C-48A5-8195-773182356742}.Release|x64.ActiveCfg = Release|x64
		{25CD77DB-793C-48A5-8195-773182356742}.Release|x64.Build.0 = Release|x64
		{9B07EC0F-A97D-4CD3-AE29-8E2FDF0024CD}.Debug|x64.ActiveCfg = Debug|x64
		{9B07EC0F-A97D-4CD3-AE29-8E2FDF0024CD}.Debug|x64.Build.0 = Debug|x64
		{9B07EC0F-A97D-4CD3-AE29-8E2FDF0024CD}.Release|x64.ActiveCfg = Release|x64
		{9B07EC0F-A97D-4CD3-AE29-8E2FDF0024CD}.Release|x64.Build.0 = Release|x64
		{8007EF26-8CF5-4AFC-B8AA-55217581705E}.Debug|x64.ActiveCfg = Debug|x64
		{8007EF26-8CF5-4AFC-B8AA-55217581705E}.Debug|x64.Build.0 = Debug|x64
		{8007EF26-8CF5-4AFC-B8AA-55217581705E}.Release|x64.ActiveCfg = Release|x64
		{8007EF26-8CF5-4AFC-B8AA-55217581705E}.Release|x64.Build.0 = Release|x64
		{39FBA353-33DB-4B44-A2B6-F518CA2AB7E8}.Debug|x64.ActiveCfg = Debug|x64
		{39FBA353-33DB-4B44-A2B6-F518CA2AB7E8}.Debug|x64.Build.0 = Debug|x64
		{39FBA353-33DB-4B44-A2B6-F518CA2AB7E8}.Release|x64.ActiveCfg = Release|x64
		{39FBA353-33DB-4B44-A2B6-F518CA2AB7E8}.Release|x64.Build.0 = Release|x64
		{1A47B5F4-0FE1-4B90-9073-2DD207CD4863}.Debug|x64.ActiveCfg = Debug|x64
		{1A47B5F4-0FE1-4B90-9073-2DD207CD4863}.Debug|x64.Build.0 = Debug|x64
		{1A47B5F4-0FE1-4B90-9073-2DD207CD4863}.Release|x64.ActiveCfg = Release|x64
		{1A47B5F4-0FE1-4B90-9073-2DD207CD4863}.Release|x64.Build.0 = Release|x64
		{F0DA6C4A-033E-4EF9-AD0E-C3D87D5350E8}.Debug|x64.ActiveCfg = Debug|x64
		{F0DA6C4A-033E-4EF9-AD0E-C3D87D5350E8}.Debug|x64.Build.0 = Debug|x64
		{F0DA6C4A-033E-4EF9-AD0E-C3D87D5350E8}.Release|x64.ActiveCfg = Release|x64
		{F0DA6C4A-033E-4EF9-AD0E-C3D87D5350E8}.Release|x64.Build.0 = Release|x64
		{E585E63E-79EF-488E-8597-23A1AF32709E}.Debug|x64.ActiveCfg = Debug|x64
		{E585E63E-79EF-488E-8597-23A1AF32709E}.Debug|x64.Build.0 = Debug|x64
		{E585E63E-79EF-488E-8597-23A1AF32709E}.Release|x64.ActiveCfg = Release|x64
		{E585E63E-79EF-488E-8597-23A1AF32709E}.Release|x64.Build.0 = Release|x64
		{76637C5B-71F5-48F0-9DB1-0140138C4C20}.Debug|x64.ActiveCfg = Debug|x64
		{76637C5B-71F5-48F0-9DB1-0140138C4C20}.Debug|x64.Build.0 = Debug|x64
		{76637C5B-71F5-48F0-9DB1-0140138C4C20}.Release|x64.ActiveCfg = Release|x64
		{76637C5B-71F5-48F0-9DB1-0140138C4C20}.Release|x64.Build.0 = Release|x64
		{9C619072-7144-4137-983C-C93202AF924E}.Debug|x64.ActiveCfg = Debug|x64
		{9C619072-7144-4137-983C-C93202AF924E}.Debug|x64.Build.0 = Debug|x64
		{9C619072-7144-4137-983C-C93202AF924E}.Release|x64.ActiveCfg = Release|x64
		{9C619072-7144-4137-983C-C93202AF924E}.Release|x64.Build.0 = Release|x64
		{1EE80926-99DD-4102-B65F-E9A91470DDA2}.Debug|x64.ActiveCfg = Debug|x64
		{1EE80926-99DD-4102-B65F-E9A91470DDA2}.Debug|x64.Build.0 = Debug|x64
		{1EE80926-99DD-4102-B65F-E9A91470DDA2}.Release|x64.ActiveCfg = Release|x64
		{1EE80926-99DD-4102-B65F-E9A91470DDA2}.Release|x64.Build.0 = Release|x64
		{40280C29-CDB5-4B87-8514-51CABCD7E73D}.Debug|x64.ActiveCfg = Debug|x64
		{40280C29-CDB5-4B87-8514-51CABCD7E73D}.Debug|x64.Build.0 = Debug|x64
		{40280C29-CDB5-4B87-8514-51CABCD7E73D}.Release|x64.ActiveCfg = Release|x64
		{40280C29-CDB5-4B87-8514-51CABCD7E73D}.Release|x64.Build.0 = Release|x64
		{6CDCC7C3-D9CC-4BB1-8874-6B64A2CB6CE7}.Debug|x64.ActiveCfg = Debug|x64
		{6CDCC7C3-D9CC-4BB1-8874-6B64A2CB6CE7}.Debug|x64.Build.0 = Debug|x64
		{6CDCC7C3-D9CC-4BB1-8874-6B64A2CB6CE7}.Release|x64.ActiveCfg = Release|x64
		{6CDCC7C3-D9CC-4BB1-8874-6B64A2CB6CE7}.Release|x64.Build.0 = Release|x64
		{4BE25999-26BA-402F-A1B4-7A39928744B0}.Debug|x64.ActiveCfg = Debug|x64
		{4BE25999-26BA-402F-A1B4-7A39928744B0}.Debug|x64.Build.0 = Debug|x64
		{4BE25999-26BA-402F-A1B4-7A39928744B0}.Release|x64.ActiveCfg = Release|x64
		{4BE25999-26BA-402F-A1B4-7A39928744B0}.Release|x64.Build.0 = Release|x64
		{62B915A7-9681-4BB8-9CB3-303B49AB7F66}.Debug|x64.ActiveCfg = Debug|x64
		{62B915A7-9681-4BB8-9CB3-303B49AB7F66}.Debug|x64.Build.0 = Debug|x64
		{62B915A7-9681-4BB8-9CB3-303B49AB7F66}.Release|x64.ActiveCfg = Release|x64
		{62B915A7-9681-4BB8-9CB3-303B49AB7F66}.Release|x64.Build.0 = Release|x64
		{449A8436-31E6-4F3B-B5CD-8451E68C2DF7}.Debug|x64.ActiveCfg = Debug|x64
		{449A8436-31E6-4F3B-B5CD-8451E68C2DF7}.Debug|x64.Build.0 = Debug|x64
		{449A8436-31E6-4F3B-B5CD-8451E68C2DF7}.Release|x64.ActiveCfg = Release|x64
		{449A8436-31E6-4F3B-B5CD-8451E68C2DF7}.Release|x64.Build.0 = Release|x64
		{74D73CAE-C98E-4C20-BDED-B84E0AF34974}.Debug|x64.ActiveCfg = Debug|x64
		{74D73CAE-C98E-4C20-BDED-B84E0AF34974}.Debug|x64.Build.0 = Debug|x64
		{74D73CAE-C98E-4C20-BDED-B84E0AF34974}.Release|x64.ActiveCfg = Release|x64
		{74D73CAE-C98E-4C20-BDED-B84E0AF34974}.Release|x64.Build.0 = Release|x64
		{AFDA1BEA-C6FC-40B9-A725-440FDEEA6A08}.Debug|x64.ActiveCfg = Debug|x64
		{AFDA1BEA-C6FC-40B9-A725-440FDEEA6A08}.Debug|x64.Build.0 = Debug|x64
		{AFDA1BEA-C6FC-40B9-A725-440FDEEA6A08}.Release|x64.ActiveCfg = Release|x64
		{AFDA1BEA-C6FC-40B9-A725-440FDEEA6A08}.Release|x64.Build.0 = Release|x64
		{B1327692-29E9-46D0-B41B-C1431042BA18}.Debug|x64.ActiveCfg = Debug|x64
		{B1327692-29E9-46D0-B41B-C1431042BA18}.Debug|x64.Build.0 = Debug|x64
		{B1327692-29E9-46D0-B41B-C1431042BA18}.Release|x64.ActiveCfg = Release|x64
		{B1327692-29E9-46D0-B41B-C1431042BA18}.Release|x64.Build.0 = Release|x64
		{2ECB25A2-42FD-420B-99B1-114CAC9CFA3C}.Debug|x64.ActiveCfg = Debug|x64
		{2ECB25A2-42FD-420B-99B1-114CAC9CFA3C}.Debug|x64.Build.0 = Debug|x64
		{2ECB25A2-42FD-420B-99B1-114CAC9CFA3C}.Release|x64.ActiveCfg = Release|x64
		{2ECB25A2-42FD-420B-99B1-114CAC9CFA3C}.Release|x64.Build.0 = Release|x64
		{CC63F35A-D1D5-4F96-AC94-E958B4B67D49}.Debug|x64.ActiveCfg = Debug|x64
		{CC63F35A-D1D5-4F96-AC94-E958B4B67D49}.Debug|x64.Build.0 = Debug|x64
		{CC63F35A-D1D5-4F96-AC94-E958B4B67D49}.Release|x64.ActiveCfg = Release|x64
		{CC63F35A-D1D5-4F96-AC94-E958B4B67D49}.Release|x64.Build.0 = Release|x64
		{1F42A517-2CF3-416D-B996-4A4008DDFBE4}.Debug|x64.ActiveCfg = Debug|x64
		{1F42A517-2CF3-416D-B996-4A4008DDFBE4}.Debug|x64.Build.0 = Debug|x64
		{1F42A517-2CF3-416D-B996-4A4008DDFBE4}.Release|x64.ActiveCfg = Release|x64
		{1F42A517-2CF3-416D-B996-4A4008DDFBE4}.Release|x64.Build.0 = Release|x64
		{9C9FD98D-66AE-4846-9D20-1471510E967C}.Debug|x64.ActiveCfg = Debug|x64
		{9C9FD98D-66AE-4846-9D20-1471510E967C}.Debug|x64.Build.0 = Debug|x64
		{9C9FD98D-66AE-4846-9D20-1471510E967C}.Release|x64.ActiveCfg = Release|x64
		{9C9FD98D-66AE-4846-9D20-1471510E967C}.Release|x64.Build.0 = Release|x64
		{E4434D1E-6A3E-4BBB-BB33-50D35F207283}.Debug|x64.ActiveCfg = Debug|x64
		{E4434D1E-6A3E-4BBB-BB33-50D35F207283}.Debug|x64.Build.0 = Debug|x64
		{E4434D1E-6A3E-4BBB-BB33-50D35F207283}.Release|x64.ActiveCfg = Release|x64
		{E4434D1E-6A3E-4BBB-BB33-50D35F207283}.Release|x64.Build.0 = Release|x64
		{DC7BADB6-7F36-4E40-B6BB-58D9F6EB1073}.Debug|x64.ActiveCfg = Debug|x64
		{DC7BADB6-7F36-4E40-B6BB-58D9F6EB1073}.Debug|x64.Build.0 = Debug|x64
		{DC7BADB6-7F36-4E40-B6BB-58D9F6EB1073}.Release|x64.ActiveCfg = Release|x64
		{DC7BADB6-7F36-4E40-B6BB-58D9F6EB1073}.Release|x64.Build.0 = Release|x64
		{18EFD272-327D-4303-9D86-1A48CCE8BAF9}.Debug|x64.ActiveCfg = Debug|x64
		{18EFD272-327D-4303-9D86-1A48CCE8BAF9}.Debug|x64.Build.0 = Debug|x64
		{18EFD272-327D-4303-9D86-1A48CCE8BAF9}.Release|x64.ActiveCfg = Release|x64
		{18EFD272-327D-4303-9D86-1A48CCE8BAF9}.Release|x64.Build.0 = Release|x64
		{2917CAB8-7128-484E-B477-D5FE2FB279A9}.Debug|x64.ActiveCfg = Debug|x64
		{2917CAB8-7128-484E-B477-D5FE2FB279A9}.Debug|x64.Build.0 = Debug|x64
		{2917CAB8-7128-484E-B477-D5FE2FB279A9}.Release|x64.ActiveCfg = Release|x64
		{2917CAB8-7128-484E-B477-D5FE2FB279A9}.Release|x64.Build.0 = Release|x64
		{04EDFD2D-F747-4100-BE23-24A1FA98D55F}.Debug|x64.ActiveCfg = Debug|x64
		{04EDFD2D-F747-4100-BE23-24A1FA98D55F}.Debug|x64.Build.0 = Debug|x64
		{04EDFD2D-F747-4100-BE23-24A1FA98D55F}.Release|x64.ActiveCfg = Release|x64
		{04EDFD2D-F747-4100-BE23-24A1FA98D55F}.Release|x64.Build.0 = Release|x64
		{D96D0454-6A77-49F4-9FD7-958FD41B218F}.Debug|x64.ActiveCfg = Debug|x64
		{D96D0454-6A77-49F4-9FD7-958FD41B218F}.Debug|x64.Build.0 = Debug|x64
		{D96D0454-6A77-49F4-9FD7-958FD41B218F}.Release|x64.ActiveCfg = Release|x64
		{D96D0454-6A77-49F4-9FD7-958FD41B218F}.Release|x64.Build.0 = Release|x64
		{B8F3DBD5-B160-477C-83D2-6629091496D6}.Debug|x64.ActiveCfg = Debug|x64
		{B8F3DBD5-B160-477C-83D2-6629091496D6}.Debug|x64.Build.0 = Debug|x64
		{B8F3DBD5-B160-477C-83D2-6629091496D6}.Release|x64.ActiveCfg = Release|x64
		{B8F3DBD5-B160-477C-83D2-6629091496D6}.Release|x64.Build.0 = Release|x64
		{55C5B609-E784-432C-B6E9-32D5B8A8BB2C}.Debug|x64.ActiveCfg = Debug|x64
		{55C5B609-E784-432C-B6E9-32D5B8A8BB2C}.Debug|x64.Build.0 = Debug|x64
		{55C5B609-E784-432C-B6E9-32D5B8A8BB2C}.Release|x64.ActiveCfg = Release|x64
		{55C5B609-E784-432C-B6E9-32D5B8A8BB2C}.Release|x64.Build.0 = Release|x64
		{35C6C877-DBF4-42A1-BDD1-88F86A6878D0}.Debug|x64.ActiveCfg = Debug|x64
		{35C6C877-DBF4-42A1-BDD1-88F86A6878D0}.Debug|x64.Build.0 = Debug|x64
		{35C6C877-DBF4-42A1-BDD1-88F86A6878D0}.Release|x64.ActiveCfg = Release|x64
		{35C6C877-DBF4-42A1-BDD1-88F86A6878D0}.Release|x64.Build.0 = Release|x64
		{7AEAC193-B6B6-486B-B3C5-811415102254}.Debug|x64.ActiveCfg = Debug|x64
		{7AEAC193-B6B6-486B-B3C5-811415102254}.Debug|x64.Build.0 = Debug|x64
		{7AEAC193-B6B6-486B-B3C5-811415102254}.Release|x64.ActiveCfg = Release|x64
		{7AEAC193-B6B6-486B-B3C5-811415102254}.Release|x64.Build.0 = Release|x64
		{965EFAA0-B2F6-417C-A962-7A57D9165AC4}.Debug|x64.ActiveCfg = Debug|x64
		{965EFAA0-B2F6-417C-A962-7A57D9165AC4}.Debug|x64.Build.0 = Debug|x64
		{965EFAA0-B2F6-417C-A962-7A57D9165AC4}.Release|x64.ActiveCfg = Release|x64
		{965EFAA0-B2F6-417C-A962-7A57D9165AC4}.Release|x64.Build.0 = Release|x64
		{488750BB-0D7F-4A26-9441-4A0778E5BC13}.Debug|x64.ActiveCfg = Debug|x64
		{488750BB-0D7F-4A26-9441-4A0778E5BC13}.Debug|x64.Build.0 = Debug|x64
		{488750BB-0D7F-4A26-9441-4A0778E5BC13}.Release|x64.ActiveCfg = Release|x64
		{488750BB-0D7F-4A26-9441-4A0778E5BC13}.Release|x64.Build.0 = Release|x64
		{17C7A2A3-913E-4FFF-9F5E-063328EA8804}.Debug|x64.ActiveCfg = Debug|x64
		{17C7A2A3-913E-4FFF-9F5E-063328EA8804}.Debug|x64.Build.0 = Debug|x64
		{17C7A2A3-913E-4FFF-9F5E-063328EA8804}.Release|x64.ActiveCfg = Release|x64
		{17C7A2A3-913E-4FFF-9F5E-063328EA8804}.Release|x64.Build.0 = Release|x64
		{E00DDD49-7BE4-4B22-BE70-56DCC16112F2}.Debug|x64.ActiveCfg = Debug|x64
		{E00DDD49-7BE4-4B22-BE70-56DCC16112F2}.Debug|x64.Build.0 = Debug|x64
		{E00DDD49-7BE4-4B22-BE70-56DCC16112F2}.Release|x64.ActiveCfg = Release|x64
		{E00DDD49-7BE4-4B22-BE70-56DCC16112F2}.Release|x64.Build.0 = Release|x64
		{C30B1C62-7050-44BC-8C9D-4B0B3EEEEAEA}.Debug|x64.ActiveCfg = Debug|x64
		{C30B1C62-7050-44BC-8C9D-4B0B3EEEEAEA}.Debug|x64.Build.0 = Debug|x64
		{C30B1C62-7050-44BC-8C9D-4B0B3EEEEAEA}.Release|x64.ActiveCfg = Release|x64
		{C30B1C62-7050-44BC-8C9D-4B0B3EEEEAEA}.Release|x64.Build.0 = Release|x64
		{B559F353-3A88-4AA8-8742-62D4A9BD82FA}.Debug|x64.ActiveCfg = Debug|x64
		{B559F353-3A88-4AA8-8742-62D4A9BD82FA}.Debug|x64.Build.0 = Debug|x64
		{B559F353-3A88-4AA8-8742-62D4A9BD82FA}.Release|x64.ActiveCfg = Release|x64
		{B559F353-3A88-4AA8-8742-62D4A9BD82FA}.Release|x64.Build.0 = Release|x64
		{334218B9-5EB8-449F-AD98-1827A98E47B9}.Debug|x64.ActiveCfg = Debug|x64
		{334218B9-5EB8-449F-AD98-1827A98E47B9}.Debug|x64.Build.0 = Debug|x64
		{334218B9-5EB8-449F-AD98-1827A98E47B9}.Release|x64.ActiveCfg = Release|x64
		{334218B9-5EB8-449F-AD98-1827A98E47B9}.Release|x64.Build.0 = Release|x64
		{B022B70A-2571-4F4D-AD6A-35873C17A475}.Debug|x64.ActiveCfg = Debug|x64
		{B022B70A-2571-4F4D-AD6A-35873C17A475}.Debug|x64.Build.0 = Debug|x64
		{B022B70A-2571-4F4D-AD6A-35873C17A475}.Release|x64.ActiveCfg = Release|x64
		{B022B70A-2571-4F4D-AD6A-35873C17A475}.Release|x64.Build.0 = Release|x64
		{D7F6E651-33E0-49AC-B0E6-B32B03337531}.Debug|x64.ActiveCfg = Debug|x64
		{D7F6E651-33E0-49AC-B0E6-B32B03337531}.Debug|x64.Build.0 = Debug|x64
		{D7F6E651-33E0-49AC-B0E6-B32B03337531}.Release|x64.ActiveCfg = Release|x64
		{D7F6E651-33E0-49AC-B0E6-B32B03337531}.Release|x64.Build.0 = Release|x64
		{CD124FF2-BAD1-45B6-9933-D628F9CE84EF}.Debug|x64.ActiveCfg = Debug|x64
		{CD124FF2-BAD1-45B6-9933-D628F9CE84EF}.Debug|x64.Build.0 = Debug|x64
		{CD124FF2-BAD1-45B6-9933-D628F9CE84EF}.Release|x64.ActiveCfg = Release|x64
		{CD124FF2-BAD1-45B6-9933-D628F9CE84EF}.Release|x64.Build.0 = Release|x64
		{D762EF17-A40E-42EE-9170-5CD9F66D6977}.Debug|x64.ActiveCfg = Debug|x64
		{D762EF17-A40E-42EE-9170-5CD9F66D6977}.Debug|x64.Build.0 = Debug|x64
		{D762EF17-A40E-42EE-9170-5CD9F66D6977}.Release|x64.ActiveCfg = Release|x64
		{D762EF17-A40E-42EE-9170-5CD9F66D6977}.Release|x64.Build.0 = Release|x64
		{3863C5EA-9390-42A6-BA7B-29C61F6F5B8E}.Debug|x64.ActiveCfg = Debug|x64
		{3863C5EA-9390-42A6-BA7B-29C61F6F5B8E}.Debug|x64.Build.0 = Debug|x64
		{3863C5EA-9390-42A6-BA7B-29C61F6F5B8E}.Release|x64.ActiveCfg = Release|x64
		{3863C5EA-9390-42A6-BA7B-29C61F6F5B8E}.Release|x64.Build.0 = Release|x64
		{A8645E92-A8CD-42D6-B5FA-38E136B03F97}.Debug|x64.ActiveCfg = Debug|x64
		{A8645E92-A8CD-42D6-B5FA-38E136B03F97}.Debug|x64.Build.0 = Debug|x64
		{A8645E92-A8CD-42D6-B5FA-38E136B03F97}.Release|x64.ActiveCfg = Release|x64
		{A8645E92-A8CD-42D6-B5FA-38E136B03F97}.Release|x64.Build.0 = Release|x64
		{1E700820-A9B6-48A1-A088-732D7C87B3D6}.Debug|x64.ActiveCfg = Debug|x64
		{1E700820-A9B6-48A1-A088-732D7C87B3D6}.Debug|x64.Build.0 = Debug|x64
		{1E700820-A9B6-48A1-A088-732D7C87B3D6}.Release|x64.ActiveCfg = Release|x64
		{1E700820-A9B6-48A1-A088-732D7C87B3D6}.Release|x64.Build.0 = Release|x64
		{5DFFA393-E3E2-45AE-9C1F-7BBE741656B1}.Debug|x64.ActiveCfg = Debug|x64
		{5DFFA393-E3E2-45AE-9C1F-7BBE741656B1}.Debug|x64.Build.0 = Debug|x64
		{5DFFA393-E3E2-45AE-9C1F-7BBE741656B1}.Release|x64.ActiveCfg = Release|x64
		{5DFFA393-E3E2-45AE-9C1F-7BBE741656B1}.Release|x64.Build.0 = Release|x64
		{22B244E6-6502-4C9A-BE64-0071AC0D1EE2}.Debug|x64.ActiveCfg = Debug|x64
		{22B244E6-6502-4C9A-BE64-0071AC0D1EE2}.Debug|x64.Build.0 = Debug|x64
		{22B244E6-6502-4C9A-BE64-0071AC0D1EE2}.Release|x64.ActiveCfg = Release|x64
		{22B244E6-6502-4C9A-BE64-0071AC0D1EE2}.Release|x64.Build.0 = Release|x64
		{A97C5854-FE8D-478E-9591-0FD92F4F7C16}.Debug|x64.ActiveCfg = Debug|x64
		{A97C5854-FE8D-478E-9591-0FD92F4F7C16}.Debug|x64.Build.0 = Debug|x64
		{A97C5854-FE8D-478E-9591-0FD92F4F7C16}.Release|x64.ActiveCfg = Release|x64
		{A97C5854-FE8D-478E-9591-0FD92F4F7C16}.Release|x64.Build.0 = Release|x64
		{15797740-78D0-47A6-BF24-D9337CF08428}.Debug|x64.ActiveCfg = Debug|x64
		{15797740-78D0-47A6-BF24-D9337CF08428}.Debug|x64.Build.0 = Debug|x64
		{15797740-78D0-47A6-BF24-D9337CF08428}.Release|x64.ActiveCfg = Release|x64
		{15797740-78D0-47A6-BF24-D9337CF08428}.Release|x64.Build.0 = Release|x64
		{DC06972A-8C93-487F-8D24-12DB1ACC574D}.Debug|x64.ActiveCfg = Debug|x64
		{DC06972A-8C93-487F-8D24-12DB1ACC574D}.Debug|x64.Build.0 = Debug|x64
		{DC06972A-8C93-487F-8D24-12DB1ACC574D}.Release|x64.ActiveCfg = Release|x64
		{DC06972A-8C93-487F-8D24-12DB1ACC574D}.Release|x64.Build.0 = Release|x64
		{E6AD283D-37F0-4D4D-BAB2-FCBC2113C382}.Debug|x64.ActiveCfg = Debug|x64
		{E6AD283D-37F0-4D4D-BAB2-FCBC2113C382}.Debug|x64.Build.0 = Debug|x64
		{E6AD283D-37F0-4D4D-BAB2-FCBC2113C382}.Release|x64.ActiveCfg = Release|x64
		{E6AD283D-37F0-4D4D-BAB2-FCBC2113C382}.Release|x64.Build.0 = Release|x64
		{13AEA492-ADE7-4D74-8F3C-9CEC4760664F}.Debug|x64.ActiveCfg = Debug|x64
		{13AEA492-ADE7-4D74-8F3C-9CEC4760664F}.Debug|x64.Build.0 = Debug|x64
		{13AEA492-ADE7-4D74-8F3C-9CEC4760664F}.Release|x64.ActiveCfg = Release|x64
		{13AEA492-ADE7-4D74-8F3C-9CEC4760664F}.Release|x64.Build.0 = Release|x64
		{F8EA40EA-12B4-4DBA-A6A9-0AD916C7328B}.Debug|x64.ActiveCfg = Debug|x64
		{F8EA40EA-12B4-4DBA-A6A9-0AD916C7328B}.Debug|x64.Build.0 = Debug|x64
		{F8EA40EA-12B4-4DBA-A6A9-0AD916C7328B}.Release|x64.ActiveCfg = Release|x64
		{F8EA40EA-12B4-4DBA-A6A9-0AD916C7328B}.Release|x64.Build.0 = Release|x64
		{FBF234EC-D57D-4A6B-8753-F679A308F4B8}.Debug|x64.ActiveCfg = Debug|x64
		{FBF234EC-D57D-4A6B-8753-F679A308F4B8}.Debug|x64.Build.0 = Debug|x64
		{FBF234EC-D57D-4A6B-8753-F679A308F4B8}.Release|x64.ActiveCfg = Release|x64
		{FBF234EC-D57D-4A6B-8753-F679A308F4B8}.Release|x64.Build.0 = Release|x64
		{236BACEB-1E43-4C28-A770-3FB22F0D0398}.Debug|x64.ActiveCfg = Debug|x64
		{236BACEB-1E43-4C28-A770-3FB22F0D0398}.Debug|x64.Build.0 = Debug|x64
		{236BACEB-1E43-4C28-A770-3FB22F0D0398}.Release|x64.ActiveCfg = Release|x64
		{236BACEB-1E43-4C28-A770-3FB22F0D0398}.Release|x64.Build.0 = Release|x64
		{FF2F861F-EAD5-4D4D-BC4E-B8CF6035A86A}.Debug|x64.ActiveCfg = Debug|x64
		{FF2F861F-EAD5-4D4D-BC4E-B8CF6035A86A}.Debug|x64.Build.0 = Debug|x64
		{FF2F861F-EAD5-4D4D-BC4E-B8CF6035A86A}.Release|x64.ActiveCfg = Release|x64
		{FF2F861F-EAD5-4D4D-BC4E-B8CF6035A86A}.Release|x64.Build.0 = Release|x64
		{B8D80BB6-6ECD-4614-8DE0-E1B17851D237}.Debug|x64.ActiveCfg = Debug|x64
		{B8D80BB6-6ECD-4614-8DE0-E1B17851D237}.Debug|x64.Build.0 = Debug|x64
		{B8D80BB6-6ECD-4614-8DE0-E1B17851D237}.Release|x64.ActiveCfg = Release|x64
		{B8D80BB6-6ECD-4614-8DE0-E1B17851D237}.Release|x64.Build.0 = Release|x64
		{E4210E4F-0F0B-4230-BD6F-46449ED9E042}.Debug|x64.ActiveCfg = Debug|x64
		{E4210E4F-0F0B-4230-BD6F-46449ED9E042}.Debug|x64.Build.0 = Debug|x64
		{E4210E4F-0F0B-4230-BD6F-46449ED9E042}.Release|x64.ActiveCfg = Release|x64
		{E4210E4F-0F0B-4230-BD6F-46449ED9E042}.Release|x64.Build.0 = Release|x64
		{11F2EBD1-C25F-4AFB-A587-1FDDE30F72F3}.Debug|x64.ActiveCfg = Debug|x64
		{11F2EBD1-C25F-4AFB-A587-1FDDE30F72F3}.Debug|x64.Build.0 = Debug|x64
		{11F2EBD1-C25F-4AFB-A587-1FDDE30F72F3}.Release|x64.ActiveCfg = Release|x64
		{11F2EBD1-C25F-4AFB-A587-1FDDE30F72F3}.Release|x64.Build.0 = Release|x64
		{9887CE67-4063-4D88-8030-E8CC32BFEE53}.Debug|x64.ActiveCfg = Debug|x64
		{9887CE67-4063-4D88-8030-E8CC32BFEE53}.Debug|x64.Build.0 = Debug|x64
		{9887CE67-4063-4D88-8030-E8CC32BFEE53}.Release|x64.ActiveCfg = Release|x64
		{9887CE67-4063-4D88-8030-E8CC32BFEE53}.Release|x64.Build.0 = Release|x64
		{46DE0358-E638-45C4-B2C8-70B7BB38D6FB}.Debug|x64.ActiveCfg = Debug|x64
		{46DE0358-E638-45C4-B2C8-70B7BB38D6FB}.Debug|x64.Build.0 = Debug|x64
		{46DE0358-E638-45C4-B2C8-70B7BB38D6FB}.Release|x64.ActiveCfg = Release|x64
		{46DE0358-E638-45C4-B2C8-70B7BB38D6FB}.Release|x64.Build.0 = Release|x64
		{6B152430-8807-477A-ADFD-6AFFCF3DDF54}.Debug|x64.ActiveCfg = Debug|x64
		{6B152430-8807-477A-ADFD-6AFFCF3DDF54}.Debug|x64.Build.0 = Debug|x64
		{6B152430-8807-477A-ADFD-6AFFCF3DDF54}.Release|x64.ActiveCfg = Release|x64
		{6B152430-8807-477A-ADFD-6AFFCF3DDF54}.Release|x64.Build.0 = Release|x64
		{5A854883-43AA-4262-BDB0-39A6FE8D755C}.Debug|x64.ActiveCfg = Debug|x64
		{5A854883-43AA-4262-BDB0-39A6FE8D755C}.Debug|x64.Build.0 = Debug|x64
		{5A854883-43AA-4262-BDB0-39A6FE8D755C}.Release|x64.ActiveCfg = Release|x64
		{5A854883-43AA-4262-BDB0-39A6FE8D755C}.Release|x64.Build.0 = Release|x64
		{9F05309B-1675-43A0-BB2B-5F859B23EB98}.Debug|x64.ActiveCfg = Debug|x64
		{9F05309B-1675-43A0-BB2B-5F859B23EB98}.Debug|x64.Build.0 = Debug|x64
		{9F05309B-1675-43A0-BB2B-5F859B23EB98}.Release|x64.ActiveCfg = Release|x64
		{9F05309B-1675-43A0-BB2B-5F859B23EB98}.Release|x64.Build.0 = Release|x64
		{B6F40834-F940-4C8E-AB5D-A7020BE5B02E}.Debug|x64.ActiveCfg = Debug|x64
		{B6F40834-F940-4C8E-AB5D-A7020BE5B02E}.Debug|x64.Build.0 = Debug|x64
		{B6F40834-F940-4C8E-AB5D-A7020BE5B02E}.Release|x64.ActiveCfg = Release|x64
		{B6F40834-F940-4C8E-AB5D-A7020BE5B02E}.Release|x64.Build.0 = Release|x64
		{5CD0415A-BB12-4FE2-9BBB-7F6DD0283C47}.Debug|x64.ActiveCfg = Debug|x64
		{5CD0415A-BB12-4FE2-9BBB-7F6DD0283C47}.Debug|x64.Build.0 = Debug|x64
		{5CD0415A-BB12-4FE2-9BBB-7F6DD0283C47}.Release|x64.ActiveCfg = Release|x64
		{5CD0415A-BB12-4FE2-9BBB-7F6DD0283C47}.Release|x64.Build.0 = Release|x64
		{5844D485-99D8-4CCD-9C51-E7A515D19426}.Debug|x64.ActiveCfg = Debug|x64
		{5844D485-99D8-4CCD-9C51-E7A515D19426}.Debug|x64.Build.0 = Debug|x64
		{5844D485-99D8-4CCD-9C51-E7A515D19426}.Release|x64.ActiveCfg = Release|x64
		{5844D485-99D8-4CCD-9C51-E7A515D19426}.Release|x64.Build.0 = Release|x64
		{6F370868-F14E-4959-B08F-1085F4B5C721}.Debug|x64.ActiveCfg = Debug|x64
		{6F370868-F14E-4959-B08F-1085F4B5C721}.Debug|x64.Build.0 = Debug|x64
		{6F370868-F14E-4959-B08F-1085F4B5C721}.Release|x64.ActiveCfg = Release|x64
		{6F370868-F14E-4959-B08F-1085F4B5C721}.Release|x64.Build.0 = Release|x64
		{55DC0B50-AF18-4ED1-97DD-A1366C908BC6}.Debug|x64.ActiveCfg = Debug|x64
		{55DC0B50-AF18-4ED1-97DD-A1366C908BC6}.Debug|x64.Build.0 = Debug|x64
		{55DC0B50-AF18-4ED1-97DD-A1366C908BC6}.Release|x64.ActiveCfg = Release|x64
		{55DC0B50-AF18-4ED1-97DD-A1366C908BC6}.Release|x64.Build.0 = Release|x64
		{6DDEBF66-FFEC-4CC8-B8D1-CFB4E867FF01}.Debug|x64.ActiveCfg = Debug|x64
		{6DDEBF66-FFEC-4CC8-B8D1-CFB4E867FF01}.Debug|x64.Build.0 = Debug|x64
		{6DDEBF66-FFEC-4CC8-B8D1-CFB4E867FF01}.Release|x64.ActiveCfg = Release|x64
		{6DDEBF66-FFEC-4CC8-B8D1-CFB4E867FF01}.Release|x64.Build.0 = Release|x64
		{069118B5-DC5F-4C40-9D19-679C109B2B41}.Debug|x64.ActiveCfg = Debug|x64
		{069118B5-DC5F-4C40-9D19-679C109B2B41}.Debug|x64.Build.0 = Debug|x64
		{069118B5-DC5F-4C40-9D19-679C109B2B41}.Release|x64.ActiveCfg = Release|x64
		{069118B5-DC5F-4C40-9D19-679C109B2B41}.Release|x64.Build.0 = Release|x64
		{943E78D2-EA23-4974-AB77-010BAC63F009}.Debug|x64.ActiveCfg = Debug|x64
		{943E78D2-EA23-4974-AB77-010BAC63F009}.Debug|x64.Build.0 = Debug|x64
		{943E78D2-EA23-4974-AB77-010BAC63F009}.Release|x64.ActiveCfg = Release|x64
		{943E78D2-EA23-4974-AB77-010BAC63F009}.Release|x64.Build.0 = Release|x64
		{4217533F-0C5F-4200-B4F8-32122DE7598A}.Debug|x64.ActiveCfg = Debug|x64
		{4217533F-0C5F-4200-B4F8-32122DE7598A}.Debug|x64.Build.0 = Debug|x64
		{4217533F-0C5F-4200-B4F8-32122DE7598A}.Release|x64.ActiveCfg = Release|x64
		{4217533F-0C5F-4200-B4F8-32122DE7598A}.Release|x64.Build.0 = Release|x64
		{4911AFF4-BD9F-4D11-AB1F-86D5C76CE526}.Debug|x64.ActiveCfg = Debug|x64
		{4911AFF4-BD9F-4D11-AB1F-86D5C76CE526}.Debug|x64.Build.0 = Debug|x64
		{4911AFF4-BD9F-4D11-AB1F-86D5C76CE526}.Release|x64.ActiveCfg = Release|x64
		{4911AFF4-BD9F-4D11-AB1F-86D5C76CE526}.Release|x64.Build.0 = Release|x64
		{B6759E16-E90C-4BB7-B308-C1880B048778}.Debug|x64.ActiveCfg = Debug|x64
		{B6759E16-E90C-4BB7-B308-C1880B048778}.Debug|x64.Build.0 = Debug|x64
		{B6759E16-E90C-4BB7-B308-C1880B048778}.Release|x64.ActiveCfg = Release|x64
		{B6759E16-E90C-4BB7-B308-C1880B048778}.Release|x64.Build.0 = Release|x64
		{956E6647-45A1-4929-99DC-3EFC82BAE6AC}.Debug|x64.ActiveCfg = Debug|x64
		{956E6647-45A1-4929-99DC-3EFC82BAE6AC}.Debug|x64.Build.0 = Debug|x64
		{956E6647-45A1-4929-99DC-3EFC82BAE6AC}.Release|x64.ActiveCfg = Release|x64
		{956E6647-45A1-4929-99DC-3EFC82BAE6AC}.Release|x64.Build.0 = Release|x64
		{3FA4AB9A-4C1B-47D6-AD5A-3F10A1D88FDF}.Debug|x64.ActiveCfg = Debug|x64
		{3FA4AB9A-4C1B-47D6-AD5A-3F10A1D88FDF}.Debug|x64.Build.0 = Debug|x64
		{3FA4AB9A-4C1B-47D6-AD5A-3F10A1D88FDF}.Release|x64.ActiveCfg = Release|x64
		{3FA4AB9A-4C1B-47D6-AD5A-3F10A1D88FDF}.Release|x64.Build.0 = Release|x64
		{180E868B-9842-46E8-91B3-BB565106B4BB}.Debug|x64.ActiveCfg = Debug|x64
		{180E868B-9842-46E8-91B3-BB565106B4BB}.Debug|x64.Build.0 = Debug|x64
		{180E868B-9842-46E8-91B3-BB565106B4BB}.Release|x64.ActiveCfg = Release|x64
		{180E868B-9842-46E8-91B3-BB565106B4BB}.Release|x64.Build.0 = Release|x64
		{5F8497BE-95A2-4418-BEA8-CB8BA4CAD523}.Debug|x64.ActiveCfg = Debug|x64
		{5F8497BE-95A2-4418-BEA8-CB8BA4CAD523}.Debug|x64.Build.0 = Debug|x64
		{5F8497BE-95A2-4418-BEA8-CB8BA4CAD523}.Release|x64.ActiveCfg = Release|x64
		{5F8497BE-95A2-4418-BEA8-CB8BA4CAD523}.Release|x64.Build.0 = Release|x64
		{8E28885C-8BAF-4832-864F-BAC86237F658}.Debug|x64.ActiveCfg = Debug|x64
		{8E28885C-8BAF-4832-864F-BAC86237F658}.Debug|x64.Build.0 = Debug|x64
		{8E28885C-8BAF-4832-864F-BAC86237F658}.Release|x64.ActiveCfg = Release|x64
		{8E28885C-8BAF-4832-864F-BAC86237F658}.Release|x64.Build.0 = Release|x64
		{57B1C596-4876-44FE-AE13-3B9903BD9E97}.Debug|x64.ActiveCfg = Debug|x64
		{57B1C596-4876-44FE-AE13-3B9903BD9E97}.Debug|x64.Build.0 = Debug|x64
		{57B1C596-4876-44FE-AE13-3B9903BD9E97}.Release|x64.ActiveCfg = Release|x64
		{57B1C596-4876-44FE-AE13-3B9903BD9E97}.Release|x64.Build.0 = Release|x64
		{0E4F3A98-2310-4502-AD42-4A6514C223D1}.Debug|x64.ActiveCfg = Debug|x64
		{0E4F3A98-2310-4502-AD42-4A6514C223D1}.Debug|x64.Build.0 = Debug|x64
		{0E4F3A98-2310-4502-AD42-4A6514C223D1}.Release|x64.ActiveCfg = Release|x64
		{0E4F3A98-2310-4502-AD42-4A6514C223D1}.Release|x64.Build.0 = Release|x64
		{81144927-2AD4-4492-93A1-60288B433A32}.Debug|x64.ActiveCfg = Debug|x64
		{81144927-2AD4-4492-93A1-60288B433A32}.Debug|x64.Build.0 = Debug|x64
		{81144927-2AD4-4492-93A1-60288B433A32}.Release|x64.ActiveCfg = Release|x64
		{81144927-2AD4-4492-93A1-60288B433A32}.Release|x64.Build.0 = Release|x64
		{2BBD1D03-D678-48EC-80FD-DA829E79AC8D}.Debug|x64.ActiveCfg = Debug|x64
		{2BBD1D03-D678-48EC-80FD-DA829E79AC8D}.Debug|x64.Build.0 = Debug|x64
		{2BBD1D03-D678-48EC-80FD-DA829E79AC8D}.Release|x64.ActiveCfg = Release|x64
		{2BBD1D03-D678-48EC-80FD-DA829E79AC8D}.Release|x64.Build.0 = Release|x64
		{7E414F30-60DC-4DE6-BE38-94194EE6E3FE}.Debug|x64.ActiveCfg = Debug|x64
		{7E414F30-60DC-4DE6-BE38-94194EE6E3FE}.Debug|x64.Build.0 = Debug|x64
		{7E414F30-60DC-4DE6-BE38-94194EE6E3FE}.Release|x64.ActiveCfg = Release|x64
		{7E414F30-60DC-4DE6-BE38-94194EE6E3FE}.Release|x64.Build.0 = Release|x64
		{5E73C6CC-CFE0-4998-82C6-3745AA5FF411}.Debug|x64.ActiveCfg = Debug|x64
		{5E73C6CC-CFE0-4998-82C6-3745AA5FF411}.Debug|x64.Build.0 = Debug|x64
		{5E73C6CC-CFE0-4998-82C6-3745AA5FF411}.Release|x64.ActiveCfg = Release|x64
		{5E73C6CC-CFE0-4998-82C6-3745AA5FF411}.Release|x64.Build.0 = Release|x64
	EndGlobalSection
	GlobalSection(SolutionProperties) = preSolution
		HideSolutionNode = FALSE
	EndGlobalSection
EndGlobal
