
Microsoft Visual Studio Solution File, Format Version 12.00
# Visual Studio 2012
Project("{FAE04EC0-301F-11D3-BF4B-00C04F79EFBC}") = "DistMIPEx1", "DistMIPEx1.csproj", "{71A7810B-0E4F-430A-BE03-4C68D4E3EFED}"
EndProject
Project("{FAE04EC0-301F-11D3-BF4B-00C04F79EFBC}") = "DistMIPEx1.tcpip", "DistMIPEx1.tcpip.csproj", "{9C7E74A5-EDAA-4FBF-9141-6A7341A3AFAA}"
EndProject
Project("{FAE04EC0-301F-11D3-BF4B-00C04F79EFBC}") = "DistMIPEx2", "DistMIPEx2.csproj", "{FB5EF27A-EEDD-4633-B37B-91C46DF0806F}"
EndProject
Project("{FAE04EC0-301F-11D3-BF4B-00C04F79EFBC}") = "DistMIPEx2.tcpip", "DistMIPEx2.tcpip.csproj", "{7B457517-5E60-491D-B70B-C7628C28E853}"
EndProject
Global
	GlobalSection(SolutionConfigurationPlatforms) = preSolution
		Debug|Any CPU = Debug|Any CPU
		Release|Any CPU = Release|Any CPU
	EndGlobalSection
	GlobalSection(ProjectConfigurationPlatforms) = postSolution
		{71A7810B-0E4F-430A-BE03-4C68D4E3EFED}.Debug|Any CPU.ActiveCfg = Debug|Any CPU
		{71A7810B-0E4F-430A-BE03-4C68D4E3EFED}.Debug|Any CPU.Build.0 = Debug|Any CPU
		{71A7810B-0E4F-430A-BE03-4C68D4E3EFED}.Release|Any CPU.ActiveCfg = Release|Any CPU
		{71A7810B-0E4F-430A-BE03-4C68D4E3EFED}.Release|Any CPU.Build.0 = Release|Any CPU
		{9C7E74A5-EDAA-4FBF-9141-6A7341A3AFAA}.Debug|Any CPU.ActiveCfg = Debug|Any CPU
		{9C7E74A5-EDAA-4FBF-9141-6A7341A3AFAA}.Debug|Any CPU.Build.0 = Debug|Any CPU
		{9C7E74A5-EDAA-4FBF-9141-6A7341A3AFAA}.Release|Any CPU.ActiveCfg = Release|Any CPU
		{9C7E74A5-EDAA-4FBF-9141-6A7341A3AFAA}.Release|Any CPU.Build.0 = Release|Any CPU
		{FB5EF27A-EEDD-4633-B37B-91C46DF0806F}.Debug|Any CPU.ActiveCfg = Debug|Any CPU
		{FB5EF27A-EEDD-4633-B37B-91C46DF0806F}.Debug|Any CPU.Build.0 = Debug|Any CPU
		{FB5EF27A-EEDD-4633-B37B-91C46DF0806F}.Release|Any CPU.ActiveCfg = Release|Any CPU
		{FB5EF27A-EEDD-4633-B37B-91C46DF0806F}.Release|Any CPU.Build.0 = Release|Any CPU
		{7B457517-5E60-491D-B70B-C7628C28E853}.Debug|Any CPU.ActiveCfg = Debug|Any CPU
		{7B457517-5E60-491D-B70B-C7628C28E853}.Debug|Any CPU.Build.0 = Debug|Any CPU
		{7B457517-5E60-491D-B70B-C7628C28E853}.Release|Any CPU.ActiveCfg = Release|Any CPU
		{7B457517-5E60-491D-B70B-C7628C28E853}.Release|Any CPU.Build.0 = Release|Any CPU
	EndGlobalSection
	GlobalSection(SolutionProperties) = preSolution
		HideSolutionNode = FALSE
	EndGlobalSection
EndGlobal
