Microsoft Visual Studio Solution File, Format Version 11.00
# Visual Studio 2010
Project("{F184B08F-C81C-45F6-A57F-5ABD9991F28F}") = "Carseq", "Carseq\Carseq.vbproj", "{2A8D1D80-00AC-47CF-A404-1F51411C72C0}"
EndProject
Project("{F184B08F-C81C-45F6-A57F-5ABD9991F28F}") = "CustomDataSource", "CustomDataSource\CustomDataSource.vbproj", "{EEE7C12B-D412-4760-AF5C-5F483328C093}"
EndProject
Project("{F184B08F-C81C-45F6-A57F-5ABD9991F28F}") = "Cutstock", "Cutstock\Cutstock.vbproj", "{179BEF2F-2C79-4384-BA27-E29C37396B68}"
EndProject
Project("{F184B08F-C81C-45F6-A57F-5ABD9991F28F}") = "Cutstock_change", "Cutstock_change\Cutstock_change.vbproj", "{B53744B7-AB25-444D-B4FF-F0B6F52BC20A}"
EndProject
Project("{F184B08F-C81C-45F6-A57F-5ABD9991F28F}") = "Iterators", "Iterators\Iterators.vbproj", "{B7F74834-DC45-4BD5-88E5-4A0B6B720D2D}"
EndProject
Project("{F184B08F-C81C-45F6-A57F-5ABD9991F28F}") = "Mulprod", "Mulprod\Mulprod.vbproj", "{13220245-18CC-4E14-A714-165D27A3FFA7}"
EndProject
Project("{F184B08F-C81C-45F6-A57F-5ABD9991F28F}") = "Mulprod_main", "Mulprod_main\Mulprod_main.vbproj", "{EBBA29A3-714A-4747-834D-9FF83F4F7522}"
EndProject
Project("{F184B08F-C81C-45F6-A57F-5ABD9991F28F}") = "OplRunSample", "OplRunSample\OplRunSample.vbproj", "{BDE390BC-93A6-4B7D-971A-3DF2C7318743}"
EndProject
Project("{F184B08F-C81C-45F6-A57F-5ABD9991F28F}") = "SteelMill", "SteelMill\SteelMill.vbproj", "{A9440C4A-7956-44B6-99AA-719A400DABDE}"
EndProject
Project("{F184B08F-C81C-45F6-A57F-5ABD9991F28F}") = "Warehouse", "Warehouse\Warehouse.vbproj", "{EF68F778-D16A-418B-B0F6-093EB4F96BF3}"
EndProject
Global
	GlobalSection(SolutionConfigurationPlatforms) = preSolution
		Debug|x64 = Debug|x64
		Release|x64 = Release|x64
	EndGlobalSection
	GlobalSection(ProjectConfigurationPlatforms) = postSolution
		{2A8D1D80-00AC-47CF-A404-1F51411C72C0}.Debug|x64.ActiveCfg = Debug|x64
		{2A8D1D80-00AC-47CF-A404-1F51411C72C0}.Debug|x64.Build.0 = Debug|x64
		{2A8D1D80-00AC-47CF-A404-1F51411C72C0}.Release|x64.ActiveCfg = Release|x64
		{2A8D1D80-00AC-47CF-A404-1F51411C72C0}.Release|x64.Build.0 = Release|x64
		{EEE7C12B-D412-4760-AF5C-5F483328C093}.Debug|x64.ActiveCfg = Debug|x64
		{EEE7C12B-D412-4760-AF5C-5F483328C093}.Debug|x64.Build.0 = Debug|x64
		{EEE7C12B-D412-4760-AF5C-5F483328C093}.Release|x64.ActiveCfg = Release|x64
		{EEE7C12B-D412-4760-AF5C-5F483328C093}.Release|x64.Build.0 = Release|x64
		{179BEF2F-2C79-4384-BA27-E29C37396B68}.Debug|x64.ActiveCfg = Debug|x64
		{179BEF2F-2C79-4384-BA27-E29C37396B68}.Debug|x64.Build.0 = Debug|x64
		{179BEF2F-2C79-4384-BA27-E29C37396B68}.Release|x64.ActiveCfg = Release|x64
		{179BEF2F-2C79-4384-BA27-E29C37396B68}.Release|x64.Build.0 = Release|x64
		{B53744B7-AB25-444D-B4FF-F0B6F52BC20A}.Debug|x64.ActiveCfg = Debug|x64
		{B53744B7-AB25-444D-B4FF-F0B6F52BC20A}.Debug|x64.Build.0 = Debug|x64
		{B53744B7-AB25-444D-B4FF-F0B6F52BC20A}.Release|x64.ActiveCfg = Release|x64
		{B53744B7-AB25-444D-B4FF-F0B6F52BC20A}.Release|x64.Build.0 = Release|x64
		{B7F74834-DC45-4BD5-88E5-4A0B6B720D2D}.Debug|x64.ActiveCfg = Debug|x64
		{B7F74834-DC45-4BD5-88E5-4A0B6B720D2D}.Debug|x64.Build.0 = Debug|x64
		{B7F74834-DC45-4BD5-88E5-4A0B6B720D2D}.Release|x64.ActiveCfg = Release|x64
		{B7F74834-DC45-4BD5-88E5-4A0B6B720D2D}.Release|x64.Build.0 = Release|x64
		{13220245-18CC-4E14-A714-165D27A3FFA7}.Debug|x64.ActiveCfg = Debug|x64
		{13220245-18CC-4E14-A714-165D27A3FFA7}.Debug|x64.Build.0 = Debug|x64
		{13220245-18CC-4E14-A714-165D27A3FFA7}.Release|x64.ActiveCfg = Release|x64
		{13220245-18CC-4E14-A714-165D27A3FFA7}.Release|x64.Build.0 = Release|x64
		{EBBA29A3-714A-4747-834D-9FF83F4F7522}.Debug|x64.ActiveCfg = Debug|x64
		{EBBA29A3-714A-4747-834D-9FF83F4F7522}.Debug|x64.Build.0 = Debug|x64
		{EBBA29A3-714A-4747-834D-9FF83F4F7522}.Release|x64.ActiveCfg = Release|x64
		{EBBA29A3-714A-4747-834D-9FF83F4F7522}.Release|x64.Build.0 = Release|x64
		{BDE390BC-93A6-4B7D-971A-3DF2C7318743}.Debug|x64.ActiveCfg = Debug|x64
		{BDE390BC-93A6-4B7D-971A-3DF2C7318743}.Debug|x64.Build.0 = Debug|x64
		{BDE390BC-93A6-4B7D-971A-3DF2C7318743}.Release|x64.ActiveCfg = Release|x64
		{BDE390BC-93A6-4B7D-971A-3DF2C7318743}.Release|x64.Build.0 = Release|x64
		{A9440C4A-7956-44B6-99AA-719A400DABDE}.Debug|x64.ActiveCfg = Debug|x64
		{A9440C4A-7956-44B6-99AA-719A400DABDE}.Debug|x64.Build.0 = Debug|x64
		{A9440C4A-7956-44B6-99AA-719A400DABDE}.Release|x64.ActiveCfg = Release|x64
		{A9440C4A-7956-44B6-99AA-719A400DABDE}.Release|x64.Build.0 = Release|x64
		{EF68F778-D16A-418B-B0F6-093EB4F96BF3}.Debug|x64.ActiveCfg = Debug|x64
		{EF68F778-D16A-418B-B0F6-093EB4F96BF3}.Debug|x64.Build.0 = Debug|x64
		{EF68F778-D16A-418B-B0F6-093EB4F96BF3}.Release|x64.ActiveCfg = Release|x64
		{EF68F778-D16A-418B-B0F6-093EB4F96BF3}.Release|x64.Build.0 = Release|x64
	EndGlobalSection
	GlobalSection(SolutionProperties) = preSolution
		HideSolutionNode = FALSE
	EndGlobalSection
EndGlobal
