Microsoft Visual Studio Solution File, Format Version 11.00
# Visual Studio 2012
Project("{8BC9CEB8-8B4A-11D0-8D11-00A0C91BC942}") = "sched_flowshop", "sched_flowshop.vcxproj", "{00000000-0000-0000-0000-000000064768}"
EndProject
Project("{8BC9CEB8-8B4A-11D0-8D11-00A0C91BC942}") = "steelmill", "steelmill.vcxproj", "{00000000-0000-0000-0000-000000029950}"
EndProject
Project("{8BC9CEB8-8B4A-11D0-8D11-00A0C91BC942}") = "sched_calendar", "sched_calendar.vcxproj", "{00000000-0000-0000-0000-000000050538}"
EndProject
Project("{8BC9CEB8-8B4A-11D0-8D11-00A0C91BC942}") = "searchphases", "searchphases.vcxproj", "{00000000-0000-0000-0000-000000060311}"
EndProject
Project("{8BC9CEB8-8B4A-11D0-8D11-00A0C91BC942}") = "sched_tcost", "sched_tcost.vcxproj", "{00000000-0000-0000-0000-000000046016}"
EndProject
Project("{8BC9CEB8-8B4A-11D0-8D11-00A0C91BC942}") = "sched_conflict", "sched_conflict.vcxproj", "{00000000-0000-0000-0000-000000023843}"
EndProject
Project("{8BC9CEB8-8B4A-11D0-8D11-00A0C91BC942}") = "color_ex3", "color_ex3.vcxproj", "{00000000-0000-0000-0000-000000003216}"
EndProject
Project("{8BC9CEB8-8B4A-11D0-8D11-00A0C91BC942}") = "ppp", "ppp.vcxproj", "{00000000-0000-0000-0000-000000000081}"
EndProject
Project("{8BC9CEB8-8B4A-11D0-8D11-00A0C91BC942}") = "facility", "facility.vcxproj", "{00000000-0000-0000-0000-000000034343}"
EndProject
Project("{8BC9CEB8-8B4A-11D0-8D11-00A0C91BC942}") = "smooth", "smooth.vcxproj", "{00000000-0000-0000-0000-000000003477}"
EndProject
Project("{8BC9CEB8-8B4A-11D0-8D11-00A0C91BC942}") = "truckfleet", "truckfleet.vcxproj", "{00000000-0000-0000-0000-000000006938}"
EndProject
Project("{8BC9CEB8-8B4A-11D0-8D11-00A0C91BC942}") = "sched_learningeffect", "sched_learningeffect.vcxproj", "{00000000-0000-0000-0000-000000038440}"
EndProject
Project("{8BC9CEB8-8B4A-11D0-8D11-00A0C91BC942}") = "sports", "sports.vcxproj", "{00000000-0000-0000-0000-000000033194}"
EndProject
Project("{8BC9CEB8-8B4A-11D0-8D11-00A0C91BC942}") = "facility_explanations", "facility_explanations.vcxproj", "{00000000-0000-0000-0000-000000061836}"
EndProject
Project("{8BC9CEB8-8B4A-11D0-8D11-00A0C91BC942}") = "sched_goalprog", "sched_goalprog.vcxproj", "{00000000-0000-0000-0000-000000026876}"
EndProject
Project("{8BC9CEB8-8B4A-11D0-8D11-00A0C91BC942}") = "schedsearch_settimes", "schedsearch_settimes.vcxproj", "{00000000-0000-0000-0000-000000015512}"
EndProject
Project("{8BC9CEB8-8B4A-11D0-8D11-00A0C91BC942}") = "alloc", "alloc.vcxproj", "{00000000-0000-0000-0000-000000046868}"
EndProject
Project("{8BC9CEB8-8B4A-11D0-8D11-00A0C91BC942}") = "teambuilding", "teambuilding.vcxproj", "{00000000-0000-0000-0000-000000047250}"
EndProject
Project("{8BC9CEB8-8B4A-11D0-8D11-00A0C91BC942}") = "sports_strong", "sports_strong.vcxproj", "{00000000-0000-0000-0000-000000052440}"
EndProject
Project("{8BC9CEB8-8B4A-11D0-8D11-00A0C91BC942}") = "facility_ex3", "facility_ex3.vcxproj", "{00000000-0000-0000-0000-000000048198}"
EndProject
Project("{8BC9CEB8-8B4A-11D0-8D11-00A0C91BC942}") = "sched_intro", "sched_intro.vcxproj", "{00000000-0000-0000-0000-000000015336}"
EndProject
Project("{8BC9CEB8-8B4A-11D0-8D11-00A0C91BC942}") = "plantlocation", "plantlocation.vcxproj", "{00000000-0000-0000-0000-000000002681}"
EndProject
Project("{8BC9CEB8-8B4A-11D0-8D11-00A0C91BC942}") = "sched_state", "sched_state.vcxproj", "{00000000-0000-0000-0000-000000046856}"
EndProject
Project("{8BC9CEB8-8B4A-11D0-8D11-00A0C91BC942}") = "cpofileformat", "cpofileformat.vcxproj", "{00000000-0000-0000-0000-000000013721}"
EndProject
Project("{8BC9CEB8-8B4A-11D0-8D11-00A0C91BC942}") = "sched_rcpspmm", "sched_rcpspmm.vcxproj", "{00000000-0000-0000-0000-000000012094}"
EndProject
Project("{8BC9CEB8-8B4A-11D0-8D11-00A0C91BC942}") = "schedsearch_greedyandrelax", "schedsearch_greedyandrelax.vcxproj", "{00000000-0000-0000-0000-000000005171}"
EndProject
Project("{8BC9CEB8-8B4A-11D0-8D11-00A0C91BC942}") = "sched_jobshopflex", "sched_jobshopflex.vcxproj", "{00000000-0000-0000-0000-000000012259}"
EndProject
Project("{8BC9CEB8-8B4A-11D0-8D11-00A0C91BC942}") = "sched_stochastic_jobshop", "sched_stochastic_jobshop.vcxproj", "{00000000-0000-0000-0000-000000049895}"
EndProject
Project("{8BC9CEB8-8B4A-11D0-8D11-00A0C91BC942}") = "sched_square", "sched_square.vcxproj", "{00000000-0000-0000-0000-000000062100}"
EndProject
Project("{8BC9CEB8-8B4A-11D0-8D11-00A0C91BC942}") = "schedsearch_sequencing", "schedsearch_sequencing.vcxproj", "{00000000-0000-0000-0000-000000004102}"
EndProject
Project("{8BC9CEB8-8B4A-11D0-8D11-00A0C91BC942}") = "sched_sequence", "sched_sequence.vcxproj", "{00000000-0000-0000-0000-000000047646}"
EndProject
Project("{8BC9CEB8-8B4A-11D0-8D11-00A0C91BC942}") = "color_ex4", "color_ex4.vcxproj", "{00000000-0000-0000-0000-000000029361}"
EndProject
Project("{8BC9CEB8-8B4A-11D0-8D11-00A0C91BC942}") = "sched_setup", "sched_setup.vcxproj", "{00000000-0000-0000-0000-000000010969}"
EndProject
Project("{8BC9CEB8-8B4A-11D0-8D11-00A0C91BC942}") = "schedsearch_permutation", "schedsearch_permutation.vcxproj", "{00000000-0000-0000-0000-000000036701}"
EndProject
Project("{8BC9CEB8-8B4A-11D0-8D11-00A0C91BC942}") = "sched_jobshop", "sched_jobshop.vcxproj", "{00000000-0000-0000-0000-000000029986}"
EndProject
Project("{8BC9CEB8-8B4A-11D0-8D11-00A0C91BC942}") = "sched_time", "sched_time.vcxproj", "{00000000-0000-0000-0000-000000060070}"
EndProject
Project("{8BC9CEB8-8B4A-11D0-8D11-00A0C91BC942}") = "schedsearch_optionalsettimes", "schedsearch_optionalsettimes.vcxproj", "{00000000-0000-0000-0000-000000041825}"
EndProject
Project("{8BC9CEB8-8B4A-11D0-8D11-00A0C91BC942}") = "intro", "intro.vcxproj", "{00000000-0000-0000-0000-000000039736}"
EndProject
Project("{8BC9CEB8-8B4A-11D0-8D11-00A0C91BC942}") = "sched_optional", "sched_optional.vcxproj", "{00000000-0000-0000-0000-000000064127}"
EndProject
Project("{8BC9CEB8-8B4A-11D0-8D11-00A0C91BC942}") = "sched_openshop", "sched_openshop.vcxproj", "{00000000-0000-0000-0000-000000030629}"
EndProject
Project("{8BC9CEB8-8B4A-11D0-8D11-00A0C91BC942}") = "steelmill_ex3", "steelmill_ex3.vcxproj", "{00000000-0000-0000-0000-000000046622}"
EndProject
Project("{8BC9CEB8-8B4A-11D0-8D11-00A0C91BC942}") = "color", "color.vcxproj", "{00000000-0000-0000-0000-000000014215}"
EndProject
Project("{8BC9CEB8-8B4A-11D0-8D11-00A0C91BC942}") = "facility_ex4", "facility_ex4.vcxproj", "{00000000-0000-0000-0000-000000048223}"
EndProject
Project("{8BC9CEB8-8B4A-11D0-8D11-00A0C91BC942}") = "sched_pflowshop", "sched_pflowshop.vcxproj", "{00000000-0000-0000-0000-000000001354}"
EndProject
Project("{8BC9CEB8-8B4A-11D0-8D11-00A0C91BC942}") = "sched_cumul", "sched_cumul.vcxproj", "{00000000-0000-0000-0000-000000021441}"
EndProject
Project("{8BC9CEB8-8B4A-11D0-8D11-00A0C91BC942}") = "talent", "talent.vcxproj", "{00000000-0000-0000-0000-000000013059}"
EndProject
Project("{8BC9CEB8-8B4A-11D0-8D11-00A0C91BC942}") = "sched_rcpsp", "sched_rcpsp.vcxproj", "{00000000-0000-0000-0000-000000013551}"
EndProject
Project("{8BC9CEB8-8B4A-11D0-8D11-00A0C91BC942}") = "networkcfg", "networkcfg.vcxproj", "{00000000-0000-0000-0000-000000050056}"
EndProject
Global
	GlobalSection(SolutionConfigurationPlatforms) = preSolution
		Release|x64 = Release|x64
	EndGlobalSection
	GlobalSection(ProjectConfigurationPlatforms) = postSolution
		{00000000-0000-0000-0000-000000064768}.Release|x64.ActiveCfg = Release|x64
		{00000000-0000-0000-0000-000000064768}.Release|x64.Build.0 = Release|x64
		{00000000-0000-0000-0000-000000029950}.Release|x64.ActiveCfg = Release|x64
		{00000000-0000-0000-0000-000000029950}.Release|x64.Build.0 = Release|x64
		{00000000-0000-0000-0000-000000050538}.Release|x64.ActiveCfg = Release|x64
		{00000000-0000-0000-0000-000000050538}.Release|x64.Build.0 = Release|x64
		{00000000-0000-0000-0000-000000060311}.Release|x64.ActiveCfg = Release|x64
		{00000000-0000-0000-0000-000000060311}.Release|x64.Build.0 = Release|x64
		{00000000-0000-0000-0000-000000046016}.Release|x64.ActiveCfg = Release|x64
		{00000000-0000-0000-0000-000000046016}.Release|x64.Build.0 = Release|x64
		{00000000-0000-0000-0000-000000023843}.Release|x64.ActiveCfg = Release|x64
		{00000000-0000-0000-0000-000000023843}.Release|x64.Build.0 = Release|x64
		{00000000-0000-0000-0000-000000003216}.Release|x64.ActiveCfg = Release|x64
		{00000000-0000-0000-0000-000000003216}.Release|x64.Build.0 = Release|x64
		{00000000-0000-0000-0000-000000000081}.Release|x64.ActiveCfg = Release|x64
		{00000000-0000-0000-0000-000000000081}.Release|x64.Build.0 = Release|x64
		{00000000-0000-0000-0000-000000034343}.Release|x64.ActiveCfg = Release|x64
		{00000000-0000-0000-0000-000000034343}.Release|x64.Build.0 = Release|x64
		{00000000-0000-0000-0000-000000003477}.Release|x64.ActiveCfg = Release|x64
		{00000000-0000-0000-0000-000000003477}.Release|x64.Build.0 = Release|x64
		{00000000-0000-0000-0000-000000006938}.Release|x64.ActiveCfg = Release|x64
		{00000000-0000-0000-0000-000000006938}.Release|x64.Build.0 = Release|x64
		{00000000-0000-0000-0000-000000038440}.Release|x64.ActiveCfg = Release|x64
		{00000000-0000-0000-0000-000000038440}.Release|x64.Build.0 = Release|x64
		{00000000-0000-0000-0000-000000033194}.Release|x64.ActiveCfg = Release|x64
		{00000000-0000-0000-0000-000000033194}.Release|x64.Build.0 = Release|x64
		{00000000-0000-0000-0000-000000061836}.Release|x64.ActiveCfg = Release|x64
		{00000000-0000-0000-0000-000000061836}.Release|x64.Build.0 = Release|x64
		{00000000-0000-0000-0000-000000026876}.Release|x64.ActiveCfg = Release|x64
		{00000000-0000-0000-0000-000000026876}.Release|x64.Build.0 = Release|x64
		{00000000-0000-0000-0000-000000015512}.Release|x64.ActiveCfg = Release|x64
		{00000000-0000-0000-0000-000000015512}.Release|x64.Build.0 = Release|x64
		{00000000-0000-0000-0000-000000046868}.Release|x64.ActiveCfg = Release|x64
		{00000000-0000-0000-0000-000000046868}.Release|x64.Build.0 = Release|x64
		{00000000-0000-0000-0000-000000047250}.Release|x64.ActiveCfg = Release|x64
		{00000000-0000-0000-0000-000000047250}.Release|x64.Build.0 = Release|x64
		{00000000-0000-0000-0000-000000052440}.Release|x64.ActiveCfg = Release|x64
		{00000000-0000-0000-0000-000000052440}.Release|x64.Build.0 = Release|x64
		{00000000-0000-0000-0000-000000048198}.Release|x64.ActiveCfg = Release|x64
		{00000000-0000-0000-0000-000000048198}.Release|x64.Build.0 = Release|x64
		{00000000-0000-0000-0000-000000015336}.Release|x64.ActiveCfg = Release|x64
		{00000000-0000-0000-0000-000000015336}.Release|x64.Build.0 = Release|x64
		{00000000-0000-0000-0000-000000002681}.Release|x64.ActiveCfg = Release|x64
		{00000000-0000-0000-0000-000000002681}.Release|x64.Build.0 = Release|x64
		{00000000-0000-0000-0000-000000046856}.Release|x64.ActiveCfg = Release|x64
		{00000000-0000-0000-0000-000000046856}.Release|x64.Build.0 = Release|x64
		{00000000-0000-0000-0000-000000013721}.Release|x64.ActiveCfg = Release|x64
		{00000000-0000-0000-0000-000000013721}.Release|x64.Build.0 = Release|x64
		{00000000-0000-0000-0000-000000012094}.Release|x64.ActiveCfg = Release|x64
		{00000000-0000-0000-0000-000000012094}.Release|x64.Build.0 = Release|x64
		{00000000-0000-0000-0000-000000005171}.Release|x64.ActiveCfg = Release|x64
		{00000000-0000-0000-0000-000000005171}.Release|x64.Build.0 = Release|x64
		{00000000-0000-0000-0000-000000012259}.Release|x64.ActiveCfg = Release|x64
		{00000000-0000-0000-0000-000000012259}.Release|x64.Build.0 = Release|x64
		{00000000-0000-0000-0000-000000049895}.Release|x64.ActiveCfg = Release|x64
		{00000000-0000-0000-0000-000000049895}.Release|x64.Build.0 = Release|x64
		{00000000-0000-0000-0000-000000062100}.Release|x64.ActiveCfg = Release|x64
		{00000000-0000-0000-0000-000000062100}.Release|x64.Build.0 = Release|x64
		{00000000-0000-0000-0000-000000004102}.Release|x64.ActiveCfg = Release|x64
		{00000000-0000-0000-0000-000000004102}.Release|x64.Build.0 = Release|x64
		{00000000-0000-0000-0000-000000047646}.Release|x64.ActiveCfg = Release|x64
		{00000000-0000-0000-0000-000000047646}.Release|x64.Build.0 = Release|x64
		{00000000-0000-0000-0000-000000029361}.Release|x64.ActiveCfg = Release|x64
		{00000000-0000-0000-0000-000000029361}.Release|x64.Build.0 = Release|x64
		{00000000-0000-0000-0000-000000010969}.Release|x64.ActiveCfg = Release|x64
		{00000000-0000-0000-0000-000000010969}.Release|x64.Build.0 = Release|x64
		{00000000-0000-0000-0000-000000036701}.Release|x64.ActiveCfg = Release|x64
		{00000000-0000-0000-0000-000000036701}.Release|x64.Build.0 = Release|x64
		{00000000-0000-0000-0000-000000029986}.Release|x64.ActiveCfg = Release|x64
		{00000000-0000-0000-0000-000000029986}.Release|x64.Build.0 = Release|x64
		{00000000-0000-0000-0000-000000060070}.Release|x64.ActiveCfg = Release|x64
		{00000000-0000-0000-0000-000000060070}.Release|x64.Build.0 = Release|x64
		{00000000-0000-0000-0000-000000041825}.Release|x64.ActiveCfg = Release|x64
		{00000000-0000-0000-0000-000000041825}.Release|x64.Build.0 = Release|x64
		{00000000-0000-0000-0000-000000039736}.Release|x64.ActiveCfg = Release|x64
		{00000000-0000-0000-0000-000000039736}.Release|x64.Build.0 = Release|x64
		{00000000-0000-0000-0000-000000064127}.Release|x64.ActiveCfg = Release|x64
		{00000000-0000-0000-0000-000000064127}.Release|x64.Build.0 = Release|x64
		{00000000-0000-0000-0000-000000030629}.Release|x64.ActiveCfg = Release|x64
		{00000000-0000-0000-0000-000000030629}.Release|x64.Build.0 = Release|x64
		{00000000-0000-0000-0000-000000046622}.Release|x64.ActiveCfg = Release|x64
		{00000000-0000-0000-0000-000000046622}.Release|x64.Build.0 = Release|x64
		{00000000-0000-0000-0000-000000014215}.Release|x64.ActiveCfg = Release|x64
		{00000000-0000-0000-0000-000000014215}.Release|x64.Build.0 = Release|x64
		{00000000-0000-0000-0000-000000048223}.Release|x64.ActiveCfg = Release|x64
		{00000000-0000-0000-0000-000000048223}.Release|x64.Build.0 = Release|x64
		{00000000-0000-0000-0000-000000001354}.Release|x64.ActiveCfg = Release|x64
		{00000000-0000-0000-0000-000000001354}.Release|x64.Build.0 = Release|x64
		{00000000-0000-0000-0000-000000021441}.Release|x64.ActiveCfg = Release|x64
		{00000000-0000-0000-0000-000000021441}.Release|x64.Build.0 = Release|x64
		{00000000-0000-0000-0000-000000013059}.Release|x64.ActiveCfg = Release|x64
		{00000000-0000-0000-0000-000000013059}.Release|x64.Build.0 = Release|x64
		{00000000-0000-0000-0000-000000013551}.Release|x64.ActiveCfg = Release|x64
		{00000000-0000-0000-0000-000000013551}.Release|x64.Build.0 = Release|x64
		{00000000-0000-0000-0000-000000050056}.Release|x64.ActiveCfg = Release|x64
		{00000000-0000-0000-0000-000000050056}.Release|x64.Build.0 = Release|x64
	EndGlobalSection
	GlobalSection(SolutionProperties) = preSolution
		HideSolutionNode = FALSE
	EndGlobalSection
EndGlobal
