Microsoft Visual Studio Solution File, Format Version 11.00
# Visual Studio 2010
Project("{FAE04EC0-301F-11D3-BF4B-00C04F79EFBC}") = "DistMIP", "DistMIP.csproj", "{64BA6E9C-32B0-40CD-96A5-B4A2A50D314C}"
EndProject
Global
	GlobalSection(SolutionConfigurationPlatforms) = preSolution
		Debug|Any CPU = Debug|Any CPU
		Debug|x64 = Debug|x64
		Release|Any CPU = Release|Any CPU
		Release|x64 = Release|x64
	EndGlobalSection
	GlobalSection(ProjectConfigurationPlatforms) = postSolution
		{64BA6E9C-32B0-40CD-96A5-B4A2A50D314C}.Debug|Any CPU.ActiveCfg = Debug|Any CPU
		{64BA6E9C-32B0-40CD-96A5-B4A2A50D314C}.Debug|Any CPU.Build.0 = Debug|Any CPU
		{64BA6E9C-32B0-40CD-96A5-B4A2A50D314C}.Debug|x64.ActiveCfg = Debug|x64
		{64BA6E9C-32B0-40CD-96A5-B4A2A50D314C}.Debug|x64.Build.0 = Debug|x64
		{64BA6E9C-32B0-40CD-96A5-B4A2A50D314C}.Release|Any CPU.ActiveCfg = Release|Any CPU
		{64BA6E9C-32B0-40CD-96A5-B4A2A50D314C}.Release|Any CPU.Build.0 = Release|Any CPU
		{64BA6E9C-32B0-40CD-96A5-B4A2A50D314C}.Release|x64.ActiveCfg = Release|x64
		{64BA6E9C-32B0-40CD-96A5-B4A2A50D314C}.Release|x64.Build.0 = Release|x64
	EndGlobalSection
	GlobalSection(SolutionProperties) = preSolution
		HideSolutionNode = FALSE
	EndGlobalSection
EndGlobal
