Microsoft Visual Studio Solution File, Format Version 11.00
# Visual Studio 2012
Project("{8BC9CEB8-8B4A-11D0-8D11-00A0C91BC942}") = "sched_flowshop", "sched_flowshop.vcxproj", "{00000000-0000-0000-0000-000000061441}"
EndProject
Project("{8BC9CEB8-8B4A-11D0-8D11-00A0C91BC942}") = "steelmill", "steelmill.vcxproj", "{00000000-0000-0000-0000-000000038621}"
EndProject
Project("{8BC9CEB8-8B4A-11D0-8D11-00A0C91BC942}") = "sched_calendar", "sched_calendar.vcxproj", "{00000000-0000-0000-0000-000000039378}"
EndProject
Project("{8BC9CEB8-8B4A-11D0-8D11-00A0C91BC942}") = "searchphases", "searchphases.vcxproj", "{00000000-0000-0000-0000-000000026533}"
EndProject
Project("{8BC9CEB8-8B4A-11D0-8D11-00A0C91BC942}") = "sched_tcost", "sched_tcost.vcxproj", "{00000000-0000-0000-0000-000000025572}"
EndProject
Project("{8BC9CEB8-8B4A-11D0-8D11-00A0C91BC942}") = "sched_conflict", "sched_conflict.vcxproj", "{00000000-0000-0000-0000-000000038819}"
EndProject
Project("{8BC9CEB8-8B4A-11D0-8D11-00A0C91BC942}") = "color_ex3", "color_ex3.vcxproj", "{00000000-0000-0000-0000-000000032485}"
EndProject
Project("{8BC9CEB8-8B4A-11D0-8D11-00A0C91BC942}") = "ppp", "ppp.vcxproj", "{00000000-0000-0000-0000-000000017349}"
EndProject
Project("{8BC9CEB8-8B4A-11D0-8D11-00A0C91BC942}") = "facility", "facility.vcxproj", "{00000000-0000-0000-0000-000000047786}"
EndProject
Project("{8BC9CEB8-8B4A-11D0-8D11-00A0C91BC942}") = "smooth", "smooth.vcxproj", "{00000000-0000-0000-0000-000000025786}"
EndProject
Project("{8BC9CEB8-8B4A-11D0-8D11-00A0C91BC942}") = "truckfleet", "truckfleet.vcxproj", "{00000000-0000-0000-0000-000000053672}"
EndProject
Project("{8BC9CEB8-8B4A-11D0-8D11-00A0C91BC942}") = "sched_learningeffect", "sched_learningeffect.vcxproj", "{00000000-0000-0000-0000-000000027160}"
EndProject
Project("{8BC9CEB8-8B4A-11D0-8D11-00A0C91BC942}") = "sports", "sports.vcxproj", "{00000000-0000-0000-0000-000000050838}"
EndProject
Project("{8BC9CEB8-8B4A-11D0-8D11-00A0C91BC942}") = "facility_explanations", "facility_explanations.vcxproj", "{00000000-0000-0000-0000-000000031207}"
EndProject
Project("{8BC9CEB8-8B4A-11D0-8D11-00A0C91BC942}") = "sched_goalprog", "sched_goalprog.vcxproj", "{00000000-0000-0000-0000-000000023316}"
EndProject
Project("{8BC9CEB8-8B4A-11D0-8D11-00A0C91BC942}") = "schedsearch_settimes", "schedsearch_settimes.vcxproj", "{00000000-0000-0000-0000-000000011188}"
EndProject
Project("{8BC9CEB8-8B4A-11D0-8D11-00A0C91BC942}") = "alloc", "alloc.vcxproj", "{00000000-0000-0000-0000-000000040448}"
EndProject
Project("{8BC9CEB8-8B4A-11D0-8D11-00A0C91BC942}") = "teambuilding", "teambuilding.vcxproj", "{00000000-0000-0000-0000-000000056316}"
EndProject
Project("{8BC9CEB8-8B4A-11D0-8D11-00A0C91BC942}") = "sports_strong", "sports_strong.vcxproj", "{00000000-0000-0000-0000-000000049193}"
EndProject
Project("{8BC9CEB8-8B4A-11D0-8D11-00A0C91BC942}") = "facility_ex3", "facility_ex3.vcxproj", "{00000000-0000-0000-0000-000000047154}"
EndProject
Project("{8BC9CEB8-8B4A-11D0-8D11-00A0C91BC942}") = "sched_intro", "sched_intro.vcxproj", "{00000000-0000-0000-0000-000000046911}"
EndProject
Project("{8BC9CEB8-8B4A-11D0-8D11-00A0C91BC942}") = "plantlocation", "plantlocation.vcxproj", "{00000000-0000-0000-0000-000000028235}"
EndProject
Project("{8BC9CEB8-8B4A-11D0-8D11-00A0C91BC942}") = "sched_state", "sched_state.vcxproj", "{00000000-0000-0000-0000-000000025716}"
EndProject
Project("{8BC9CEB8-8B4A-11D0-8D11-00A0C91BC942}") = "cpofileformat", "cpofileformat.vcxproj", "{00000000-0000-0000-0000-000000053110}"
EndProject
Project("{8BC9CEB8-8B4A-11D0-8D11-00A0C91BC942}") = "sched_rcpspmm", "sched_rcpspmm.vcxproj", "{00000000-0000-0000-0000-000000028933}"
EndProject
Project("{8BC9CEB8-8B4A-11D0-8D11-00A0C91BC942}") = "schedsearch_greedyandrelax", "schedsearch_greedyandrelax.vcxproj", "{00000000-0000-0000-0000-000000047800}"
EndProject
Project("{8BC9CEB8-8B4A-11D0-8D11-00A0C91BC942}") = "sched_jobshopflex", "sched_jobshopflex.vcxproj", "{00000000-0000-0000-0000-000000062499}"
EndProject
Project("{8BC9CEB8-8B4A-11D0-8D11-00A0C91BC942}") = "sched_stochastic_jobshop", "sched_stochastic_jobshop.vcxproj", "{00000000-0000-0000-0000-000000040715}"
EndProject
Project("{8BC9CEB8-8B4A-11D0-8D11-00A0C91BC942}") = "sched_square", "sched_square.vcxproj", "{00000000-0000-0000-0000-000000000107}"
EndProject
Project("{8BC9CEB8-8B4A-11D0-8D11-00A0C91BC942}") = "schedsearch_sequencing", "schedsearch_sequencing.vcxproj", "{00000000-0000-0000-0000-000000029114}"
EndProject
Project("{8BC9CEB8-8B4A-11D0-8D11-00A0C91BC942}") = "sched_sequence", "sched_sequence.vcxproj", "{00000000-0000-0000-0000-000000048814}"
EndProject
Project("{8BC9CEB8-8B4A-11D0-8D11-00A0C91BC942}") = "color_ex4", "color_ex4.vcxproj", "{00000000-0000-0000-0000-000000057412}"
EndProject
Project("{8BC9CEB8-8B4A-11D0-8D11-00A0C91BC942}") = "sched_setup", "sched_setup.vcxproj", "{00000000-0000-0000-0000-000000063991}"
EndProject
Project("{8BC9CEB8-8B4A-11D0-8D11-00A0C91BC942}") = "schedsearch_permutation", "schedsearch_permutation.vcxproj", "{00000000-0000-0000-0000-000000009191}"
EndProject
Project("{8BC9CEB8-8B4A-11D0-8D11-00A0C91BC942}") = "sched_jobshop", "sched_jobshop.vcxproj", "{00000000-0000-0000-0000-000000040114}"
EndProject
Project("{8BC9CEB8-8B4A-11D0-8D11-00A0C91BC942}") = "sched_time", "sched_time.vcxproj", "{00000000-0000-0000-0000-000000041287}"
EndProject
Project("{8BC9CEB8-8B4A-11D0-8D11-00A0C91BC942}") = "schedsearch_optionalsettimes", "schedsearch_optionalsettimes.vcxproj", "{00000000-0000-0000-0000-000000028973}"
EndProject
Project("{8BC9CEB8-8B4A-11D0-8D11-00A0C91BC942}") = "intro", "intro.vcxproj", "{00000000-0000-0000-0000-000000038596}"
EndProject
Project("{8BC9CEB8-8B4A-11D0-8D11-00A0C91BC942}") = "sched_optional", "sched_optional.vcxproj", "{00000000-0000-0000-0000-000000059244}"
EndProject
Project("{8BC9CEB8-8B4A-11D0-8D11-00A0C91BC942}") = "sched_openshop", "sched_openshop.vcxproj", "{00000000-0000-0000-0000-000000005013}"
EndProject
Project("{8BC9CEB8-8B4A-11D0-8D11-00A0C91BC942}") = "steelmill_ex3", "steelmill_ex3.vcxproj", "{00000000-0000-0000-0000-000000039556}"
EndProject
Project("{8BC9CEB8-8B4A-11D0-8D11-00A0C91BC942}") = "color", "color.vcxproj", "{00000000-0000-0000-0000-000000006979}"
EndProject
Project("{8BC9CEB8-8B4A-11D0-8D11-00A0C91BC942}") = "facility_ex4", "facility_ex4.vcxproj", "{00000000-0000-0000-0000-000000047211}"
EndProject
Project("{8BC9CEB8-8B4A-11D0-8D11-00A0C91BC942}") = "sched_pflowshop", "sched_pflowshop.vcxproj", "{00000000-0000-0000-0000-000000062732}"
EndProject
Project("{8BC9CEB8-8B4A-11D0-8D11-00A0C91BC942}") = "sched_cumul", "sched_cumul.vcxproj", "{00000000-0000-0000-0000-000000051980}"
EndProject
Project("{8BC9CEB8-8B4A-11D0-8D11-00A0C91BC942}") = "talent", "talent.vcxproj", "{00000000-0000-0000-0000-000000053239}"
EndProject
Project("{8BC9CEB8-8B4A-11D0-8D11-00A0C91BC942}") = "sched_rcpsp", "sched_rcpsp.vcxproj", "{00000000-0000-0000-0000-000000061090}"
EndProject
Project("{8BC9CEB8-8B4A-11D0-8D11-00A0C91BC942}") = "networkcfg", "networkcfg.vcxproj", "{00000000-0000-0000-0000-000000004128}"
EndProject
Global
	GlobalSection(SolutionConfigurationPlatforms) = preSolution
		Release|x64 = Release|x64
	EndGlobalSection
	GlobalSection(ProjectConfigurationPlatforms) = postSolution
		{00000000-0000-0000-0000-000000061441}.Release|x64.ActiveCfg = Release|x64
		{00000000-0000-0000-0000-000000061441}.Release|x64.Build.0 = Release|x64
		{00000000-0000-0000-0000-000000038621}.Release|x64.ActiveCfg = Release|x64
		{00000000-0000-0000-0000-000000038621}.Release|x64.Build.0 = Release|x64
		{00000000-0000-0000-0000-000000039378}.Release|x64.ActiveCfg = Release|x64
		{00000000-0000-0000-0000-000000039378}.Release|x64.Build.0 = Release|x64
		{00000000-0000-0000-0000-000000026533}.Release|x64.ActiveCfg = Release|x64
		{00000000-0000-0000-0000-000000026533}.Release|x64.Build.0 = Release|x64
		{00000000-0000-0000-0000-000000025572}.Release|x64.ActiveCfg = Release|x64
		{00000000-0000-0000-0000-000000025572}.Release|x64.Build.0 = Release|x64
		{00000000-0000-0000-0000-000000038819}.Release|x64.ActiveCfg = Release|x64
		{00000000-0000-0000-0000-000000038819}.Release|x64.Build.0 = Release|x64
		{00000000-0000-0000-0000-000000032485}.Release|x64.ActiveCfg = Release|x64
		{00000000-0000-0000-0000-000000032485}.Release|x64.Build.0 = Release|x64
		{00000000-0000-0000-0000-000000017349}.Release|x64.ActiveCfg = Release|x64
		{00000000-0000-0000-0000-000000017349}.Release|x64.Build.0 = Release|x64
		{00000000-0000-0000-0000-000000047786}.Release|x64.ActiveCfg = Release|x64
		{00000000-0000-0000-0000-000000047786}.Release|x64.Build.0 = Release|x64
		{00000000-0000-0000-0000-000000025786}.Release|x64.ActiveCfg = Release|x64
		{00000000-0000-0000-0000-000000025786}.Release|x64.Build.0 = Release|x64
		{00000000-0000-0000-0000-000000053672}.Release|x64.ActiveCfg = Release|x64
		{00000000-0000-0000-0000-000000053672}.Release|x64.Build.0 = Release|x64
		{00000000-0000-0000-0000-000000027160}.Release|x64.ActiveCfg = Release|x64
		{00000000-0000-0000-0000-000000027160}.Release|x64.Build.0 = Release|x64
		{00000000-0000-0000-0000-000000050838}.Release|x64.ActiveCfg = Release|x64
		{00000000-0000-0000-0000-000000050838}.Release|x64.Build.0 = Release|x64
		{00000000-0000-0000-0000-000000031207}.Release|x64.ActiveCfg = Release|x64
		{00000000-0000-0000-0000-000000031207}.Release|x64.Build.0 = Release|x64
		{00000000-0000-0000-0000-000000023316}.Release|x64.ActiveCfg = Release|x64
		{00000000-0000-0000-0000-000000023316}.Release|x64.Build.0 = Release|x64
		{00000000-0000-0000-0000-000000011188}.Release|x64.ActiveCfg = Release|x64
		{00000000-0000-0000-0000-000000011188}.Release|x64.Build.0 = Release|x64
		{00000000-0000-0000-0000-000000040448}.Release|x64.ActiveCfg = Release|x64
		{00000000-0000-0000-0000-000000040448}.Release|x64.Build.0 = Release|x64
		{00000000-0000-0000-0000-000000056316}.Release|x64.ActiveCfg = Release|x64
		{00000000-0000-0000-0000-000000056316}.Release|x64.Build.0 = Release|x64
		{00000000-0000-0000-0000-000000049193}.Release|x64.ActiveCfg = Release|x64
		{00000000-0000-0000-0000-000000049193}.Release|x64.Build.0 = Release|x64
		{00000000-0000-0000-0000-000000047154}.Release|x64.ActiveCfg = Release|x64
		{00000000-0000-0000-0000-000000047154}.Release|x64.Build.0 = Release|x64
		{00000000-0000-0000-0000-000000046911}.Release|x64.ActiveCfg = Release|x64
		{00000000-0000-0000-0000-000000046911}.Release|x64.Build.0 = Release|x64
		{00000000-0000-0000-0000-000000028235}.Release|x64.ActiveCfg = Release|x64
		{00000000-0000-0000-0000-000000028235}.Release|x64.Build.0 = Release|x64
		{00000000-0000-0000-0000-000000025716}.Release|x64.ActiveCfg = Release|x64
		{00000000-0000-0000-0000-000000025716}.Release|x64.Build.0 = Release|x64
		{00000000-0000-0000-0000-000000053110}.Release|x64.ActiveCfg = Release|x64
		{00000000-0000-0000-0000-000000053110}.Release|x64.Build.0 = Release|x64
		{00000000-0000-0000-0000-000000028933}.Release|x64.ActiveCfg = Release|x64
		{00000000-0000-0000-0000-000000028933}.Release|x64.Build.0 = Release|x64
		{00000000-0000-0000-0000-000000047800}.Release|x64.ActiveCfg = Release|x64
		{00000000-0000-0000-0000-000000047800}.Release|x64.Build.0 = Release|x64
		{00000000-0000-0000-0000-000000062499}.Release|x64.ActiveCfg = Release|x64
		{00000000-0000-0000-0000-000000062499}.Release|x64.Build.0 = Release|x64
		{00000000-0000-0000-0000-000000040715}.Release|x64.ActiveCfg = Release|x64
		{00000000-0000-0000-0000-000000040715}.Release|x64.Build.0 = Release|x64
		{00000000-0000-0000-0000-000000000107}.Release|x64.ActiveCfg = Release|x64
		{00000000-0000-0000-0000-000000000107}.Release|x64.Build.0 = Release|x64
		{00000000-0000-0000-0000-000000029114}.Release|x64.ActiveCfg = Release|x64
		{00000000-0000-0000-0000-000000029114}.Release|x64.Build.0 = Release|x64
		{00000000-0000-0000-0000-000000048814}.Release|x64.ActiveCfg = Release|x64
		{00000000-0000-0000-0000-000000048814}.Release|x64.Build.0 = Release|x64
		{00000000-0000-0000-0000-000000057412}.Release|x64.ActiveCfg = Release|x64
		{00000000-0000-0000-0000-000000057412}.Release|x64.Build.0 = Release|x64
		{00000000-0000-0000-0000-000000063991}.Release|x64.ActiveCfg = Release|x64
		{00000000-0000-0000-0000-000000063991}.Release|x64.Build.0 = Release|x64
		{00000000-0000-0000-0000-000000009191}.Release|x64.ActiveCfg = Release|x64
		{00000000-0000-0000-0000-000000009191}.Release|x64.Build.0 = Release|x64
		{00000000-0000-0000-0000-000000040114}.Release|x64.ActiveCfg = Release|x64
		{00000000-0000-0000-0000-000000040114}.Release|x64.Build.0 = Release|x64
		{00000000-0000-0000-0000-000000041287}.Release|x64.ActiveCfg = Release|x64
		{00000000-0000-0000-0000-000000041287}.Release|x64.Build.0 = Release|x64
		{00000000-0000-0000-0000-000000028973}.Release|x64.ActiveCfg = Release|x64
		{00000000-0000-0000-0000-000000028973}.Release|x64.Build.0 = Release|x64
		{00000000-0000-0000-0000-000000038596}.Release|x64.ActiveCfg = Release|x64
		{00000000-0000-0000-0000-000000038596}.Release|x64.Build.0 = Release|x64
		{00000000-0000-0000-0000-000000059244}.Release|x64.ActiveCfg = Release|x64
		{00000000-0000-0000-0000-000000059244}.Release|x64.Build.0 = Release|x64
		{00000000-0000-0000-0000-000000005013}.Release|x64.ActiveCfg = Release|x64
		{00000000-0000-0000-0000-000000005013}.Release|x64.Build.0 = Release|x64
		{00000000-0000-0000-0000-000000039556}.Release|x64.ActiveCfg = Release|x64
		{00000000-0000-0000-0000-000000039556}.Release|x64.Build.0 = Release|x64
		{00000000-0000-0000-0000-000000006979}.Release|x64.ActiveCfg = Release|x64
		{00000000-0000-0000-0000-000000006979}.Release|x64.Build.0 = Release|x64
		{00000000-0000-0000-0000-000000047211}.Release|x64.ActiveCfg = Release|x64
		{00000000-0000-0000-0000-000000047211}.Release|x64.Build.0 = Release|x64
		{00000000-0000-0000-0000-000000062732}.Release|x64.ActiveCfg = Release|x64
		{00000000-0000-0000-0000-000000062732}.Release|x64.Build.0 = Release|x64
		{00000000-0000-0000-0000-000000051980}.Release|x64.ActiveCfg = Release|x64
		{00000000-0000-0000-0000-000000051980}.Release|x64.Build.0 = Release|x64
		{00000000-0000-0000-0000-000000053239}.Release|x64.ActiveCfg = Release|x64
		{00000000-0000-0000-0000-000000053239}.Release|x64.Build.0 = Release|x64
		{00000000-0000-0000-0000-000000061090}.Release|x64.ActiveCfg = Release|x64
		{00000000-0000-0000-0000-000000061090}.Release|x64.Build.0 = Release|x64
		{00000000-0000-0000-0000-000000004128}.Release|x64.ActiveCfg = Release|x64
		{00000000-0000-0000-0000-000000004128}.Release|x64.Build.0 = Release|x64
	EndGlobalSection
	GlobalSection(SolutionProperties) = preSolution
		HideSolutionNode = FALSE
	EndGlobalSection
EndGlobal
