Microsoft Visual Studio Solution File, Format Version 11.00
# Visual Studio 2012
Project("{FAE04EC0-301F-11D3-BF4B-00C04F79EFBC}") = "PlantLocation", "PlantLocation.csproj", "{00000000-0000-0000-0000-000000017217}"
EndProject
Project("{FAE04EC0-301F-11D3-BF4B-00C04F79EFBC}") = "SchedCumul", "SchedCumul.csproj", "{00000000-0000-0000-0000-000000017932}"
EndProject
Project("{FAE04EC0-301F-11D3-BF4B-00C04F79EFBC}") = "SchedFlowShop", "SchedFlowShop.csproj", "{00000000-0000-0000-0000-000000001516}"
EndProject
Project("{FAE04EC0-301F-11D3-BF4B-00C04F79EFBC}") = "SchedOptional", "SchedOptional.csproj", "{00000000-0000-0000-0000-000000057339}"
EndProject
Project("{FAE04EC0-301F-11D3-BF4B-00C04F79EFBC}") = "SchedOpenShop", "SchedOpenShop.csproj", "{00000000-0000-0000-0000-000000018428}"
EndProject
Project("{FAE04EC0-301F-11D3-BF4B-00C04F79EFBC}") = "SchedIntro", "SchedIntro.csproj", "{00000000-0000-0000-0000-000000019092}"
EndProject
Project("{FAE04EC0-301F-11D3-BF4B-00C04F79EFBC}") = "SchedRCPSP", "SchedRCPSP.csproj", "{00000000-0000-0000-0000-000000052718}"
EndProject
Project("{FAE04EC0-301F-11D3-BF4B-00C04F79EFBC}") = "SchedJobShop", "SchedJobShop.csproj", "{00000000-0000-0000-0000-000000010601}"
EndProject
Project("{FAE04EC0-301F-11D3-BF4B-00C04F79EFBC}") = "Facility", "Facility.csproj", "{00000000-0000-0000-0000-000000022116}"
EndProject
Project("{FAE04EC0-301F-11D3-BF4B-00C04F79EFBC}") = "SchedSetup", "SchedSetup.csproj", "{00000000-0000-0000-0000-000000064788}"
EndProject
Project("{FAE04EC0-301F-11D3-BF4B-00C04F79EFBC}") = "SchedState", "SchedState.csproj", "{00000000-0000-0000-0000-000000016691}"
EndProject
Project("{FAE04EC0-301F-11D3-BF4B-00C04F79EFBC}") = "SchedCalendar", "SchedCalendar.csproj", "{00000000-0000-0000-0000-000000062147}"
EndProject
Project("{FAE04EC0-301F-11D3-BF4B-00C04F79EFBC}") = "SchedStochasticJobShop", "SchedStochasticJobShop.csproj", "{00000000-0000-0000-0000-000000024810}"
EndProject
Project("{FAE04EC0-301F-11D3-BF4B-00C04F79EFBC}") = "Color", "Color.csproj", "{00000000-0000-0000-0000-000000045227}"
EndProject
Project("{FAE04EC0-301F-11D3-BF4B-00C04F79EFBC}") = "SchedTCost", "SchedTCost.csproj", "{00000000-0000-0000-0000-000000027136}"
EndProject
Project("{FAE04EC0-301F-11D3-BF4B-00C04F79EFBC}") = "Ppp", "Ppp.csproj", "{00000000-0000-0000-0000-000000047704}"
EndProject
Project("{FAE04EC0-301F-11D3-BF4B-00C04F79EFBC}") = "SchedSequence", "SchedSequence.csproj", "{00000000-0000-0000-0000-000000034713}"
EndProject
Project("{FAE04EC0-301F-11D3-BF4B-00C04F79EFBC}") = "SchedTime", "SchedTime.csproj", "{00000000-0000-0000-0000-000000025859}"
EndProject
Project("{FAE04EC0-301F-11D3-BF4B-00C04F79EFBC}") = "SchedJobShopFlex", "SchedJobShopFlex.csproj", "{00000000-0000-0000-0000-000000031187}"
EndProject
Project("{FAE04EC0-301F-11D3-BF4B-00C04F79EFBC}") = "Sports", "Sports.csproj", "{00000000-0000-0000-0000-000000024093}"
EndProject
Project("{FAE04EC0-301F-11D3-BF4B-00C04F79EFBC}") = "Steelmill", "Steelmill.csproj", "{00000000-0000-0000-0000-000000055812}"
EndProject
Project("{FAE04EC0-301F-11D3-BF4B-00C04F79EFBC}") = "Talent", "Talent.csproj", "{00000000-0000-0000-0000-000000027405}"
EndProject
Project("{FAE04EC0-301F-11D3-BF4B-00C04F79EFBC}") = "SportsStrong", "SportsStrong.csproj", "{00000000-0000-0000-0000-000000042037}"
EndProject
Project("{FAE04EC0-301F-11D3-BF4B-00C04F79EFBC}") = "Truckfleet", "Truckfleet.csproj", "{00000000-0000-0000-0000-000000037638}"
EndProject
Project("{FAE04EC0-301F-11D3-BF4B-00C04F79EFBC}") = "CPOFileFormat", "CPOFileFormat.csproj", "{00000000-0000-0000-0000-000000026465}"
EndProject
Project("{FAE04EC0-301F-11D3-BF4B-00C04F79EFBC}") = "SchedLearningEffect", "SchedLearningEffect.csproj", "{00000000-0000-0000-0000-000000009317}"
EndProject
Project("{FAE04EC0-301F-11D3-BF4B-00C04F79EFBC}") = "FacilityExplanations", "FacilityExplanations.csproj", "{00000000-0000-0000-0000-000000040134}"
EndProject
Project("{FAE04EC0-301F-11D3-BF4B-00C04F79EFBC}") = "SchedGoalProg", "SchedGoalProg.csproj", "{00000000-0000-0000-0000-000000048858}"
EndProject
Project("{FAE04EC0-301F-11D3-BF4B-00C04F79EFBC}") = "SchedPFlowShop", "SchedPFlowShop.csproj", "{00000000-0000-0000-0000-000000025734}"
EndProject
Project("{FAE04EC0-301F-11D3-BF4B-00C04F79EFBC}") = "Alloc", "Alloc.csproj", "{00000000-0000-0000-0000-000000012064}"
EndProject
Project("{FAE04EC0-301F-11D3-BF4B-00C04F79EFBC}") = "SchedRCPSPMM", "SchedRCPSPMM.csproj", "{00000000-0000-0000-0000-000000035359}"
EndProject
Project("{FAE04EC0-301F-11D3-BF4B-00C04F79EFBC}") = "SchedSquare", "SchedSquare.csproj", "{00000000-0000-0000-0000-000000056560}"
EndProject
Project("{FAE04EC0-301F-11D3-BF4B-00C04F79EFBC}") = "Teambuilding", "Teambuilding.csproj", "{00000000-0000-0000-0000-000000064487}"
EndProject
Project("{FAE04EC0-301F-11D3-BF4B-00C04F79EFBC}") = "SchedConflict", "SchedConflict.csproj", "{00000000-0000-0000-0000-000000033005}"
EndProject
Global
	GlobalSection(SolutionConfigurationPlatforms) = preSolution
			Debug|x64 = Debug|x64
		Release|x64 = Release|x64
	EndGlobalSection
	GlobalSection(ProjectConfigurationPlatforms) = postSolution
		{00000000-0000-0000-0000-000000017217}.Debug|x64.ActiveCfg = Debug|x64
		{00000000-0000-0000-0000-000000017217}.Debug|x64.Build.0 = Debug|x64
		{00000000-0000-0000-0000-000000017217}.Release|x64.ActiveCfg = Release|x64
		{00000000-0000-0000-0000-000000017217}.Release|x64.Build.0 = Release|x64
		{00000000-0000-0000-0000-000000017932}.Debug|x64.ActiveCfg = Debug|x64
		{00000000-0000-0000-0000-000000017932}.Debug|x64.Build.0 = Debug|x64
		{00000000-0000-0000-0000-000000017932}.Release|x64.ActiveCfg = Release|x64
		{00000000-0000-0000-0000-000000017932}.Release|x64.Build.0 = Release|x64
		{00000000-0000-0000-0000-000000001516}.Debug|x64.ActiveCfg = Debug|x64
		{00000000-0000-0000-0000-000000001516}.Debug|x64.Build.0 = Debug|x64
		{00000000-0000-0000-0000-000000001516}.Release|x64.ActiveCfg = Release|x64
		{00000000-0000-0000-0000-000000001516}.Release|x64.Build.0 = Release|x64
		{00000000-0000-0000-0000-000000057339}.Debug|x64.ActiveCfg = Debug|x64
		{00000000-0000-0000-0000-000000057339}.Debug|x64.Build.0 = Debug|x64
		{00000000-0000-0000-0000-000000057339}.Release|x64.ActiveCfg = Release|x64
		{00000000-0000-0000-0000-000000057339}.Release|x64.Build.0 = Release|x64
		{00000000-0000-0000-0000-000000018428}.Debug|x64.ActiveCfg = Debug|x64
		{00000000-0000-0000-0000-000000018428}.Debug|x64.Build.0 = Debug|x64
		{00000000-0000-0000-0000-000000018428}.Release|x64.ActiveCfg = Release|x64
		{00000000-0000-0000-0000-000000018428}.Release|x64.Build.0 = Release|x64
		{00000000-0000-0000-0000-000000019092}.Debug|x64.ActiveCfg = Debug|x64
		{00000000-0000-0000-0000-000000019092}.Debug|x64.Build.0 = Debug|x64
		{00000000-0000-0000-0000-000000019092}.Release|x64.ActiveCfg = Release|x64
		{00000000-0000-0000-0000-000000019092}.Release|x64.Build.0 = Release|x64
		{00000000-0000-0000-0000-000000052718}.Debug|x64.ActiveCfg = Debug|x64
		{00000000-0000-0000-0000-000000052718}.Debug|x64.Build.0 = Debug|x64
		{00000000-0000-0000-0000-000000052718}.Release|x64.ActiveCfg = Release|x64
		{00000000-0000-0000-0000-000000052718}.Release|x64.Build.0 = Release|x64
		{00000000-0000-0000-0000-000000010601}.Debug|x64.ActiveCfg = Debug|x64
		{00000000-0000-0000-0000-000000010601}.Debug|x64.Build.0 = Debug|x64
		{00000000-0000-0000-0000-000000010601}.Release|x64.ActiveCfg = Release|x64
		{00000000-0000-0000-0000-000000010601}.Release|x64.Build.0 = Release|x64
		{00000000-0000-0000-0000-000000022116}.Debug|x64.ActiveCfg = Debug|x64
		{00000000-0000-0000-0000-000000022116}.Debug|x64.Build.0 = Debug|x64
		{00000000-0000-0000-0000-000000022116}.Release|x64.ActiveCfg = Release|x64
		{00000000-0000-0000-0000-000000022116}.Release|x64.Build.0 = Release|x64
		{00000000-0000-0000-0000-000000064788}.Debug|x64.ActiveCfg = Debug|x64
		{00000000-0000-0000-0000-000000064788}.Debug|x64.Build.0 = Debug|x64
		{00000000-0000-0000-0000-000000064788}.Release|x64.ActiveCfg = Release|x64
		{00000000-0000-0000-0000-000000064788}.Release|x64.Build.0 = Release|x64
		{00000000-0000-0000-0000-000000016691}.Debug|x64.ActiveCfg = Debug|x64
		{00000000-0000-0000-0000-000000016691}.Debug|x64.Build.0 = Debug|x64
		{00000000-0000-0000-0000-000000016691}.Release|x64.ActiveCfg = Release|x64
		{00000000-0000-0000-0000-000000016691}.Release|x64.Build.0 = Release|x64
		{00000000-0000-0000-0000-000000062147}.Debug|x64.ActiveCfg = Debug|x64
		{00000000-0000-0000-0000-000000062147}.Debug|x64.Build.0 = Debug|x64
		{00000000-0000-0000-0000-000000062147}.Release|x64.ActiveCfg = Release|x64
		{00000000-0000-0000-0000-000000062147}.Release|x64.Build.0 = Release|x64
		{00000000-0000-0000-0000-000000024810}.Debug|x64.ActiveCfg = Debug|x64
		{00000000-0000-0000-0000-000000024810}.Debug|x64.Build.0 = Debug|x64
		{00000000-0000-0000-0000-000000024810}.Release|x64.ActiveCfg = Release|x64
		{00000000-0000-0000-0000-000000024810}.Release|x64.Build.0 = Release|x64
		{00000000-0000-0000-0000-000000045227}.Debug|x64.ActiveCfg = Debug|x64
		{00000000-0000-0000-0000-000000045227}.Debug|x64.Build.0 = Debug|x64
		{00000000-0000-0000-0000-000000045227}.Release|x64.ActiveCfg = Release|x64
		{00000000-0000-0000-0000-000000045227}.Release|x64.Build.0 = Release|x64
		{00000000-0000-0000-0000-000000027136}.Debug|x64.ActiveCfg = Debug|x64
		{00000000-0000-0000-0000-000000027136}.Debug|x64.Build.0 = Debug|x64
		{00000000-0000-0000-0000-000000027136}.Release|x64.ActiveCfg = Release|x64
		{00000000-0000-0000-0000-000000027136}.Release|x64.Build.0 = Release|x64
		{00000000-0000-0000-0000-000000047704}.Debug|x64.ActiveCfg = Debug|x64
		{00000000-0000-0000-0000-000000047704}.Debug|x64.Build.0 = Debug|x64
		{00000000-0000-0000-0000-000000047704}.Release|x64.ActiveCfg = Release|x64
		{00000000-0000-0000-0000-000000047704}.Release|x64.Build.0 = Release|x64
		{00000000-0000-0000-0000-000000034713}.Debug|x64.ActiveCfg = Debug|x64
		{00000000-0000-0000-0000-000000034713}.Debug|x64.Build.0 = Debug|x64
		{00000000-0000-0000-0000-000000034713}.Release|x64.ActiveCfg = Release|x64
		{00000000-0000-0000-0000-000000034713}.Release|x64.Build.0 = Release|x64
		{00000000-0000-0000-0000-000000025859}.Debug|x64.ActiveCfg = Debug|x64
		{00000000-0000-0000-0000-000000025859}.Debug|x64.Build.0 = Debug|x64
		{00000000-0000-0000-0000-000000025859}.Release|x64.ActiveCfg = Release|x64
		{00000000-0000-0000-0000-000000025859}.Release|x64.Build.0 = Release|x64
		{00000000-0000-0000-0000-000000031187}.Debug|x64.ActiveCfg = Debug|x64
		{00000000-0000-0000-0000-000000031187}.Debug|x64.Build.0 = Debug|x64
		{00000000-0000-0000-0000-000000031187}.Release|x64.ActiveCfg = Release|x64
		{00000000-0000-0000-0000-000000031187}.Release|x64.Build.0 = Release|x64
		{00000000-0000-0000-0000-000000024093}.Debug|x64.ActiveCfg = Debug|x64
		{00000000-0000-0000-0000-000000024093}.Debug|x64.Build.0 = Debug|x64
		{00000000-0000-0000-0000-000000024093}.Release|x64.ActiveCfg = Release|x64
		{00000000-0000-0000-0000-000000024093}.Release|x64.Build.0 = Release|x64
		{00000000-0000-0000-0000-000000055812}.Debug|x64.ActiveCfg = Debug|x64
		{00000000-0000-0000-0000-000000055812}.Debug|x64.Build.0 = Debug|x64
		{00000000-0000-0000-0000-000000055812}.Release|x64.ActiveCfg = Release|x64
		{00000000-0000-0000-0000-000000055812}.Release|x64.Build.0 = Release|x64
		{00000000-0000-0000-0000-000000027405}.Debug|x64.ActiveCfg = Debug|x64
		{00000000-0000-0000-0000-000000027405}.Debug|x64.Build.0 = Debug|x64
		{00000000-0000-0000-0000-000000027405}.Release|x64.ActiveCfg = Release|x64
		{00000000-0000-0000-0000-000000027405}.Release|x64.Build.0 = Release|x64
		{00000000-0000-0000-0000-000000042037}.Debug|x64.ActiveCfg = Debug|x64
		{00000000-0000-0000-0000-000000042037}.Debug|x64.Build.0 = Debug|x64
		{00000000-0000-0000-0000-000000042037}.Release|x64.ActiveCfg = Release|x64
		{00000000-0000-0000-0000-000000042037}.Release|x64.Build.0 = Release|x64
		{00000000-0000-0000-0000-000000037638}.Debug|x64.ActiveCfg = Debug|x64
		{00000000-0000-0000-0000-000000037638}.Debug|x64.Build.0 = Debug|x64
		{00000000-0000-0000-0000-000000037638}.Release|x64.ActiveCfg = Release|x64
		{00000000-0000-0000-0000-000000037638}.Release|x64.Build.0 = Release|x64
		{00000000-0000-0000-0000-000000026465}.Debug|x64.ActiveCfg = Debug|x64
		{00000000-0000-0000-0000-000000026465}.Debug|x64.Build.0 = Debug|x64
		{00000000-0000-0000-0000-000000026465}.Release|x64.ActiveCfg = Release|x64
		{00000000-0000-0000-0000-000000026465}.Release|x64.Build.0 = Release|x64
		{00000000-0000-0000-0000-000000009317}.Debug|x64.ActiveCfg = Debug|x64
		{00000000-0000-0000-0000-000000009317}.Debug|x64.Build.0 = Debug|x64
		{00000000-0000-0000-0000-000000009317}.Release|x64.ActiveCfg = Release|x64
		{00000000-0000-0000-0000-000000009317}.Release|x64.Build.0 = Release|x64
		{00000000-0000-0000-0000-000000040134}.Debug|x64.ActiveCfg = Debug|x64
		{00000000-0000-0000-0000-000000040134}.Debug|x64.Build.0 = Debug|x64
		{00000000-0000-0000-0000-000000040134}.Release|x64.ActiveCfg = Release|x64
		{00000000-0000-0000-0000-000000040134}.Release|x64.Build.0 = Release|x64
		{00000000-0000-0000-0000-000000048858}.Debug|x64.ActiveCfg = Debug|x64
		{00000000-0000-0000-0000-000000048858}.Debug|x64.Build.0 = Debug|x64
		{00000000-0000-0000-0000-000000048858}.Release|x64.ActiveCfg = Release|x64
		{00000000-0000-0000-0000-000000048858}.Release|x64.Build.0 = Release|x64
		{00000000-0000-0000-0000-000000025734}.Debug|x64.ActiveCfg = Debug|x64
		{00000000-0000-0000-0000-000000025734}.Debug|x64.Build.0 = Debug|x64
		{00000000-0000-0000-0000-000000025734}.Release|x64.ActiveCfg = Release|x64
		{00000000-0000-0000-0000-000000025734}.Release|x64.Build.0 = Release|x64
		{00000000-0000-0000-0000-000000012064}.Debug|x64.ActiveCfg = Debug|x64
		{00000000-0000-0000-0000-000000012064}.Debug|x64.Build.0 = Debug|x64
		{00000000-0000-0000-0000-000000012064}.Release|x64.ActiveCfg = Release|x64
		{00000000-0000-0000-0000-000000012064}.Release|x64.Build.0 = Release|x64
		{00000000-0000-0000-0000-000000035359}.Debug|x64.ActiveCfg = Debug|x64
		{00000000-0000-0000-0000-000000035359}.Debug|x64.Build.0 = Debug|x64
		{00000000-0000-0000-0000-000000035359}.Release|x64.ActiveCfg = Release|x64
		{00000000-0000-0000-0000-000000035359}.Release|x64.Build.0 = Release|x64
		{00000000-0000-0000-0000-000000056560}.Debug|x64.ActiveCfg = Debug|x64
		{00000000-0000-0000-0000-000000056560}.Debug|x64.Build.0 = Debug|x64
		{00000000-0000-0000-0000-000000056560}.Release|x64.ActiveCfg = Release|x64
		{00000000-0000-0000-0000-000000056560}.Release|x64.Build.0 = Release|x64
		{00000000-0000-0000-0000-000000064487}.Debug|x64.ActiveCfg = Debug|x64
		{00000000-0000-0000-0000-000000064487}.Debug|x64.Build.0 = Debug|x64
		{00000000-0000-0000-0000-000000064487}.Release|x64.ActiveCfg = Release|x64
		{00000000-0000-0000-0000-000000064487}.Release|x64.Build.0 = Release|x64
		{00000000-0000-0000-0000-000000033005}.Debug|x64.ActiveCfg = Debug|x64
		{00000000-0000-0000-0000-000000033005}.Debug|x64.Build.0 = Debug|x64
		{00000000-0000-0000-0000-000000033005}.Release|x64.ActiveCfg = Release|x64
		{00000000-0000-0000-0000-000000033005}.Release|x64.Build.0 = Release|x64
	EndGlobalSection
	GlobalSection(SolutionProperties) = preSolution
		HideSolutionNode = FALSE
	EndGlobalSection
EndGlobal
