Microsoft Visual Studio Solution File, Format Version 11.00
# Visual Studio 2010
Project("{8BC9CEB8-8B4A-11D0-8D11-00A0C91BC942}") = "sched_flowshop", "sched_flowshop.vcxproj", "{00000000-0000-0000-0000-000000046505}"
EndProject
Project("{8BC9CEB8-8B4A-11D0-8D11-00A0C91BC942}") = "steelmill", "steelmill.vcxproj", "{00000000-0000-0000-0000-000000031228}"
EndProject
Project("{8BC9CEB8-8B4A-11D0-8D11-00A0C91BC942}") = "sched_calendar", "sched_calendar.vcxproj", "{00000000-0000-0000-0000-000000011966}"
EndProject
Project("{8BC9CEB8-8B4A-11D0-8D11-00A0C91BC942}") = "searchphases", "searchphases.vcxproj", "{00000000-0000-0000-0000-000000037014}"
EndProject
Project("{8BC9CEB8-8B4A-11D0-8D11-00A0C91BC942}") = "sched_tcost", "sched_tcost.vcxproj", "{00000000-0000-0000-0000-000000063196}"
EndProject
Project("{8BC9CEB8-8B4A-11D0-8D11-00A0C91BC942}") = "sched_conflict", "sched_conflict.vcxproj", "{00000000-0000-0000-0000-000000009893}"
EndProject
Project("{8BC9CEB8-8B4A-11D0-8D11-00A0C91BC942}") = "color_ex3", "color_ex3.vcxproj", "{00000000-0000-0000-0000-000000007750}"
EndProject
Project("{8BC9CEB8-8B4A-11D0-8D11-00A0C91BC942}") = "ppp", "ppp.vcxproj", "{00000000-0000-0000-0000-000000047843}"
EndProject
Project("{8BC9CEB8-8B4A-11D0-8D11-00A0C91BC942}") = "facility", "facility.vcxproj", "{00000000-0000-0000-0000-000000057177}"
EndProject
Project("{8BC9CEB8-8B4A-11D0-8D11-00A0C91BC942}") = "smooth", "smooth.vcxproj", "{00000000-0000-0000-0000-000000021872}"
EndProject
Project("{8BC9CEB8-8B4A-11D0-8D11-00A0C91BC942}") = "truckfleet", "truckfleet.vcxproj", "{00000000-0000-0000-0000-000000053534}"
EndProject
Project("{8BC9CEB8-8B4A-11D0-8D11-00A0C91BC942}") = "sched_learningeffect", "sched_learningeffect.vcxproj", "{00000000-0000-0000-0000-000000002787}"
EndProject
Project("{8BC9CEB8-8B4A-11D0-8D11-00A0C91BC942}") = "sports", "sports.vcxproj", "{00000000-0000-0000-0000-000000003683}"
EndProject
Project("{8BC9CEB8-8B4A-11D0-8D11-00A0C91BC942}") = "facility_explanations", "facility_explanations.vcxproj", "{00000000-0000-0000-0000-000000052957}"
EndProject
Project("{8BC9CEB8-8B4A-11D0-8D11-00A0C91BC942}") = "sched_goalprog", "sched_goalprog.vcxproj", "{00000000-0000-0000-0000-000000008707}"
EndProject
Project("{8BC9CEB8-8B4A-11D0-8D11-00A0C91BC942}") = "schedsearch_settimes", "schedsearch_settimes.vcxproj", "{00000000-0000-0000-0000-000000012539}"
EndProject
Project("{8BC9CEB8-8B4A-11D0-8D11-00A0C91BC942}") = "alloc", "alloc.vcxproj", "{00000000-0000-0000-0000-000000054965}"
EndProject
Project("{8BC9CEB8-8B4A-11D0-8D11-00A0C91BC942}") = "teambuilding", "teambuilding.vcxproj", "{00000000-0000-0000-0000-000000025732}"
EndProject
Project("{8BC9CEB8-8B4A-11D0-8D11-00A0C91BC942}") = "sports_strong", "sports_strong.vcxproj", "{00000000-0000-0000-0000-000000056083}"
EndProject
Project("{8BC9CEB8-8B4A-11D0-8D11-00A0C91BC942}") = "facility_ex3", "facility_ex3.vcxproj", "{00000000-0000-0000-0000-000000057527}"
EndProject
Project("{8BC9CEB8-8B4A-11D0-8D11-00A0C91BC942}") = "sched_intro", "sched_intro.vcxproj", "{00000000-0000-0000-0000-000000010873}"
EndProject
Project("{8BC9CEB8-8B4A-11D0-8D11-00A0C91BC942}") = "plantlocation", "plantlocation.vcxproj", "{00000000-0000-0000-0000-000000041887}"
EndProject
Project("{8BC9CEB8-8B4A-11D0-8D11-00A0C91BC942}") = "sched_state", "sched_state.vcxproj", "{00000000-0000-0000-0000-000000005052}"
EndProject
Project("{8BC9CEB8-8B4A-11D0-8D11-00A0C91BC942}") = "cpofileformat", "cpofileformat.vcxproj", "{00000000-0000-0000-0000-000000017064}"
EndProject
Project("{8BC9CEB8-8B4A-11D0-8D11-00A0C91BC942}") = "sched_rcpspmm", "sched_rcpspmm.vcxproj", "{00000000-0000-0000-0000-000000063052}"
EndProject
Project("{8BC9CEB8-8B4A-11D0-8D11-00A0C91BC942}") = "schedsearch_greedyandrelax", "schedsearch_greedyandrelax.vcxproj", "{00000000-0000-0000-0000-000000003090}"
EndProject
Project("{8BC9CEB8-8B4A-11D0-8D11-00A0C91BC942}") = "sched_jobshopflex", "sched_jobshopflex.vcxproj", "{00000000-0000-0000-0000-000000027216}"
EndProject
Project("{8BC9CEB8-8B4A-11D0-8D11-00A0C91BC942}") = "sched_stochastic_jobshop", "sched_stochastic_jobshop.vcxproj", "{00000000-0000-0000-0000-000000051901}"
EndProject
Project("{8BC9CEB8-8B4A-11D0-8D11-00A0C91BC942}") = "sched_square", "sched_square.vcxproj", "{00000000-0000-0000-0000-000000040575}"
EndProject
Project("{8BC9CEB8-8B4A-11D0-8D11-00A0C91BC942}") = "schedsearch_sequencing", "schedsearch_sequencing.vcxproj", "{00000000-0000-0000-0000-000000033262}"
EndProject
Project("{8BC9CEB8-8B4A-11D0-8D11-00A0C91BC942}") = "sched_sequence", "sched_sequence.vcxproj", "{00000000-0000-0000-0000-000000029652}"
EndProject
Project("{8BC9CEB8-8B4A-11D0-8D11-00A0C91BC942}") = "color_ex4", "color_ex4.vcxproj", "{00000000-0000-0000-0000-000000007787}"
EndProject
Project("{8BC9CEB8-8B4A-11D0-8D11-00A0C91BC942}") = "sched_setup", "sched_setup.vcxproj", "{00000000-0000-0000-0000-000000010656}"
EndProject
Project("{8BC9CEB8-8B4A-11D0-8D11-00A0C91BC942}") = "schedsearch_permutation", "schedsearch_permutation.vcxproj", "{00000000-0000-0000-0000-000000065318}"
EndProject
Project("{8BC9CEB8-8B4A-11D0-8D11-00A0C91BC942}") = "sched_jobshop", "sched_jobshop.vcxproj", "{00000000-0000-0000-0000-000000004761}"
EndProject
Project("{8BC9CEB8-8B4A-11D0-8D11-00A0C91BC942}") = "sched_time", "sched_time.vcxproj", "{00000000-0000-0000-0000-000000036372}"
EndProject
Project("{8BC9CEB8-8B4A-11D0-8D11-00A0C91BC942}") = "schedsearch_optionalsettimes", "schedsearch_optionalsettimes.vcxproj", "{00000000-0000-0000-0000-000000055857}"
EndProject
Project("{8BC9CEB8-8B4A-11D0-8D11-00A0C91BC942}") = "intro", "intro.vcxproj", "{00000000-0000-0000-0000-000000055361}"
EndProject
Project("{8BC9CEB8-8B4A-11D0-8D11-00A0C91BC942}") = "sched_optional", "sched_optional.vcxproj", "{00000000-0000-0000-0000-000000052391}"
EndProject
Project("{8BC9CEB8-8B4A-11D0-8D11-00A0C91BC942}") = "sched_openshop", "sched_openshop.vcxproj", "{00000000-0000-0000-0000-000000044276}"
EndProject
Project("{8BC9CEB8-8B4A-11D0-8D11-00A0C91BC942}") = "steelmill_ex3", "steelmill_ex3.vcxproj", "{00000000-0000-0000-0000-000000004046}"
EndProject
Project("{8BC9CEB8-8B4A-11D0-8D11-00A0C91BC942}") = "color", "color.vcxproj", "{00000000-0000-0000-0000-000000014023}"
EndProject
Project("{8BC9CEB8-8B4A-11D0-8D11-00A0C91BC942}") = "facility_ex4", "facility_ex4.vcxproj", "{00000000-0000-0000-0000-000000048000}"
EndProject
Project("{8BC9CEB8-8B4A-11D0-8D11-00A0C91BC942}") = "sched_pflowshop", "sched_pflowshop.vcxproj", "{00000000-0000-0000-0000-000000016378}"
EndProject
Project("{8BC9CEB8-8B4A-11D0-8D11-00A0C91BC942}") = "sched_cumul", "sched_cumul.vcxproj", "{00000000-0000-0000-0000-000000001134}"
EndProject
Project("{8BC9CEB8-8B4A-11D0-8D11-00A0C91BC942}") = "talent", "talent.vcxproj", "{00000000-0000-0000-0000-000000047052}"
EndProject
Project("{8BC9CEB8-8B4A-11D0-8D11-00A0C91BC942}") = "sched_rcpsp", "sched_rcpsp.vcxproj", "{00000000-0000-0000-0000-000000025120}"
EndProject
Project("{8BC9CEB8-8B4A-11D0-8D11-00A0C91BC942}") = "networkcfg", "networkcfg.vcxproj", "{00000000-0000-0000-0000-000000058614}"
EndProject
Global
	GlobalSection(SolutionConfigurationPlatforms) = preSolution
		Release|x64 = Release|x64
	EndGlobalSection
	GlobalSection(ProjectConfigurationPlatforms) = postSolution
		{00000000-0000-0000-0000-000000046505}.Release|x64.ActiveCfg = Release|x64
		{00000000-0000-0000-0000-000000046505}.Release|x64.Build.0 = Release|x64
		{00000000-0000-0000-0000-000000031228}.Release|x64.ActiveCfg = Release|x64
		{00000000-0000-0000-0000-000000031228}.Release|x64.Build.0 = Release|x64
		{00000000-0000-0000-0000-000000011966}.Release|x64.ActiveCfg = Release|x64
		{00000000-0000-0000-0000-000000011966}.Release|x64.Build.0 = Release|x64
		{00000000-0000-0000-0000-000000037014}.Release|x64.ActiveCfg = Release|x64
		{00000000-0000-0000-0000-000000037014}.Release|x64.Build.0 = Release|x64
		{00000000-0000-0000-0000-000000063196}.Release|x64.ActiveCfg = Release|x64
		{00000000-0000-0000-0000-000000063196}.Release|x64.Build.0 = Release|x64
		{00000000-0000-0000-0000-000000009893}.Release|x64.ActiveCfg = Release|x64
		{00000000-0000-0000-0000-000000009893}.Release|x64.Build.0 = Release|x64
		{00000000-0000-0000-0000-000000007750}.Release|x64.ActiveCfg = Release|x64
		{00000000-0000-0000-0000-000000007750}.Release|x64.Build.0 = Release|x64
		{00000000-0000-0000-0000-000000047843}.Release|x64.ActiveCfg = Release|x64
		{00000000-0000-0000-0000-000000047843}.Release|x64.Build.0 = Release|x64
		{00000000-0000-0000-0000-000000057177}.Release|x64.ActiveCfg = Release|x64
		{00000000-0000-0000-0000-000000057177}.Release|x64.Build.0 = Release|x64
		{00000000-0000-0000-0000-000000021872}.Release|x64.ActiveCfg = Release|x64
		{00000000-0000-0000-0000-000000021872}.Release|x64.Build.0 = Release|x64
		{00000000-0000-0000-0000-000000053534}.Release|x64.ActiveCfg = Release|x64
		{00000000-0000-0000-0000-000000053534}.Release|x64.Build.0 = Release|x64
		{00000000-0000-0000-0000-000000002787}.Release|x64.ActiveCfg = Release|x64
		{00000000-0000-0000-0000-000000002787}.Release|x64.Build.0 = Release|x64
		{00000000-0000-0000-0000-000000003683}.Release|x64.ActiveCfg = Release|x64
		{00000000-0000-0000-0000-000000003683}.Release|x64.Build.0 = Release|x64
		{00000000-0000-0000-0000-000000052957}.Release|x64.ActiveCfg = Release|x64
		{00000000-0000-0000-0000-000000052957}.Release|x64.Build.0 = Release|x64
		{00000000-0000-0000-0000-000000008707}.Release|x64.ActiveCfg = Release|x64
		{00000000-0000-0000-0000-000000008707}.Release|x64.Build.0 = Release|x64
		{00000000-0000-0000-0000-000000012539}.Release|x64.ActiveCfg = Release|x64
		{00000000-0000-0000-0000-000000012539}.Release|x64.Build.0 = Release|x64
		{00000000-0000-0000-0000-000000054965}.Release|x64.ActiveCfg = Release|x64
		{00000000-0000-0000-0000-000000054965}.Release|x64.Build.0 = Release|x64
		{00000000-0000-0000-0000-000000025732}.Release|x64.ActiveCfg = Release|x64
		{00000000-0000-0000-0000-000000025732}.Release|x64.Build.0 = Release|x64
		{00000000-0000-0000-0000-000000056083}.Release|x64.ActiveCfg = Release|x64
		{00000000-0000-0000-0000-000000056083}.Release|x64.Build.0 = Release|x64
		{00000000-0000-0000-0000-000000057527}.Release|x64.ActiveCfg = Release|x64
		{00000000-0000-0000-0000-000000057527}.Release|x64.Build.0 = Release|x64
		{00000000-0000-0000-0000-000000010873}.Release|x64.ActiveCfg = Release|x64
		{00000000-0000-0000-0000-000000010873}.Release|x64.Build.0 = Release|x64
		{00000000-0000-0000-0000-000000041887}.Release|x64.ActiveCfg = Release|x64
		{00000000-0000-0000-0000-000000041887}.Release|x64.Build.0 = Release|x64
		{00000000-0000-0000-0000-000000005052}.Release|x64.ActiveCfg = Release|x64
		{00000000-0000-0000-0000-000000005052}.Release|x64.Build.0 = Release|x64
		{00000000-0000-0000-0000-000000017064}.Release|x64.ActiveCfg = Release|x64
		{00000000-0000-0000-0000-000000017064}.Release|x64.Build.0 = Release|x64
		{00000000-0000-0000-0000-000000063052}.Release|x64.ActiveCfg = Release|x64
		{00000000-0000-0000-0000-000000063052}.Release|x64.Build.0 = Release|x64
		{00000000-0000-0000-0000-000000003090}.Release|x64.ActiveCfg = Release|x64
		{00000000-0000-0000-0000-000000003090}.Release|x64.Build.0 = Release|x64
		{00000000-0000-0000-0000-000000027216}.Release|x64.ActiveCfg = Release|x64
		{00000000-0000-0000-0000-000000027216}.Release|x64.Build.0 = Release|x64
		{00000000-0000-0000-0000-000000051901}.Release|x64.ActiveCfg = Release|x64
		{00000000-0000-0000-0000-000000051901}.Release|x64.Build.0 = Release|x64
		{00000000-0000-0000-0000-000000040575}.Release|x64.ActiveCfg = Release|x64
		{00000000-0000-0000-0000-000000040575}.Release|x64.Build.0 = Release|x64
		{00000000-0000-0000-0000-000000033262}.Release|x64.ActiveCfg = Release|x64
		{00000000-0000-0000-0000-000000033262}.Release|x64.Build.0 = Release|x64
		{00000000-0000-0000-0000-000000029652}.Release|x64.ActiveCfg = Release|x64
		{00000000-0000-0000-0000-000000029652}.Release|x64.Build.0 = Release|x64
		{00000000-0000-0000-0000-000000007787}.Release|x64.ActiveCfg = Release|x64
		{00000000-0000-0000-0000-000000007787}.Release|x64.Build.0 = Release|x64
		{00000000-0000-0000-0000-000000010656}.Release|x64.ActiveCfg = Release|x64
		{00000000-0000-0000-0000-000000010656}.Release|x64.Build.0 = Release|x64
		{00000000-0000-0000-0000-000000065318}.Release|x64.ActiveCfg = Release|x64
		{00000000-0000-0000-0000-000000065318}.Release|x64.Build.0 = Release|x64
		{00000000-0000-0000-0000-000000004761}.Release|x64.ActiveCfg = Release|x64
		{00000000-0000-0000-0000-000000004761}.Release|x64.Build.0 = Release|x64
		{00000000-0000-0000-0000-000000036372}.Release|x64.ActiveCfg = Release|x64
		{00000000-0000-0000-0000-000000036372}.Release|x64.Build.0 = Release|x64
		{00000000-0000-0000-0000-000000055857}.Release|x64.ActiveCfg = Release|x64
		{00000000-0000-0000-0000-000000055857}.Release|x64.Build.0 = Release|x64
		{00000000-0000-0000-0000-000000055361}.Release|x64.ActiveCfg = Release|x64
		{00000000-0000-0000-0000-000000055361}.Release|x64.Build.0 = Release|x64
		{00000000-0000-0000-0000-000000052391}.Release|x64.ActiveCfg = Release|x64
		{00000000-0000-0000-0000-000000052391}.Release|x64.Build.0 = Release|x64
		{00000000-0000-0000-0000-000000044276}.Release|x64.ActiveCfg = Release|x64
		{00000000-0000-0000-0000-000000044276}.Release|x64.Build.0 = Release|x64
		{00000000-0000-0000-0000-000000004046}.Release|x64.ActiveCfg = Release|x64
		{00000000-0000-0000-0000-000000004046}.Release|x64.Build.0 = Release|x64
		{00000000-0000-0000-0000-000000014023}.Release|x64.ActiveCfg = Release|x64
		{00000000-0000-0000-0000-000000014023}.Release|x64.Build.0 = Release|x64
		{00000000-0000-0000-0000-000000048000}.Release|x64.ActiveCfg = Release|x64
		{00000000-0000-0000-0000-000000048000}.Release|x64.Build.0 = Release|x64
		{00000000-0000-0000-0000-000000016378}.Release|x64.ActiveCfg = Release|x64
		{00000000-0000-0000-0000-000000016378}.Release|x64.Build.0 = Release|x64
		{00000000-0000-0000-0000-000000001134}.Release|x64.ActiveCfg = Release|x64
		{00000000-0000-0000-0000-000000001134}.Release|x64.Build.0 = Release|x64
		{00000000-0000-0000-0000-000000047052}.Release|x64.ActiveCfg = Release|x64
		{00000000-0000-0000-0000-000000047052}.Release|x64.Build.0 = Release|x64
		{00000000-0000-0000-0000-000000025120}.Release|x64.ActiveCfg = Release|x64
		{00000000-0000-0000-0000-000000025120}.Release|x64.Build.0 = Release|x64
		{00000000-0000-0000-0000-000000058614}.Release|x64.ActiveCfg = Release|x64
		{00000000-0000-0000-0000-000000058614}.Release|x64.Build.0 = Release|x64
	EndGlobalSection
	GlobalSection(SolutionProperties) = preSolution
		HideSolutionNode = FALSE
	EndGlobalSection
EndGlobal
