Microsoft Visual Studio Solution File, Format Version 11.00
# Visual Studio 2010
Project("{FAE04EC0-301F-11D3-BF4B-00C04F79EFBC}") = "PlantLocation", "PlantLocation.csproj", "{00000000-0000-0000-0000-000000041887}"
EndProject
Project("{FAE04EC0-301F-11D3-BF4B-00C04F79EFBC}") = "SchedCumul", "SchedCumul.csproj", "{00000000-0000-0000-0000-000000016527}"
EndProject
Project("{FAE04EC0-301F-11D3-BF4B-00C04F79EFBC}") = "SchedFlowShop", "SchedFlowShop.csproj", "{00000000-0000-0000-0000-000000007353}"
EndProject
Project("{FAE04EC0-301F-11D3-BF4B-00C04F79EFBC}") = "SchedOptional", "SchedOptional.csproj", "{00000000-0000-0000-0000-000000036049}"
EndProject
Project("{FAE04EC0-301F-11D3-BF4B-00C04F79EFBC}") = "SchedOpenShop", "SchedOpenShop.csproj", "{00000000-0000-0000-0000-000000004303}"
EndProject
Project("{FAE04EC0-301F-11D3-BF4B-00C04F79EFBC}") = "SchedIntro", "SchedIntro.csproj", "{00000000-0000-0000-0000-000000004636}"
EndProject
Project("{FAE04EC0-301F-11D3-BF4B-00C04F79EFBC}") = "SchedRCPSP", "SchedRCPSP.csproj", "{00000000-0000-0000-0000-000000037892}"
EndProject
Project("{FAE04EC0-301F-11D3-BF4B-00C04F79EFBC}") = "SchedJobShop", "SchedJobShop.csproj", "{00000000-0000-0000-0000-000000000664}"
EndProject
Project("{FAE04EC0-301F-11D3-BF4B-00C04F79EFBC}") = "Facility", "Facility.csproj", "{00000000-0000-0000-0000-000000057177}"
EndProject
Project("{FAE04EC0-301F-11D3-BF4B-00C04F79EFBC}") = "SchedSetup", "SchedSetup.csproj", "{00000000-0000-0000-0000-000000019833}"
EndProject
Project("{FAE04EC0-301F-11D3-BF4B-00C04F79EFBC}") = "SchedState", "SchedState.csproj", "{00000000-0000-0000-0000-000000029461}"
EndProject
Project("{FAE04EC0-301F-11D3-BF4B-00C04F79EFBC}") = "SchedCalendar", "SchedCalendar.csproj", "{00000000-0000-0000-0000-000000017129}"
EndProject
Project("{FAE04EC0-301F-11D3-BF4B-00C04F79EFBC}") = "SchedStochasticJobShop", "SchedStochasticJobShop.csproj", "{00000000-0000-0000-0000-000000036931}"
EndProject
Project("{FAE04EC0-301F-11D3-BF4B-00C04F79EFBC}") = "Color", "Color.csproj", "{00000000-0000-0000-0000-000000014023}"
EndProject
Project("{FAE04EC0-301F-11D3-BF4B-00C04F79EFBC}") = "SchedTCost", "SchedTCost.csproj", "{00000000-0000-0000-0000-000000037556}"
EndProject
Project("{FAE04EC0-301F-11D3-BF4B-00C04F79EFBC}") = "Ppp", "Ppp.csproj", "{00000000-0000-0000-0000-000000047843}"
EndProject
Project("{FAE04EC0-301F-11D3-BF4B-00C04F79EFBC}") = "SchedSequence", "SchedSequence.csproj", "{00000000-0000-0000-0000-000000016548}"
EndProject
Project("{FAE04EC0-301F-11D3-BF4B-00C04F79EFBC}") = "SchedTime", "SchedTime.csproj", "{00000000-0000-0000-0000-000000055145}"
EndProject
Project("{FAE04EC0-301F-11D3-BF4B-00C04F79EFBC}") = "SchedJobShopFlex", "SchedJobShopFlex.csproj", "{00000000-0000-0000-0000-000000041751}"
EndProject
Project("{FAE04EC0-301F-11D3-BF4B-00C04F79EFBC}") = "Sports", "Sports.csproj", "{00000000-0000-0000-0000-000000003683}"
EndProject
Project("{FAE04EC0-301F-11D3-BF4B-00C04F79EFBC}") = "Steelmill", "Steelmill.csproj", "{00000000-0000-0000-0000-000000031228}"
EndProject
Project("{FAE04EC0-301F-11D3-BF4B-00C04F79EFBC}") = "Talent", "Talent.csproj", "{00000000-0000-0000-0000-000000047052}"
EndProject
Project("{FAE04EC0-301F-11D3-BF4B-00C04F79EFBC}") = "SportsStrong", "SportsStrong.csproj", "{00000000-0000-0000-0000-000000023866}"
EndProject
Project("{FAE04EC0-301F-11D3-BF4B-00C04F79EFBC}") = "Truckfleet", "Truckfleet.csproj", "{00000000-0000-0000-0000-000000053534}"
EndProject
Project("{FAE04EC0-301F-11D3-BF4B-00C04F79EFBC}") = "CPOFileFormat", "CPOFileFormat.csproj", "{00000000-0000-0000-0000-000000017064}"
EndProject
Project("{FAE04EC0-301F-11D3-BF4B-00C04F79EFBC}") = "SchedLearningEffect", "SchedLearningEffect.csproj", "{00000000-0000-0000-0000-000000012342}"
EndProject
Project("{FAE04EC0-301F-11D3-BF4B-00C04F79EFBC}") = "FacilityExplanations", "FacilityExplanations.csproj", "{00000000-0000-0000-0000-000000053429}"
EndProject
Project("{FAE04EC0-301F-11D3-BF4B-00C04F79EFBC}") = "SchedGoalProg", "SchedGoalProg.csproj", "{00000000-0000-0000-0000-000000003424}"
EndProject
Project("{FAE04EC0-301F-11D3-BF4B-00C04F79EFBC}") = "SchedPFlowShop", "SchedPFlowShop.csproj", "{00000000-0000-0000-0000-000000001601}"
EndProject
Project("{FAE04EC0-301F-11D3-BF4B-00C04F79EFBC}") = "Alloc", "Alloc.csproj", "{00000000-0000-0000-0000-000000054965}"
EndProject
Project("{FAE04EC0-301F-11D3-BF4B-00C04F79EFBC}") = "SchedRCPSPMM", "SchedRCPSPMM.csproj", "{00000000-0000-0000-0000-000000036154}"
EndProject
Project("{FAE04EC0-301F-11D3-BF4B-00C04F79EFBC}") = "SchedSquare", "SchedSquare.csproj", "{00000000-0000-0000-0000-000000016774}"
EndProject
Project("{FAE04EC0-301F-11D3-BF4B-00C04F79EFBC}") = "Teambuilding", "Teambuilding.csproj", "{00000000-0000-0000-0000-000000025732}"
EndProject
Project("{FAE04EC0-301F-11D3-BF4B-00C04F79EFBC}") = "SchedConflict", "SchedConflict.csproj", "{00000000-0000-0000-0000-000000050817}"
EndProject
Global
	GlobalSection(SolutionConfigurationPlatforms) = preSolution
			Debug|x64 = Debug|x64
		Release|x64 = Release|x64
	EndGlobalSection
	GlobalSection(ProjectConfigurationPlatforms) = postSolution
		{00000000-0000-0000-0000-000000041887}.Debug|x64.ActiveCfg = Debug|x64
		{00000000-0000-0000-0000-000000041887}.Debug|x64.Build.0 = Debug|x64
		{00000000-0000-0000-0000-000000041887}.Release|x64.ActiveCfg = Release|x64
		{00000000-0000-0000-0000-000000041887}.Release|x64.Build.0 = Release|x64
		{00000000-0000-0000-0000-000000016527}.Debug|x64.ActiveCfg = Debug|x64
		{00000000-0000-0000-0000-000000016527}.Debug|x64.Build.0 = Debug|x64
		{00000000-0000-0000-0000-000000016527}.Release|x64.ActiveCfg = Release|x64
		{00000000-0000-0000-0000-000000016527}.Release|x64.Build.0 = Release|x64
		{00000000-0000-0000-0000-000000007353}.Debug|x64.ActiveCfg = Debug|x64
		{00000000-0000-0000-0000-000000007353}.Debug|x64.Build.0 = Debug|x64
		{00000000-0000-0000-0000-000000007353}.Release|x64.ActiveCfg = Release|x64
		{00000000-0000-0000-0000-000000007353}.Release|x64.Build.0 = Release|x64
		{00000000-0000-0000-0000-000000036049}.Debug|x64.ActiveCfg = Debug|x64
		{00000000-0000-0000-0000-000000036049}.Debug|x64.Build.0 = Debug|x64
		{00000000-0000-0000-0000-000000036049}.Release|x64.ActiveCfg = Release|x64
		{00000000-0000-0000-0000-000000036049}.Release|x64.Build.0 = Release|x64
		{00000000-0000-0000-0000-000000004303}.Debug|x64.ActiveCfg = Debug|x64
		{00000000-0000-0000-0000-000000004303}.Debug|x64.Build.0 = Debug|x64
		{00000000-0000-0000-0000-000000004303}.Release|x64.ActiveCfg = Release|x64
		{00000000-0000-0000-0000-000000004303}.Release|x64.Build.0 = Release|x64
		{00000000-0000-0000-0000-000000004636}.Debug|x64.ActiveCfg = Debug|x64
		{00000000-0000-0000-0000-000000004636}.Debug|x64.Build.0 = Debug|x64
		{00000000-0000-0000-0000-000000004636}.Release|x64.ActiveCfg = Release|x64
		{00000000-0000-0000-0000-000000004636}.Release|x64.Build.0 = Release|x64
		{00000000-0000-0000-0000-000000037892}.Debug|x64.ActiveCfg = Debug|x64
		{00000000-0000-0000-0000-000000037892}.Debug|x64.Build.0 = Debug|x64
		{00000000-0000-0000-0000-000000037892}.Release|x64.ActiveCfg = Release|x64
		{00000000-0000-0000-0000-000000037892}.Release|x64.Build.0 = Release|x64
		{00000000-0000-0000-0000-000000000664}.Debug|x64.ActiveCfg = Debug|x64
		{00000000-0000-0000-0000-000000000664}.Debug|x64.Build.0 = Debug|x64
		{00000000-0000-0000-0000-000000000664}.Release|x64.ActiveCfg = Release|x64
		{00000000-0000-0000-0000-000000000664}.Release|x64.Build.0 = Release|x64
		{00000000-0000-0000-0000-000000057177}.Debug|x64.ActiveCfg = Debug|x64
		{00000000-0000-0000-0000-000000057177}.Debug|x64.Build.0 = Debug|x64
		{00000000-0000-0000-0000-000000057177}.Release|x64.ActiveCfg = Release|x64
		{00000000-0000-0000-0000-000000057177}.Release|x64.Build.0 = Release|x64
		{00000000-0000-0000-0000-000000019833}.Debug|x64.ActiveCfg = Debug|x64
		{00000000-0000-0000-0000-000000019833}.Debug|x64.Build.0 = Debug|x64
		{00000000-0000-0000-0000-000000019833}.Release|x64.ActiveCfg = Release|x64
		{00000000-0000-0000-0000-000000019833}.Release|x64.Build.0 = Release|x64
		{00000000-0000-0000-0000-000000029461}.Debug|x64.ActiveCfg = Debug|x64
		{00000000-0000-0000-0000-000000029461}.Debug|x64.Build.0 = Debug|x64
		{00000000-0000-0000-0000-000000029461}.Release|x64.ActiveCfg = Release|x64
		{00000000-0000-0000-0000-000000029461}.Release|x64.Build.0 = Release|x64
		{00000000-0000-0000-0000-000000017129}.Debug|x64.ActiveCfg = Debug|x64
		{00000000-0000-0000-0000-000000017129}.Debug|x64.Build.0 = Debug|x64
		{00000000-0000-0000-0000-000000017129}.Release|x64.ActiveCfg = Release|x64
		{00000000-0000-0000-0000-000000017129}.Release|x64.Build.0 = Release|x64
		{00000000-0000-0000-0000-000000036931}.Debug|x64.ActiveCfg = Debug|x64
		{00000000-0000-0000-0000-000000036931}.Debug|x64.Build.0 = Debug|x64
		{00000000-0000-0000-0000-000000036931}.Release|x64.ActiveCfg = Release|x64
		{00000000-0000-0000-0000-000000036931}.Release|x64.Build.0 = Release|x64
		{00000000-0000-0000-0000-000000014023}.Debug|x64.ActiveCfg = Debug|x64
		{00000000-0000-0000-0000-000000014023}.Debug|x64.Build.0 = Debug|x64
		{00000000-0000-0000-0000-000000014023}.Release|x64.ActiveCfg = Release|x64
		{00000000-0000-0000-0000-000000014023}.Release|x64.Build.0 = Release|x64
		{00000000-0000-0000-0000-000000037556}.Debug|x64.ActiveCfg = Debug|x64
		{00000000-0000-0000-0000-000000037556}.Debug|x64.Build.0 = Debug|x64
		{00000000-0000-0000-0000-000000037556}.Release|x64.ActiveCfg = Release|x64
		{00000000-0000-0000-0000-000000037556}.Release|x64.Build.0 = Release|x64
		{00000000-0000-0000-0000-000000047843}.Debug|x64.ActiveCfg = Debug|x64
		{00000000-0000-0000-0000-000000047843}.Debug|x64.Build.0 = Debug|x64
		{00000000-0000-0000-0000-000000047843}.Release|x64.ActiveCfg = Release|x64
		{00000000-0000-0000-0000-000000047843}.Release|x64.Build.0 = Release|x64
		{00000000-0000-0000-0000-000000016548}.Debug|x64.ActiveCfg = Debug|x64
		{00000000-0000-0000-0000-000000016548}.Debug|x64.Build.0 = Debug|x64
		{00000000-0000-0000-0000-000000016548}.Release|x64.ActiveCfg = Release|x64
		{00000000-0000-0000-0000-000000016548}.Release|x64.Build.0 = Release|x64
		{00000000-0000-0000-0000-000000055145}.Debug|x64.ActiveCfg = Debug|x64
		{00000000-0000-0000-0000-000000055145}.Debug|x64.Build.0 = Debug|x64
		{00000000-0000-0000-0000-000000055145}.Release|x64.ActiveCfg = Release|x64
		{00000000-0000-0000-0000-000000055145}.Release|x64.Build.0 = Release|x64
		{00000000-0000-0000-0000-000000041751}.Debug|x64.ActiveCfg = Debug|x64
		{00000000-0000-0000-0000-000000041751}.Debug|x64.Build.0 = Debug|x64
		{00000000-0000-0000-0000-000000041751}.Release|x64.ActiveCfg = Release|x64
		{00000000-0000-0000-0000-000000041751}.Release|x64.Build.0 = Release|x64
		{00000000-0000-0000-0000-000000003683}.Debug|x64.ActiveCfg = Debug|x64
		{00000000-0000-0000-0000-000000003683}.Debug|x64.Build.0 = Debug|x64
		{00000000-0000-0000-0000-000000003683}.Release|x64.ActiveCfg = Release|x64
		{00000000-0000-0000-0000-000000003683}.Release|x64.Build.0 = Release|x64
		{00000000-0000-0000-0000-000000031228}.Debug|x64.ActiveCfg = Debug|x64
		{00000000-0000-0000-0000-000000031228}.Debug|x64.Build.0 = Debug|x64
		{00000000-0000-0000-0000-000000031228}.Release|x64.ActiveCfg = Release|x64
		{00000000-0000-0000-0000-000000031228}.Release|x64.Build.0 = Release|x64
		{00000000-0000-0000-0000-000000047052}.Debug|x64.ActiveCfg = Debug|x64
		{00000000-0000-0000-0000-000000047052}.Debug|x64.Build.0 = Debug|x64
		{00000000-0000-0000-0000-000000047052}.Release|x64.ActiveCfg = Release|x64
		{00000000-0000-0000-0000-000000047052}.Release|x64.Build.0 = Release|x64
		{00000000-0000-0000-0000-000000023866}.Debug|x64.ActiveCfg = Debug|x64
		{00000000-0000-0000-0000-000000023866}.Debug|x64.Build.0 = Debug|x64
		{00000000-0000-0000-0000-000000023866}.Release|x64.ActiveCfg = Release|x64
		{00000000-0000-0000-0000-000000023866}.Release|x64.Build.0 = Release|x64
		{00000000-0000-0000-0000-000000053534}.Debug|x64.ActiveCfg = Debug|x64
		{00000000-0000-0000-0000-000000053534}.Debug|x64.Build.0 = Debug|x64
		{00000000-0000-0000-0000-000000053534}.Release|x64.ActiveCfg = Release|x64
		{00000000-0000-0000-0000-000000053534}.Release|x64.Build.0 = Release|x64
		{00000000-0000-0000-0000-000000017064}.Debug|x64.ActiveCfg = Debug|x64
		{00000000-0000-0000-0000-000000017064}.Debug|x64.Build.0 = Debug|x64
		{00000000-0000-0000-0000-000000017064}.Release|x64.ActiveCfg = Release|x64
		{00000000-0000-0000-0000-000000017064}.Release|x64.Build.0 = Release|x64
		{00000000-0000-0000-0000-000000012342}.Debug|x64.ActiveCfg = Debug|x64
		{00000000-0000-0000-0000-000000012342}.Debug|x64.Build.0 = Debug|x64
		{00000000-0000-0000-0000-000000012342}.Release|x64.ActiveCfg = Release|x64
		{00000000-0000-0000-0000-000000012342}.Release|x64.Build.0 = Release|x64
		{00000000-0000-0000-0000-000000053429}.Debug|x64.ActiveCfg = Debug|x64
		{00000000-0000-0000-0000-000000053429}.Debug|x64.Build.0 = Debug|x64
		{00000000-0000-0000-0000-000000053429}.Release|x64.ActiveCfg = Release|x64
		{00000000-0000-0000-0000-000000053429}.Release|x64.Build.0 = Release|x64
		{00000000-0000-0000-0000-000000003424}.Debug|x64.ActiveCfg = Debug|x64
		{00000000-0000-0000-0000-000000003424}.Debug|x64.Build.0 = Debug|x64
		{00000000-0000-0000-0000-000000003424}.Release|x64.ActiveCfg = Release|x64
		{00000000-0000-0000-0000-000000003424}.Release|x64.Build.0 = Release|x64
		{00000000-0000-0000-0000-000000001601}.Debug|x64.ActiveCfg = Debug|x64
		{00000000-0000-0000-0000-000000001601}.Debug|x64.Build.0 = Debug|x64
		{00000000-0000-0000-0000-000000001601}.Release|x64.ActiveCfg = Release|x64
		{00000000-0000-0000-0000-000000001601}.Release|x64.Build.0 = Release|x64
		{00000000-0000-0000-0000-000000054965}.Debug|x64.ActiveCfg = Debug|x64
		{00000000-0000-0000-0000-000000054965}.Debug|x64.Build.0 = Debug|x64
		{00000000-0000-0000-0000-000000054965}.Release|x64.ActiveCfg = Release|x64
		{00000000-0000-0000-0000-000000054965}.Release|x64.Build.0 = Release|x64
		{00000000-0000-0000-0000-000000036154}.Debug|x64.ActiveCfg = Debug|x64
		{00000000-0000-0000-0000-000000036154}.Debug|x64.Build.0 = Debug|x64
		{00000000-0000-0000-0000-000000036154}.Release|x64.ActiveCfg = Release|x64
		{00000000-0000-0000-0000-000000036154}.Release|x64.Build.0 = Release|x64
		{00000000-0000-0000-0000-000000016774}.Debug|x64.ActiveCfg = Debug|x64
		{00000000-0000-0000-0000-000000016774}.Debug|x64.Build.0 = Debug|x64
		{00000000-0000-0000-0000-000000016774}.Release|x64.ActiveCfg = Release|x64
		{00000000-0000-0000-0000-000000016774}.Release|x64.Build.0 = Release|x64
		{00000000-0000-0000-0000-000000025732}.Debug|x64.ActiveCfg = Debug|x64
		{00000000-0000-0000-0000-000000025732}.Debug|x64.Build.0 = Debug|x64
		{00000000-0000-0000-0000-000000025732}.Release|x64.ActiveCfg = Release|x64
		{00000000-0000-0000-0000-000000025732}.Release|x64.Build.0 = Release|x64
		{00000000-0000-0000-0000-000000050817}.Debug|x64.ActiveCfg = Debug|x64
		{00000000-0000-0000-0000-000000050817}.Debug|x64.Build.0 = Debug|x64
		{00000000-0000-0000-0000-000000050817}.Release|x64.ActiveCfg = Release|x64
		{00000000-0000-0000-0000-000000050817}.Release|x64.Build.0 = Release|x64
	EndGlobalSection
	GlobalSection(SolutionProperties) = preSolution
		HideSolutionNode = FALSE
	EndGlobalSection
EndGlobal
